
Microsoft Visual Studio Solution File, Format Version 12.00
# Visual Studio 15
VisualStudioVersion = 15.0.26730.15
MinimumVisualStudioVersion = 10.0.40219.1
Project("{9A19103F-16F7-4668-BE54-9A1E7A4F7556}") = "Gala.Data", "Gala.Data\_NETStandard\Gala.Data.csproj", "{07CE2A22-D0C9-472A-AEDB-A80762CEF39E}"
EndProject
Project("{9A19103F-16F7-4668-BE54-9A1E7A4F7556}") = "Gala.Dolly.Test", "Gala.Dolly.Test\_NETCoreApp2.1\Gala.Dolly.Test.csproj", "{0EA9FBE8-2640-49F3-AD58-54B2565E96BC}"
EndProject
Project("{2150E333-8FDC-42A3-9474-1A3956D46DE8}") = ".nuget", ".nuget", "{0CBCB7D3-6554-4CA2-A109-BDE87E51006B}"
	ProjectSection(SolutionItems) = preProject
		.nuget\NuGet.Config = .nuget\NuGet.Config
		.nuget\NuGet.exe = .nuget\NuGet.exe
		.nuget\NuGet.targets = .nuget\NuGet.targets
	EndProjectSection
EndProject
Project("{FAE04EC0-301F-11D3-BF4B-00C04F79EFBC}") = "Galahad.Robotics", "Galahad.Robotics\Galahad.Robotics.csproj", "{B8A04893-2AA4-4387-BEE1-80F2BF5DDEC3}"
EndProject
Project("{2150E333-8FDC-42A3-9474-1A3956D46DE8}") = "Galatea", "Galatea", "{7D499A56-AA6C-4C36-AB6A-61FFAC167A08}"
EndProject
Project("{FAE04EC0-301F-11D3-BF4B-00C04F79EFBC}") = "Galahad", "Galahad\Galahad.csproj", "{B66E29B7-CFB6-4628-9EF5-C17F58FD7628}"
EndProject
Project("{2150E333-8FDC-42A3-9474-1A3956D46DE8}") = "_Library", "_Library", "{211FDF67-A839-4127-9FB8-D18A1764C950}"
EndProject
Project("{9A19103F-16F7-4668-BE54-9A1E7A4F7556}") = "AIMLBot", "..\Library\ChatBots\AIMLBot\_NETStandard\AIMLBot.csproj", "{80E74917-5C0D-489D-94AE-CA671863AF73}"
EndProject
Project("{9A19103F-16F7-4668-BE54-9A1E7A4F7556}") = "Galatea.Globalization", "Galatea.Globalization\_NETStandard\Galatea.Globalization.csproj", "{BEFA8A69-280B-4216-BA4D-412711C3EB9A}"
EndProject
Project("{9A19103F-16F7-4668-BE54-9A1E7A4F7556}") = "Galatea.Core", "Galatea\_NETStandard\Galatea.Core.csproj", "{EA2B3B64-EF42-4E8F-B47A-1BB76969A415}"
EndProject
Project("{9A19103F-16F7-4668-BE54-9A1E7A4F7556}") = "Galatea.Runtime", "Galatea.Runtime\_NETStandard\Galatea.Runtime.csproj", "{3F4664F6-4E0E-4C2A-9B22-AE31E468D378}"
EndProject
Project("{9A19103F-16F7-4668-BE54-9A1E7A4F7556}") = "Galatea.AI.Imaging", "Galatea.AI.Imaging\_NETStandard\Galatea.AI.Imaging.csproj", "{C63C99AD-93BF-4A15-BA4E-511D5DCF559B}"
EndProject
Project("{9A19103F-16F7-4668-BE54-9A1E7A4F7556}") = "Galatea.AI.Abstract", "Galatea.AI.Abstract\_NETStandard\Galatea.AI.Abstract.csproj", "{356F1914-4F7F-44D8-8825-63BA82196446}"
EndProject
Project("{9A19103F-16F7-4668-BE54-9A1E7A4F7556}") = "Galatea.AI", "Galatea.AI\_NETStandard\Galatea.AI.csproj", "{337F9DCC-28A2-4594-B3A5-5D2AC759CCD2}"
EndProject
Project("{FAE04EC0-301F-11D3-BF4B-00C04F79EFBC}") = "Galahad.Base", "Galahad.Base\Galahad.Base.csproj", "{1A7D25F4-715B-472B-9C12-A0FCB2E51550}"
EndProject
Project("{FAE04EC0-301F-11D3-BF4B-00C04F79EFBC}") = "Galahad.Client", "Galahad.Client\Galahad.Client.csproj", "{DCD72E78-42C4-4E06-AFB1-3E4C956975B9}"
EndProject
Project("{2150E333-8FDC-42A3-9474-1A3956D46DE8}") = "Tests", "Tests", "{811C3035-76F1-4020-9C54-900614A1100C}"
EndProject
Global
	GlobalSection(SolutionConfigurationPlatforms) = preSolution
		Analysis|ARM = Analysis|ARM
		Analysis|x86 = Analysis|x86
		Debug Client|ARM = Debug Client|ARM
		Debug Client|x86 = Debug Client|x86
		Debug|ARM = Debug|ARM
		Debug|x86 = Debug|x86
		Release|ARM = Release|ARM
		Release|x86 = Release|x86
		Test|ARM = Test|ARM
		Test|x86 = Test|x86
	EndGlobalSection
	GlobalSection(ProjectConfigurationPlatforms) = postSolution
		{07CE2A22-D0C9-472A-AEDB-A80762CEF39E}.Analysis|ARM.ActiveCfg = Analysis|Any CPU
		{07CE2A22-D0C9-472A-AEDB-A80762CEF39E}.Analysis|ARM.Build.0 = Analysis|Any CPU
		{07CE2A22-D0C9-472A-AEDB-A80762CEF39E}.Analysis|x86.ActiveCfg = Analysis|Any CPU
		{07CE2A22-D0C9-472A-AEDB-A80762CEF39E}.Analysis|x86.Build.0 = Analysis|Any CPU
		{07CE2A22-D0C9-472A-AEDB-A80762CEF39E}.Debug Client|ARM.ActiveCfg = Debug|Any CPU
		{07CE2A22-D0C9-472A-AEDB-A80762CEF39E}.Debug Client|ARM.Build.0 = Debug|Any CPU
		{07CE2A22-D0C9-472A-AEDB-A80762CEF39E}.Debug Client|x86.ActiveCfg = Debug|Any CPU
		{07CE2A22-D0C9-472A-AEDB-A80762CEF39E}.Debug Client|x86.Build.0 = Debug|Any CPU
		{07CE2A22-D0C9-472A-AEDB-A80762CEF39E}.Debug|ARM.ActiveCfg = Debug|Any CPU
		{07CE2A22-D0C9-472A-AEDB-A80762CEF39E}.Debug|ARM.Build.0 = Debug|Any CPU
		{07CE2A22-D0C9-472A-AEDB-A80762CEF39E}.Debug|x86.ActiveCfg = Debug|Any CPU
		{07CE2A22-D0C9-472A-AEDB-A80762CEF39E}.Debug|x86.Build.0 = Debug|Any CPU
		{07CE2A22-D0C9-472A-AEDB-A80762CEF39E}.Release|ARM.ActiveCfg = Release|Any CPU
		{07CE2A22-D0C9-472A-AEDB-A80762CEF39E}.Release|ARM.Build.0 = Release|Any CPU
		{07CE2A22-D0C9-472A-AEDB-A80762CEF39E}.Release|x86.ActiveCfg = Release|Any CPU
		{07CE2A22-D0C9-472A-AEDB-A80762CEF39E}.Release|x86.Build.0 = Release|Any CPU
		{07CE2A22-D0C9-472A-AEDB-A80762CEF39E}.Test|ARM.ActiveCfg = Debug|Any CPU
		{07CE2A22-D0C9-472A-AEDB-A80762CEF39E}.Test|ARM.Build.0 = Debug|Any CPU
		{07CE2A22-D0C9-472A-AEDB-A80762CEF39E}.Test|x86.ActiveCfg = Debug|Any CPU
		{07CE2A22-D0C9-472A-AEDB-A80762CEF39E}.Test|x86.Build.0 = Debug|Any CPU
		{0EA9FBE8-2640-49F3-AD58-54B2565E96BC}.Analysis|ARM.ActiveCfg = Test|Any CPU
		{0EA9FBE8-2640-49F3-AD58-54B2565E96BC}.Analysis|ARM.Build.0 = Test|Any CPU
		{0EA9FBE8-2640-49F3-AD58-54B2565E96BC}.Analysis|x86.ActiveCfg = Test|Any CPU
		{0EA9FBE8-2640-49F3-AD58-54B2565E96BC}.Analysis|x86.Build.0 = Test|Any CPU
		{0EA9FBE8-2640-49F3-AD58-54B2565E96BC}.Debug Client|ARM.ActiveCfg = Test|Any CPU
		{0EA9FBE8-2640-49F3-AD58-54B2565E96BC}.Debug Client|ARM.Build.0 = Test|Any CPU
		{0EA9FBE8-2640-49F3-AD58-54B2565E96BC}.Debug Client|x86.ActiveCfg = Test|Any CPU
		{0EA9FBE8-2640-49F3-AD58-54B2565E96BC}.Debug Client|x86.Build.0 = Test|Any CPU
		{0EA9FBE8-2640-49F3-AD58-54B2565E96BC}.Debug|ARM.ActiveCfg = Test|Any CPU
		{0EA9FBE8-2640-49F3-AD58-54B2565E96BC}.Debug|ARM.Build.0 = Test|Any CPU
		{0EA9FBE8-2640-49F3-AD58-54B2565E96BC}.Debug|x86.ActiveCfg = Test|Any CPU
		{0EA9FBE8-2640-49F3-AD58-54B2565E96BC}.Release|ARM.ActiveCfg = Test|Any CPU
		{0EA9FBE8-2640-49F3-AD58-54B2565E96BC}.Release|ARM.Build.0 = Test|Any CPU
		{0EA9FBE8-2640-49F3-AD58-54B2565E96BC}.Release|x86.ActiveCfg = Test|Any CPU
		{0EA9FBE8-2640-49F3-AD58-54B2565E96BC}.Release|x86.Build.0 = Test|Any CPU
		{0EA9FBE8-2640-49F3-AD58-54B2565E96BC}.Test|ARM.ActiveCfg = Test|Any CPU
		{0EA9FBE8-2640-49F3-AD58-54B2565E96BC}.Test|ARM.Build.0 = Test|Any CPU
		{0EA9FBE8-2640-49F3-AD58-54B2565E96BC}.Test|x86.ActiveCfg = Test|Any CPU
		{0EA9FBE8-2640-49F3-AD58-54B2565E96BC}.Test|x86.Build.0 = Test|Any CPU
		{B8A04893-2AA4-4387-BEE1-80F2BF5DDEC3}.Analysis|ARM.ActiveCfg = Analysis|ARM
		{B8A04893-2AA4-4387-BEE1-80F2BF5DDEC3}.Analysis|ARM.Build.0 = Analysis|ARM
		{B8A04893-2AA4-4387-BEE1-80F2BF5DDEC3}.Analysis|x86.ActiveCfg = Analysis|x86
		{B8A04893-2AA4-4387-BEE1-80F2BF5DDEC3}.Analysis|x86.Build.0 = Analysis|x86
		{B8A04893-2AA4-4387-BEE1-80F2BF5DDEC3}.Debug Client|ARM.ActiveCfg = Debug|ARM
		{B8A04893-2AA4-4387-BEE1-80F2BF5DDEC3}.Debug Client|ARM.Build.0 = Debug|ARM
		{B8A04893-2AA4-4387-BEE1-80F2BF5DDEC3}.Debug Client|x86.ActiveCfg = Debug|x86
		{B8A04893-2AA4-4387-BEE1-80F2BF5DDEC3}.Debug Client|x86.Build.0 = Debug|x86
		{B8A04893-2AA4-4387-BEE1-80F2BF5DDEC3}.Debug|ARM.ActiveCfg = Debug|ARM
		{B8A04893-2AA4-4387-BEE1-80F2BF5DDEC3}.Debug|ARM.Build.0 = Debug|ARM
		{B8A04893-2AA4-4387-BEE1-80F2BF5DDEC3}.Debug|x86.ActiveCfg = Debug|x86
		{B8A04893-2AA4-4387-BEE1-80F2BF5DDEC3}.Debug|x86.Build.0 = Debug|x86
		{B8A04893-2AA4-4387-BEE1-80F2BF5DDEC3}.Release|ARM.ActiveCfg = Release|ARM
		{B8A04893-2AA4-4387-BEE1-80F2BF5DDEC3}.Release|ARM.Build.0 = Release|ARM
		{B8A04893-2AA4-4387-BEE1-80F2BF5DDEC3}.Release|x86.ActiveCfg = Release|x86
		{B8A04893-2AA4-4387-BEE1-80F2BF5DDEC3}.Release|x86.Build.0 = Release|x86
		{B8A04893-2AA4-4387-BEE1-80F2BF5DDEC3}.Test|ARM.ActiveCfg = Analysis|ARM
		{B8A04893-2AA4-4387-BEE1-80F2BF5DDEC3}.Test|ARM.Build.0 = Analysis|ARM
		{B8A04893-2AA4-4387-BEE1-80F2BF5DDEC3}.Test|x86.ActiveCfg = Analysis|x86
		{B8A04893-2AA4-4387-BEE1-80F2BF5DDEC3}.Test|x86.Build.0 = Analysis|x86
		{B66E29B7-CFB6-4628-9EF5-C17F58FD7628}.Analysis|ARM.ActiveCfg = Release|ARM
		{B66E29B7-CFB6-4628-9EF5-C17F58FD7628}.Analysis|ARM.Build.0 = Release|ARM
		{B66E29B7-CFB6-4628-9EF5-C17F58FD7628}.Analysis|x86.ActiveCfg = Debug|x86
		{B66E29B7-CFB6-4628-9EF5-C17F58FD7628}.Debug Client|ARM.ActiveCfg = Debug|ARM
		{B66E29B7-CFB6-4628-9EF5-C17F58FD7628}.Debug Client|ARM.Build.0 = Debug|ARM
		{B66E29B7-CFB6-4628-9EF5-C17F58FD7628}.Debug Client|ARM.Deploy.0 = Debug|ARM
		{B66E29B7-CFB6-4628-9EF5-C17F58FD7628}.Debug Client|x86.ActiveCfg = Debug|x86
		{B66E29B7-CFB6-4628-9EF5-C17F58FD7628}.Debug|ARM.ActiveCfg = Debug|ARM
		{B66E29B7-CFB6-4628-9EF5-C17F58FD7628}.Debug|ARM.Build.0 = Debug|ARM
		{B66E29B7-CFB6-4628-9EF5-C17F58FD7628}.Debug|ARM.Deploy.0 = Debug|ARM
		{B66E29B7-CFB6-4628-9EF5-C17F58FD7628}.Debug|x86.ActiveCfg = Debug|x86
		{B66E29B7-CFB6-4628-9EF5-C17F58FD7628}.Debug|x86.Build.0 = Debug|x86
		{B66E29B7-CFB6-4628-9EF5-C17F58FD7628}.Debug|x86.Deploy.0 = Debug|x86
		{B66E29B7-CFB6-4628-9EF5-C17F58FD7628}.Release|ARM.ActiveCfg = Release|ARM
		{B66E29B7-CFB6-4628-9EF5-C17F58FD7628}.Release|ARM.Build.0 = Release|ARM
		{B66E29B7-CFB6-4628-9EF5-C17F58FD7628}.Release|ARM.Deploy.0 = Release|ARM
		{B66E29B7-CFB6-4628-9EF5-C17F58FD7628}.Release|x86.ActiveCfg = Release|x86
		{B66E29B7-CFB6-4628-9EF5-C17F58FD7628}.Release|x86.Build.0 = Release|x86
		{B66E29B7-CFB6-4628-9EF5-C17F58FD7628}.Release|x86.Deploy.0 = Release|x86
		{B66E29B7-CFB6-4628-9EF5-C17F58FD7628}.Test|ARM.ActiveCfg = Release|ARM
		{B66E29B7-CFB6-4628-9EF5-C17F58FD7628}.Test|ARM.Build.0 = Release|ARM
		{B66E29B7-CFB6-4628-9EF5-C17F58FD7628}.Test|ARM.Deploy.0 = Release|ARM
		{B66E29B7-CFB6-4628-9EF5-C17F58FD7628}.Test|x86.ActiveCfg = Release|x86
		{B66E29B7-CFB6-4628-9EF5-C17F58FD7628}.Test|x86.Build.0 = Release|x86
		{B66E29B7-CFB6-4628-9EF5-C17F58FD7628}.Test|x86.Deploy.0 = Release|x86
		{80E74917-5C0D-489D-94AE-CA671863AF73}.Analysis|ARM.ActiveCfg = Release|Any CPU
		{80E74917-5C0D-489D-94AE-CA671863AF73}.Analysis|x86.ActiveCfg = Release|Any CPU
		{80E74917-5C0D-489D-94AE-CA671863AF73}.Debug Client|ARM.ActiveCfg = Release|Any CPU
		{80E74917-5C0D-489D-94AE-CA671863AF73}.Debug Client|ARM.Build.0 = Release|Any CPU
		{80E74917-5C0D-489D-94AE-CA671863AF73}.Debug Client|x86.ActiveCfg = Release|Any CPU
		{80E74917-5C0D-489D-94AE-CA671863AF73}.Debug|ARM.ActiveCfg = Release|Any CPU
		{80E74917-5C0D-489D-94AE-CA671863AF73}.Debug|x86.ActiveCfg = Release|Any CPU
		{80E74917-5C0D-489D-94AE-CA671863AF73}.Release|ARM.ActiveCfg = Release|Any CPU
		{80E74917-5C0D-489D-94AE-CA671863AF73}.Release|x86.ActiveCfg = Release|Any CPU
		{80E74917-5C0D-489D-94AE-CA671863AF73}.Test|ARM.ActiveCfg = Release|Any CPU
		{80E74917-5C0D-489D-94AE-CA671863AF73}.Test|x86.ActiveCfg = Release|Any CPU
		{BEFA8A69-280B-4216-BA4D-412711C3EB9A}.Analysis|ARM.ActiveCfg = Analysis|Any CPU
		{BEFA8A69-280B-4216-BA4D-412711C3EB9A}.Analysis|ARM.Build.0 = Analysis|Any CPU
		{BEFA8A69-280B-4216-BA4D-412711C3EB9A}.Analysis|x86.ActiveCfg = Analysis|Any CPU
		{BEFA8A69-280B-4216-BA4D-412711C3EB9A}.Analysis|x86.Build.0 = Analysis|Any CPU
		{BEFA8A69-280B-4216-BA4D-412711C3EB9A}.Debug Client|ARM.ActiveCfg = Debug|Any CPU
		{BEFA8A69-280B-4216-BA4D-412711C3EB9A}.Debug Client|ARM.Build.0 = Debug|Any CPU
		{BEFA8A69-280B-4216-BA4D-412711C3EB9A}.Debug Client|x86.ActiveCfg = Debug|Any CPU
		{BEFA8A69-280B-4216-BA4D-412711C3EB9A}.Debug|ARM.ActiveCfg = Debug|Any CPU
		{BEFA8A69-280B-4216-BA4D-412711C3EB9A}.Debug|ARM.Build.0 = Debug|Any CPU
		{BEFA8A69-280B-4216-BA4D-412711C3EB9A}.Debug|x86.ActiveCfg = Debug|Any CPU
		{BEFA8A69-280B-4216-BA4D-412711C3EB9A}.Debug|x86.Build.0 = Debug|Any CPU
		{BEFA8A69-280B-4216-BA4D-412711C3EB9A}.Release|ARM.ActiveCfg = Release|Any CPU
		{BEFA8A69-280B-4216-BA4D-412711C3EB9A}.Release|ARM.Build.0 = Release|Any CPU
		{BEFA8A69-280B-4216-BA4D-412711C3EB9A}.Release|x86.ActiveCfg = Release|Any CPU
		{BEFA8A69-280B-4216-BA4D-412711C3EB9A}.Release|x86.Build.0 = Release|Any CPU
		{BEFA8A69-280B-4216-BA4D-412711C3EB9A}.Test|ARM.ActiveCfg = Debug|Any CPU
		{BEFA8A69-280B-4216-BA4D-412711C3EB9A}.Test|ARM.Build.0 = Debug|Any CPU
		{BEFA8A69-280B-4216-BA4D-412711C3EB9A}.Test|x86.ActiveCfg = Debug|Any CPU
		{BEFA8A69-280B-4216-BA4D-412711C3EB9A}.Test|x86.Build.0 = Debug|Any CPU
		{EA2B3B64-EF42-4E8F-B47A-1BB76969A415}.Analysis|ARM.ActiveCfg = Analysis|Any CPU
		{EA2B3B64-EF42-4E8F-B47A-1BB76969A415}.Analysis|ARM.Build.0 = Analysis|Any CPU
		{EA2B3B64-EF42-4E8F-B47A-1BB76969A415}.Analysis|x86.ActiveCfg = Analysis|Any CPU
		{EA2B3B64-EF42-4E8F-B47A-1BB76969A415}.Analysis|x86.Build.0 = Analysis|Any CPU
		{EA2B3B64-EF42-4E8F-B47A-1BB76969A415}.Debug Client|ARM.ActiveCfg = Debug|Any CPU
		{EA2B3B64-EF42-4E8F-B47A-1BB76969A415}.Debug Client|ARM.Build.0 = Debug|Any CPU
		{EA2B3B64-EF42-4E8F-B47A-1BB76969A415}.Debug Client|x86.ActiveCfg = Debug|Any CPU
		{EA2B3B64-EF42-4E8F-B47A-1BB76969A415}.Debug|ARM.ActiveCfg = Debug|Any CPU
		{EA2B3B64-EF42-4E8F-B47A-1BB76969A415}.Debug|ARM.Build.0 = Debug|Any CPU
		{EA2B3B64-EF42-4E8F-B47A-1BB76969A415}.Debug|x86.ActiveCfg = Debug|Any CPU
		{EA2B3B64-EF42-4E8F-B47A-1BB76969A415}.Debug|x86.Build.0 = Debug|Any CPU
		{EA2B3B64-EF42-4E8F-B47A-1BB76969A415}.Release|ARM.ActiveCfg = Release|Any CPU
		{EA2B3B64-EF42-4E8F-B47A-1BB76969A415}.Release|ARM.Build.0 = Release|Any CPU
		{EA2B3B64-EF42-4E8F-B47A-1BB76969A415}.Release|x86.ActiveCfg = Release|Any CPU
		{EA2B3B64-EF42-4E8F-B47A-1BB76969A415}.Release|x86.Build.0 = Release|Any CPU
		{EA2B3B64-EF42-4E8F-B47A-1BB76969A415}.Test|ARM.ActiveCfg = Debug|Any CPU
		{EA2B3B64-EF42-4E8F-B47A-1BB76969A415}.Test|ARM.Build.0 = Debug|Any CPU
		{EA2B3B64-EF42-4E8F-B47A-1BB76969A415}.Test|x86.ActiveCfg = Debug|Any CPU
		{EA2B3B64-EF42-4E8F-B47A-1BB76969A415}.Test|x86.Build.0 = Debug|Any CPU
		{3F4664F6-4E0E-4C2A-9B22-AE31E468D378}.Analysis|ARM.ActiveCfg = Analysis|Any CPU
		{3F4664F6-4E0E-4C2A-9B22-AE31E468D378}.Analysis|ARM.Build.0 = Analysis|Any CPU
		{3F4664F6-4E0E-4C2A-9B22-AE31E468D378}.Analysis|x86.ActiveCfg = Analysis|Any CPU
		{3F4664F6-4E0E-4C2A-9B22-AE31E468D378}.Analysis|x86.Build.0 = Analysis|Any CPU
		{3F4664F6-4E0E-4C2A-9B22-AE31E468D378}.Debug Client|ARM.ActiveCfg = Debug|Any CPU
		{3F4664F6-4E0E-4C2A-9B22-AE31E468D378}.Debug Client|ARM.Build.0 = Debug|Any CPU
		{3F4664F6-4E0E-4C2A-9B22-AE31E468D378}.Debug Client|x86.ActiveCfg = Debug|Any CPU
		{3F4664F6-4E0E-4C2A-9B22-AE31E468D378}.Debug|ARM.ActiveCfg = Debug|Any CPU
		{3F4664F6-4E0E-4C2A-9B22-AE31E468D378}.Debug|ARM.Build.0 = Debug|Any CPU
		{3F4664F6-4E0E-4C2A-9B22-AE31E468D378}.Debug|x86.ActiveCfg = Debug|Any CPU
		{3F4664F6-4E0E-4C2A-9B22-AE31E468D378}.Debug|x86.Build.0 = Debug|Any CPU
		{3F4664F6-4E0E-4C2A-9B22-AE31E468D378}.Release|ARM.ActiveCfg = Release|Any CPU
		{3F4664F6-4E0E-4C2A-9B22-AE31E468D378}.Release|ARM.Build.0 = Release|Any CPU
		{3F4664F6-4E0E-4C2A-9B22-AE31E468D378}.Release|x86.ActiveCfg = Release|Any CPU
		{3F4664F6-4E0E-4C2A-9B22-AE31E468D378}.Release|x86.Build.0 = Release|Any CPU
		{3F4664F6-4E0E-4C2A-9B22-AE31E468D378}.Test|ARM.ActiveCfg = Debug|Any CPU
		{3F4664F6-4E0E-4C2A-9B22-AE31E468D378}.Test|ARM.Build.0 = Debug|Any CPU
		{3F4664F6-4E0E-4C2A-9B22-AE31E468D378}.Test|x86.ActiveCfg = Debug|Any CPU
		{3F4664F6-4E0E-4C2A-9B22-AE31E468D378}.Test|x86.Build.0 = Debug|Any CPU
		{C63C99AD-93BF-4A15-BA4E-511D5DCF559B}.Analysis|ARM.ActiveCfg = Analysis|Any CPU
		{C63C99AD-93BF-4A15-BA4E-511D5DCF559B}.Analysis|ARM.Build.0 = Analysis|Any CPU
		{C63C99AD-93BF-4A15-BA4E-511D5DCF559B}.Analysis|x86.ActiveCfg = Analysis|Any CPU
		{C63C99AD-93BF-4A15-BA4E-511D5DCF559B}.Analysis|x86.Build.0 = Analysis|Any CPU
		{C63C99AD-93BF-4A15-BA4E-511D5DCF559B}.Debug Client|ARM.ActiveCfg = Debug|Any CPU
		{C63C99AD-93BF-4A15-BA4E-511D5DCF559B}.Debug Client|ARM.Build.0 = Debug|Any CPU
		{C63C99AD-93BF-4A15-BA4E-511D5DCF559B}.Debug Client|x86.ActiveCfg = Debug|Any CPU
		{C63C99AD-93BF-4A15-BA4E-511D5DCF559B}.Debug|ARM.ActiveCfg = Debug|Any CPU
		{C63C99AD-93BF-4A15-BA4E-511D5DCF559B}.Debug|ARM.Build.0 = Debug|Any CPU
		{C63C99AD-93BF-4A15-BA4E-511D5DCF559B}.Debug|x86.ActiveCfg = Debug|Any CPU
		{C63C99AD-93BF-4A15-BA4E-511D5DCF559B}.Debug|x86.Build.0 = Debug|Any CPU
		{C63C99AD-93BF-4A15-BA4E-511D5DCF559B}.Release|ARM.ActiveCfg = Release|Any CPU
		{C63C99AD-93BF-4A15-BA4E-511D5DCF559B}.Release|ARM.Build.0 = Release|Any CPU
		{C63C99AD-93BF-4A15-BA4E-511D5DCF559B}.Release|x86.ActiveCfg = Release|Any CPU
		{C63C99AD-93BF-4A15-BA4E-511D5DCF559B}.Release|x86.Build.0 = Release|Any CPU
		{C63C99AD-93BF-4A15-BA4E-511D5DCF559B}.Test|ARM.ActiveCfg = Debug|Any CPU
		{C63C99AD-93BF-4A15-BA4E-511D5DCF559B}.Test|ARM.Build.0 = Debug|Any CPU
		{C63C99AD-93BF-4A15-BA4E-511D5DCF559B}.Test|x86.ActiveCfg = Debug|Any CPU
		{C63C99AD-93BF-4A15-BA4E-511D5DCF559B}.Test|x86.Build.0 = Debug|Any CPU
		{356F1914-4F7F-44D8-8825-63BA82196446}.Analysis|ARM.ActiveCfg = Analysis|Any CPU
		{356F1914-4F7F-44D8-8825-63BA82196446}.Analysis|ARM.Build.0 = Analysis|Any CPU
		{356F1914-4F7F-44D8-8825-63BA82196446}.Analysis|x86.ActiveCfg = Analysis|Any CPU
		{356F1914-4F7F-44D8-8825-63BA82196446}.Analysis|x86.Build.0 = Analysis|Any CPU
		{356F1914-4F7F-44D8-8825-63BA82196446}.Debug Client|ARM.ActiveCfg = Debug|Any CPU
		{356F1914-4F7F-44D8-8825-63BA82196446}.Debug Client|ARM.Build.0 = Debug|Any CPU
		{356F1914-4F7F-44D8-8825-63BA82196446}.Debug Client|x86.ActiveCfg = Debug|Any CPU
		{356F1914-4F7F-44D8-8825-63BA82196446}.Debug|ARM.ActiveCfg = Debug|Any CPU
		{356F1914-4F7F-44D8-8825-63BA82196446}.Debug|ARM.Build.0 = Debug|Any CPU
		{356F1914-4F7F-44D8-8825-63BA82196446}.Debug|x86.ActiveCfg = Debug|Any CPU
		{356F1914-4F7F-44D8-8825-63BA82196446}.Debug|x86.Build.0 = Debug|Any CPU
		{356F1914-4F7F-44D8-8825-63BA82196446}.Release|ARM.ActiveCfg = Release|Any CPU
		{356F1914-4F7F-44D8-8825-63BA82196446}.Release|ARM.Build.0 = Release|Any CPU
		{356F1914-4F7F-44D8-8825-63BA82196446}.Release|x86.ActiveCfg = Release|Any CPU
		{356F1914-4F7F-44D8-8825-63BA82196446}.Release|x86.Build.0 = Release|Any CPU
		{356F1914-4F7F-44D8-8825-63BA82196446}.Test|ARM.ActiveCfg = Debug|Any CPU
		{356F1914-4F7F-44D8-8825-63BA82196446}.Test|ARM.Build.0 = Debug|Any CPU
		{356F1914-4F7F-44D8-8825-63BA82196446}.Test|x86.ActiveCfg = Debug|Any CPU
		{356F1914-4F7F-44D8-8825-63BA82196446}.Test|x86.Build.0 = Debug|Any CPU
		{337F9DCC-28A2-4594-B3A5-5D2AC759CCD2}.Analysis|ARM.ActiveCfg = Analysis|Any CPU
		{337F9DCC-28A2-4594-B3A5-5D2AC759CCD2}.Analysis|ARM.Build.0 = Analysis|Any CPU
		{337F9DCC-28A2-4594-B3A5-5D2AC759CCD2}.Analysis|x86.ActiveCfg = Analysis|Any CPU
		{337F9DCC-28A2-4594-B3A5-5D2AC759CCD2}.Analysis|x86.Build.0 = Analysis|Any CPU
		{337F9DCC-28A2-4594-B3A5-5D2AC759CCD2}.Debug Client|ARM.ActiveCfg = Debug|Any CPU
		{337F9DCC-28A2-4594-B3A5-5D2AC759CCD2}.Debug Client|ARM.Build.0 = Debug|Any CPU
		{337F9DCC-28A2-4594-B3A5-5D2AC759CCD2}.Debug Client|x86.ActiveCfg = Debug|Any CPU
		{337F9DCC-28A2-4594-B3A5-5D2AC759CCD2}.Debug|ARM.ActiveCfg = Debug|Any CPU
		{337F9DCC-28A2-4594-B3A5-5D2AC759CCD2}.Debug|ARM.Build.0 = Debug|Any CPU
		{337F9DCC-28A2-4594-B3A5-5D2AC759CCD2}.Debug|x86.ActiveCfg = Debug|Any CPU
		{337F9DCC-28A2-4594-B3A5-5D2AC759CCD2}.Debug|x86.Build.0 = Debug|Any CPU
		{337F9DCC-28A2-4594-B3A5-5D2AC759CCD2}.Release|ARM.ActiveCfg = Release|Any CPU
		{337F9DCC-28A2-4594-B3A5-5D2AC759CCD2}.Release|ARM.Build.0 = Release|Any CPU
		{337F9DCC-28A2-4594-B3A5-5D2AC759CCD2}.Release|x86.ActiveCfg = Release|Any CPU
		{337F9DCC-28A2-4594-B3A5-5D2AC759CCD2}.Release|x86.Build.0 = Release|Any CPU
		{337F9DCC-28A2-4594-B3A5-5D2AC759CCD2}.Test|ARM.ActiveCfg = Debug|Any CPU
		{337F9DCC-28A2-4594-B3A5-5D2AC759CCD2}.Test|ARM.Build.0 = Debug|Any CPU
		{337F9DCC-28A2-4594-B3A5-5D2AC759CCD2}.Test|x86.ActiveCfg = Debug|Any CPU
		{337F9DCC-28A2-4594-B3A5-5D2AC759CCD2}.Test|x86.Build.0 = Debug|Any CPU
		{1A7D25F4-715B-472B-9C12-A0FCB2E51550}.Analysis|ARM.ActiveCfg = Analysis|ARM
		{1A7D25F4-715B-472B-9C12-A0FCB2E51550}.Analysis|ARM.Build.0 = Analysis|ARM
		{1A7D25F4-715B-472B-9C12-A0FCB2E51550}.Analysis|x86.ActiveCfg = Analysis|x86
		{1A7D25F4-715B-472B-9C12-A0FCB2E51550}.Analysis|x86.Build.0 = Analysis|x86
		{1A7D25F4-715B-472B-9C12-A0FCB2E51550}.Debug Client|ARM.ActiveCfg = Debug|ARM
		{1A7D25F4-715B-472B-9C12-A0FCB2E51550}.Debug Client|ARM.Build.0 = Debug|ARM
		{1A7D25F4-715B-472B-9C12-A0FCB2E51550}.Debug Client|x86.ActiveCfg = Debug|x86
		{1A7D25F4-715B-472B-9C12-A0FCB2E51550}.Debug Client|x86.Build.0 = Debug|x86
		{1A7D25F4-715B-472B-9C12-A0FCB2E51550}.Debug|ARM.ActiveCfg = Debug|ARM
		{1A7D25F4-715B-472B-9C12-A0FCB2E51550}.Debug|ARM.Build.0 = Debug|ARM
		{1A7D25F4-715B-472B-9C12-A0FCB2E51550}.Debug|x86.ActiveCfg = Debug|x86
		{1A7D25F4-715B-472B-9C12-A0FCB2E51550}.Debug|x86.Build.0 = Debug|x86
		{1A7D25F4-715B-472B-9C12-A0FCB2E51550}.Release|ARM.ActiveCfg = Release|ARM
		{1A7D25F4-715B-472B-9C12-A0FCB2E51550}.Release|ARM.Build.0 = Release|ARM
		{1A7D25F4-715B-472B-9C12-A0FCB2E51550}.Release|x86.ActiveCfg = Release|x86
		{1A7D25F4-715B-472B-9C12-A0FCB2E51550}.Release|x86.Build.0 = Release|x86
		{1A7D25F4-715B-472B-9C12-A0FCB2E51550}.Test|ARM.ActiveCfg = Analysis|ARM
		{1A7D25F4-715B-472B-9C12-A0FCB2E51550}.Test|ARM.Build.0 = Analysis|ARM
		{1A7D25F4-715B-472B-9C12-A0FCB2E51550}.Test|x86.ActiveCfg = Analysis|x86
		{1A7D25F4-715B-472B-9C12-A0FCB2E51550}.Test|x86.Build.0 = Analysis|x86
		{DCD72E78-42C4-4E06-AFB1-3E4C956975B9}.Analysis|ARM.ActiveCfg = Release|ARM
		{DCD72E78-42C4-4E06-AFB1-3E4C956975B9}.Analysis|ARM.Build.0 = Release|ARM
		{DCD72E78-42C4-4E06-AFB1-3E4C956975B9}.Analysis|ARM.Deploy.0 = Release|ARM
		{DCD72E78-42C4-4E06-AFB1-3E4C956975B9}.Analysis|x86.ActiveCfg = Debug|x86
		{DCD72E78-42C4-4E06-AFB1-3E4C956975B9}.Debug Client|ARM.ActiveCfg = Debug|ARM
		{DCD72E78-42C4-4E06-AFB1-3E4C956975B9}.Debug Client|ARM.Build.0 = Debug|ARM
		{DCD72E78-42C4-4E06-AFB1-3E4C956975B9}.Debug Client|ARM.Deploy.0 = Debug|ARM
		{DCD72E78-42C4-4E06-AFB1-3E4C956975B9}.Debug Client|x86.ActiveCfg = Debug|x86
		{DCD72E78-42C4-4E06-AFB1-3E4C956975B9}.Debug Client|x86.Build.0 = Debug|x86
		{DCD72E78-42C4-4E06-AFB1-3E4C956975B9}.Debug Client|x86.Deploy.0 = Debug|x86
		{DCD72E78-42C4-4E06-AFB1-3E4C956975B9}.Debug|ARM.ActiveCfg = Debug|x86
		{DCD72E78-42C4-4E06-AFB1-3E4C956975B9}.Debug|ARM.Build.0 = Debug|x86
		{DCD72E78-42C4-4E06-AFB1-3E4C956975B9}.Debug|ARM.Deploy.0 = Debug|x86
		{DCD72E78-42C4-4E06-AFB1-3E4C956975B9}.Debug|x86.ActiveCfg = Debug|x86
		{DCD72E78-42C4-4E06-AFB1-3E4C956975B9}.Debug|x86.Build.0 = Debug|x86
		{DCD72E78-42C4-4E06-AFB1-3E4C956975B9}.Release|ARM.ActiveCfg = Debug|x86
		{DCD72E78-42C4-4E06-AFB1-3E4C956975B9}.Release|ARM.Build.0 = Debug|x86
		{DCD72E78-42C4-4E06-AFB1-3E4C956975B9}.Release|ARM.Deploy.0 = Debug|x86
		{DCD72E78-42C4-4E06-AFB1-3E4C956975B9}.Release|x86.ActiveCfg = Release|x86
		{DCD72E78-42C4-4E06-AFB1-3E4C956975B9}.Release|x86.Build.0 = Release|x86
		{DCD72E78-42C4-4E06-AFB1-3E4C956975B9}.Release|x86.Deploy.0 = Release|x86
		{DCD72E78-42C4-4E06-AFB1-3E4C956975B9}.Test|ARM.ActiveCfg = Release|ARM
		{DCD72E78-42C4-4E06-AFB1-3E4C956975B9}.Test|ARM.Build.0 = Release|ARM
		{DCD72E78-42C4-4E06-AFB1-3E4C956975B9}.Test|ARM.Deploy.0 = Release|ARM
		{DCD72E78-42C4-4E06-AFB1-3E4C956975B9}.Test|x86.ActiveCfg = Release|x86
		{DCD72E78-42C4-4E06-AFB1-3E4C956975B9}.Test|x86.Build.0 = Release|x86
		{DCD72E78-42C4-4E06-AFB1-3E4C956975B9}.Test|x86.Deploy.0 = Release|x86
	EndGlobalSection
	GlobalSection(SolutionProperties) = preSolution
		HideSolutionNode = FALSE
	EndGlobalSection
	GlobalSection(NestedProjects) = preSolution
		{07CE2A22-D0C9-472A-AEDB-A80762CEF39E} = {7D499A56-AA6C-4C36-AB6A-61FFAC167A08}
		{0EA9FBE8-2640-49F3-AD58-54B2565E96BC} = {811C3035-76F1-4020-9C54-900614A1100C}
		{80E74917-5C0D-489D-94AE-CA671863AF73} = {211FDF67-A839-4127-9FB8-D18A1764C950}
		{BEFA8A69-280B-4216-BA4D-412711C3EB9A} = {7D499A56-AA6C-4C36-AB6A-61FFAC167A08}
		{EA2B3B64-EF42-4E8F-B47A-1BB76969A415} = {7D499A56-AA6C-4C36-AB6A-61FFAC167A08}
		{3F4664F6-4E0E-4C2A-9B22-AE31E468D378} = {7D499A56-AA6C-4C36-AB6A-61FFAC167A08}
		{C63C99AD-93BF-4A15-BA4E-511D5DCF559B} = {7D499A56-AA6C-4C36-AB6A-61FFAC167A08}
		{356F1914-4F7F-44D8-8825-63BA82196446} = {7D499A56-AA6C-4C36-AB6A-61FFAC167A08}
		{337F9DCC-28A2-4594-B3A5-5D2AC759CCD2} = {7D499A56-AA6C-4C36-AB6A-61FFAC167A08}
	EndGlobalSection
	GlobalSection(ExtensibilityGlobals) = postSolution
		SolutionGuid = {AE9959E3-F70E-4A8F-A865-CBCF8146EFC5}
	EndGlobalSection
EndGlobal
