
Microsoft Visual Studio Solution File, Format Version 12.00
# Visual Studio 14
VisualStudioVersion = 14.0.25420.1
MinimumVisualStudioVersion = 10.0.40219.1
Project("{2150E333-8FDC-42A3-9474-1A3956D46DE8}") = "_Library", "_Library", "{7ADE712E-9954-4BA4-BB02-23A72E3BEC64}"
	ProjectSection(SolutionItems) = preProject
		..\Library\Common.snk = ..\Library\Common.snk
		..\Library\Interop.HTTSLib.dll = ..\Library\Interop.HTTSLib.dll
		..\Library\Interop.SpeechLib.dll = ..\Library\Interop.SpeechLib.dll
	EndProjectSection
EndProject
Project("{2150E333-8FDC-42A3-9474-1A3956D46DE8}") = "AForge.NET Framework-2.2.3", "AForge.NET Framework-2.2.3", "{65EBDA41-4C15-4538-BA65-6FE8B42C157A}"
EndProject
Project("{2150E333-8FDC-42A3-9474-1A3956D46DE8}") = "Chatbots", "Chatbots", "{199D4CE7-F4C3-4773-87DB-7C105335A767}"
EndProject
Project("{FAE04EC0-301F-11D3-BF4B-00C04F79EFBC}") = "Gala.Dolly", "Gala.Dolly\Gala.Dolly.csproj", "{F0D42607-BEA9-4F6E-854D-40809AD378D8}"
EndProject
Project("{FAE04EC0-301F-11D3-BF4B-00C04F79EFBC}") = "Galatea.AI.Abstract", "Galatea.AI.Abstract\Galatea.AI.Abstract.csproj", "{25141E11-C310-4D1F-B509-C130811104B0}"
EndProject
Project("{FAE04EC0-301F-11D3-BF4B-00C04F79EFBC}") = "Galatea.AI.Imaging", "Galatea.AI.Imaging\Galatea.AI.Imaging.csproj", "{722C0361-4B8F-415C-954F-54C988EFEF40}"
EndProject
Project("{FAE04EC0-301F-11D3-BF4B-00C04F79EFBC}") = "Galatea.AI", "Galatea.AI\Galatea.AI.csproj", "{CD60EFDF-B92D-48A2-BC1F-25441C9BECF3}"
EndProject
Project("{FAE04EC0-301F-11D3-BF4B-00C04F79EFBC}") = "Galatea.Runtime", "Galatea.Runtime\Galatea.Runtime.csproj", "{B0D0C0A4-D37D-4E5B-A357-758E1AFB76BA}"
EndProject
Project("{FAE04EC0-301F-11D3-BF4B-00C04F79EFBC}") = "Gala.Data", "Gala.Data\Gala.Data.csproj", "{FCE634B4-5A87-4519-98D4-240B4A42F8D5}"
EndProject
Project("{FAE04EC0-301F-11D3-BF4B-00C04F79EFBC}") = "Gala.Dolly.Speech", "Gala.Dolly.Speech\Gala.Dolly.Speech.csproj", "{503B5858-4665-47B9-8BD3-2BBE917291C2}"
EndProject
Project("{2150E333-8FDC-42A3-9474-1A3956D46DE8}") = "2008", "2008", "{061E75C5-74F7-4369-9C26-F08F1B6A2186}"
EndProject
Project("{F184B08F-C81C-45F6-A57F-5ABD9991F28F}") = "DollyPOC", "..\GALA 2008\GALA DOLLY\DollyPOC\DollyPOC.vbproj", "{5055DB80-AAC2-4D67-B8D6-3511EDB093A1}"
EndProject
Project("{F184B08F-C81C-45F6-A57F-5ABD9991F28F}") = "LunaPOC", "..\GALA 2008\LUNA.NET\LunaPOC\LunaPOC.vbproj", "{996A232B-3949-49F9-A1C0-6F69EDBBAAAC}"
EndProject
Project("{FAE04EC0-301F-11D3-BF4B-00C04F79EFBC}") = "Galatea.AI.Robotics", "Galatea.AI.Robotics\Galatea.AI.Robotics.csproj", "{5D8691AB-BECA-44A7-865F-41274AF20950}"
EndProject
Project("{FAE04EC0-301F-11D3-BF4B-00C04F79EFBC}") = "Galatea.AI.Language", "Galatea.AI.Language\Galatea.AI.Language.csproj", "{CB45393D-18C7-47B3-A16B-2B62C1C66A77}"
EndProject
Project("{FAE04EC0-301F-11D3-BF4B-00C04F79EFBC}") = "Galatea.Core", "Galatea\Galatea.Core.csproj", "{E36AF529-F151-4B39-92F1-115C31BCB746}"
EndProject
Project("{FAE04EC0-301F-11D3-BF4B-00C04F79EFBC}") = "Galatea.Globalization", "Galatea.Globalization\Galatea.Globalization.csproj", "{ACD64769-D795-4230-AC94-59ACC5E52DE5}"
EndProject
Project("{F184B08F-C81C-45F6-A57F-5ABD9991F28F}") = "Gala.Dolly.Basic", "Gala.Dolly.Basic\Gala.Dolly.Basic.vbproj", "{BBB026F9-43EA-4AA8-BDBF-CB934C390E45}"
EndProject
Project("{2150E333-8FDC-42A3-9474-1A3956D46DE8}") = "Video", "Video", "{7461A5B3-CDE5-466A-9872-E7F8498FCD3A}"
EndProject
Project("{FAE04EC0-301F-11D3-BF4B-00C04F79EFBC}") = "AIMLBot", "..\Library\ChatBots\AIMLBot\AIMLBot.csproj", "{9C87D82C-0E27-4995-A2CB-72BCB84EF2E2}"
EndProject
Project("{FAE04EC0-301F-11D3-BF4B-00C04F79EFBC}") = "Eliza", "..\Library\ChatBots\Eliza\Eliza.csproj", "{67264662-CA03-4ED0-8924-5843307E4B53}"
EndProject
Project("{FAE04EC0-301F-11D3-BF4B-00C04F79EFBC}") = "motion", "..\Library\motion_src\motion\motion.csproj", "{F4799C73-DEE9-48F2-B626-32149CC30976}"
EndProject
Project("{FAE04EC0-301F-11D3-BF4B-00C04F79EFBC}") = "vfw", "..\Library\motion_src\vfw\vfw.csproj", "{ECAA3D55-19AB-440B-B82E-221AE06C4A5B}"
EndProject
Project("{FAE04EC0-301F-11D3-BF4B-00C04F79EFBC}") = "Imaging (mono)", "..\Library\AForge.NET Framework-2.2.3\Sources\Imaging\Imaging (mono).csproj", "{0E6DFEB9-E4C4-46DB-BB5F-424F7275D114}"
EndProject
Project("{FAE04EC0-301F-11D3-BF4B-00C04F79EFBC}") = "dshow", "..\Library\motion_src\dshow\dshow.csproj", "{37B08AFD-F4BC-4E13-9119-537BA6A12CCB}"
EndProject
Project("{FAE04EC0-301F-11D3-BF4B-00C04F79EFBC}") = "Math (mono)", "..\Library\AForge.NET Framework-2.2.3\Sources\Math\Math (mono).csproj", "{1E7E3A00-57A6-48C4-A19E-926BADC501B6}"
EndProject
Project("{FAE04EC0-301F-11D3-BF4B-00C04F79EFBC}") = "Core (mono)", "..\Library\AForge.NET Framework-2.2.3\Sources\Core\Core (mono).csproj", "{C288D9C9-FCEF-4DD4-86C3-60DDFA0F2A9D}"
EndProject
Project("{F184B08F-C81C-45F6-A57F-5ABD9991F28F}") = "STRA", "..\GALA 2008\GALATEA\Project\STRA\STRA.vbproj", "{7BF91116-088D-4398-A330-7EF2554F41A3}"
EndProject
Project("{F184B08F-C81C-45F6-A57F-5ABD9991F28F}") = "TERA", "..\GALA 2008\GALATEA\Project\TERA\TERA.vbproj", "{1A7C152B-A01A-4E15-AB49-7685FE5C76A0}"
EndProject
Project("{F184B08F-C81C-45F6-A57F-5ABD9991F28F}") = "UI", "..\GALA 2008\GALATEA\Project\UI\UI.vbproj", "{88290A15-AA28-4AFA-B958-CAE5DFF11026}"
EndProject
Project("{F184B08F-C81C-45F6-A57F-5ABD9991F28F}") = "Common", "..\GALA 2008\GALATEA\Project\Common\Common.vbproj", "{2E7C02A0-2962-43AA-AF3A-C462F4D8D5F4}"
EndProject
Project("{F184B08F-C81C-45F6-A57F-5ABD9991F28F}") = "DB", "..\GALA 2008\GALATEA\Project\DB\DB.vbproj", "{FFBD463F-2C72-41DB-81D0-8D98E7C6E8A1}"
EndProject
Project("{2150E333-8FDC-42A3-9474-1A3956D46DE8}") = "Galatea 2008", "Galatea 2008", "{B1E913A1-66A7-4500-AB5F-AA488E7F233A}"
EndProject
Project("{FAE04EC0-301F-11D3-BF4B-00C04F79EFBC}") = "Gala.Dolly.UI", "Gala.Dolly.UI\Gala.Dolly.UI.csproj", "{270E9E4E-9F39-4A3A-A04D-FC0B40BA7B12}"
EndProject
Project("{FAE04EC0-301F-11D3-BF4B-00C04F79EFBC}") = "Gala.Dolly.Chatbots", "Gala.Dolly.Chatbots\Gala.Dolly.Chatbots.csproj", "{8378C9BA-915F-4018-9944-8578F2855FF1}"
EndProject
Project("{2150E333-8FDC-42A3-9474-1A3956D46DE8}") = "Tests", "Tests", "{5F310ED6-BDB4-4A37-AD6B-A2724E076E5F}"
EndProject
Project("{FAE04EC0-301F-11D3-BF4B-00C04F79EFBC}") = "Gala.Dolly.Test", "Gala.Dolly.Test\Gala.Dolly.Test.csproj", "{9C2F32EC-E713-46A8-8F19-3377EDF9CC65}"
EndProject
Project("{FAE04EC0-301F-11D3-BF4B-00C04F79EFBC}") = "Gala.Dolly.Command", "Gala.Dolly.Command\Gala.Dolly.Command.csproj", "{C055A544-ADC2-4B60-B58E-CDA890C81762}"
EndProject
Project("{2150E333-8FDC-42A3-9474-1A3956D46DE8}") = "UI", "UI", "{DFD6E224-2F8E-40A6-8D8C-8055C3238704}"
EndProject
Global
	GlobalSection(SolutionConfigurationPlatforms) = preSolution
		Analysis|Any CPU = Analysis|Any CPU
		Analysis|Mixed Platforms = Analysis|Mixed Platforms
		Analysis|x86 = Analysis|x86
		Debug|Any CPU = Debug|Any CPU
		Debug|Mixed Platforms = Debug|Mixed Platforms
		Debug|x86 = Debug|x86
		Release|Any CPU = Release|Any CPU
		Release|Mixed Platforms = Release|Mixed Platforms
		Release|x86 = Release|x86
		Test|Any CPU = Test|Any CPU
		Test|Mixed Platforms = Test|Mixed Platforms
		Test|x86 = Test|x86
	EndGlobalSection
	GlobalSection(ProjectConfigurationPlatforms) = postSolution
		{F0D42607-BEA9-4F6E-854D-40809AD378D8}.Analysis|Any CPU.ActiveCfg = Analysis|Any CPU
		{F0D42607-BEA9-4F6E-854D-40809AD378D8}.Analysis|Any CPU.Build.0 = Analysis|Any CPU
		{F0D42607-BEA9-4F6E-854D-40809AD378D8}.Analysis|Mixed Platforms.ActiveCfg = Analysis|Any CPU
		{F0D42607-BEA9-4F6E-854D-40809AD378D8}.Analysis|Mixed Platforms.Build.0 = Analysis|Any CPU
		{F0D42607-BEA9-4F6E-854D-40809AD378D8}.Analysis|x86.ActiveCfg = Analysis|Any CPU
		{F0D42607-BEA9-4F6E-854D-40809AD378D8}.Analysis|x86.Build.0 = Analysis|Any CPU
		{F0D42607-BEA9-4F6E-854D-40809AD378D8}.Debug|Any CPU.ActiveCfg = Debug|Any CPU
		{F0D42607-BEA9-4F6E-854D-40809AD378D8}.Debug|Any CPU.Build.0 = Debug|Any CPU
		{F0D42607-BEA9-4F6E-854D-40809AD378D8}.Debug|Mixed Platforms.ActiveCfg = Debug|Any CPU
		{F0D42607-BEA9-4F6E-854D-40809AD378D8}.Debug|Mixed Platforms.Build.0 = Debug|Any CPU
		{F0D42607-BEA9-4F6E-854D-40809AD378D8}.Debug|x86.ActiveCfg = Debug|Any CPU
		{F0D42607-BEA9-4F6E-854D-40809AD378D8}.Debug|x86.Build.0 = Debug|Any CPU
		{F0D42607-BEA9-4F6E-854D-40809AD378D8}.Release|Any CPU.ActiveCfg = Release|Any CPU
		{F0D42607-BEA9-4F6E-854D-40809AD378D8}.Release|Any CPU.Build.0 = Release|Any CPU
		{F0D42607-BEA9-4F6E-854D-40809AD378D8}.Release|Mixed Platforms.ActiveCfg = Release|Any CPU
		{F0D42607-BEA9-4F6E-854D-40809AD378D8}.Release|Mixed Platforms.Build.0 = Release|Any CPU
		{F0D42607-BEA9-4F6E-854D-40809AD378D8}.Release|x86.ActiveCfg = Release|Any CPU
		{F0D42607-BEA9-4F6E-854D-40809AD378D8}.Release|x86.Build.0 = Release|Any CPU
		{F0D42607-BEA9-4F6E-854D-40809AD378D8}.Test|Any CPU.ActiveCfg = Debug|Any CPU
		{F0D42607-BEA9-4F6E-854D-40809AD378D8}.Test|Any CPU.Build.0 = Debug|Any CPU
		{F0D42607-BEA9-4F6E-854D-40809AD378D8}.Test|Mixed Platforms.ActiveCfg = Debug|Any CPU
		{F0D42607-BEA9-4F6E-854D-40809AD378D8}.Test|x86.ActiveCfg = Debug|Any CPU
		{F0D42607-BEA9-4F6E-854D-40809AD378D8}.Test|x86.Build.0 = Debug|Any CPU
		{25141E11-C310-4D1F-B509-C130811104B0}.Analysis|Any CPU.ActiveCfg = Analysis|Any CPU
		{25141E11-C310-4D1F-B509-C130811104B0}.Analysis|Any CPU.Build.0 = Analysis|Any CPU
		{25141E11-C310-4D1F-B509-C130811104B0}.Analysis|Mixed Platforms.ActiveCfg = Analysis|Any CPU
		{25141E11-C310-4D1F-B509-C130811104B0}.Analysis|Mixed Platforms.Build.0 = Analysis|Any CPU
		{25141E11-C310-4D1F-B509-C130811104B0}.Analysis|x86.ActiveCfg = Analysis|Any CPU
		{25141E11-C310-4D1F-B509-C130811104B0}.Analysis|x86.Build.0 = Analysis|Any CPU
		{25141E11-C310-4D1F-B509-C130811104B0}.Debug|Any CPU.ActiveCfg = Debug|Any CPU
		{25141E11-C310-4D1F-B509-C130811104B0}.Debug|Any CPU.Build.0 = Debug|Any CPU
		{25141E11-C310-4D1F-B509-C130811104B0}.Debug|Mixed Platforms.ActiveCfg = Debug|Any CPU
		{25141E11-C310-4D1F-B509-C130811104B0}.Debug|Mixed Platforms.Build.0 = Debug|Any CPU
		{25141E11-C310-4D1F-B509-C130811104B0}.Debug|x86.ActiveCfg = Debug|Any CPU
		{25141E11-C310-4D1F-B509-C130811104B0}.Debug|x86.Build.0 = Debug|Any CPU
		{25141E11-C310-4D1F-B509-C130811104B0}.Release|Any CPU.ActiveCfg = Release|Any CPU
		{25141E11-C310-4D1F-B509-C130811104B0}.Release|Any CPU.Build.0 = Release|Any CPU
		{25141E11-C310-4D1F-B509-C130811104B0}.Release|Mixed Platforms.ActiveCfg = Release|Any CPU
		{25141E11-C310-4D1F-B509-C130811104B0}.Release|Mixed Platforms.Build.0 = Release|Any CPU
		{25141E11-C310-4D1F-B509-C130811104B0}.Release|x86.ActiveCfg = Release|Any CPU
		{25141E11-C310-4D1F-B509-C130811104B0}.Release|x86.Build.0 = Release|Any CPU
		{25141E11-C310-4D1F-B509-C130811104B0}.Test|Any CPU.ActiveCfg = Debug|Any CPU
		{25141E11-C310-4D1F-B509-C130811104B0}.Test|Any CPU.Build.0 = Debug|Any CPU
		{25141E11-C310-4D1F-B509-C130811104B0}.Test|Mixed Platforms.ActiveCfg = Debug|Any CPU
		{25141E11-C310-4D1F-B509-C130811104B0}.Test|Mixed Platforms.Build.0 = Debug|Any CPU
		{25141E11-C310-4D1F-B509-C130811104B0}.Test|x86.ActiveCfg = Debug|Any CPU
		{25141E11-C310-4D1F-B509-C130811104B0}.Test|x86.Build.0 = Debug|Any CPU
		{722C0361-4B8F-415C-954F-54C988EFEF40}.Analysis|Any CPU.ActiveCfg = Analysis|Any CPU
		{722C0361-4B8F-415C-954F-54C988EFEF40}.Analysis|Any CPU.Build.0 = Analysis|Any CPU
		{722C0361-4B8F-415C-954F-54C988EFEF40}.Analysis|Mixed Platforms.ActiveCfg = Analysis|Any CPU
		{722C0361-4B8F-415C-954F-54C988EFEF40}.Analysis|Mixed Platforms.Build.0 = Analysis|Any CPU
		{722C0361-4B8F-415C-954F-54C988EFEF40}.Analysis|x86.ActiveCfg = Analysis|Any CPU
		{722C0361-4B8F-415C-954F-54C988EFEF40}.Analysis|x86.Build.0 = Analysis|Any CPU
		{722C0361-4B8F-415C-954F-54C988EFEF40}.Debug|Any CPU.ActiveCfg = Debug|Any CPU
		{722C0361-4B8F-415C-954F-54C988EFEF40}.Debug|Any CPU.Build.0 = Debug|Any CPU
		{722C0361-4B8F-415C-954F-54C988EFEF40}.Debug|Mixed Platforms.ActiveCfg = Debug|Any CPU
		{722C0361-4B8F-415C-954F-54C988EFEF40}.Debug|Mixed Platforms.Build.0 = Debug|Any CPU
		{722C0361-4B8F-415C-954F-54C988EFEF40}.Debug|x86.ActiveCfg = Debug|Any CPU
		{722C0361-4B8F-415C-954F-54C988EFEF40}.Debug|x86.Build.0 = Debug|Any CPU
		{722C0361-4B8F-415C-954F-54C988EFEF40}.Release|Any CPU.ActiveCfg = Release|Any CPU
		{722C0361-4B8F-415C-954F-54C988EFEF40}.Release|Any CPU.Build.0 = Release|Any CPU
		{722C0361-4B8F-415C-954F-54C988EFEF40}.Release|Mixed Platforms.ActiveCfg = Release|Any CPU
		{722C0361-4B8F-415C-954F-54C988EFEF40}.Release|Mixed Platforms.Build.0 = Release|Any CPU
		{722C0361-4B8F-415C-954F-54C988EFEF40}.Release|x86.ActiveCfg = Release|Any CPU
		{722C0361-4B8F-415C-954F-54C988EFEF40}.Release|x86.Build.0 = Release|Any CPU
		{722C0361-4B8F-415C-954F-54C988EFEF40}.Test|Any CPU.ActiveCfg = Debug|Any CPU
		{722C0361-4B8F-415C-954F-54C988EFEF40}.Test|Any CPU.Build.0 = Debug|Any CPU
		{722C0361-4B8F-415C-954F-54C988EFEF40}.Test|Mixed Platforms.ActiveCfg = Debug|Any CPU
		{722C0361-4B8F-415C-954F-54C988EFEF40}.Test|Mixed Platforms.Build.0 = Debug|Any CPU
		{722C0361-4B8F-415C-954F-54C988EFEF40}.Test|x86.ActiveCfg = Debug|Any CPU
		{722C0361-4B8F-415C-954F-54C988EFEF40}.Test|x86.Build.0 = Debug|Any CPU
		{CD60EFDF-B92D-48A2-BC1F-25441C9BECF3}.Analysis|Any CPU.ActiveCfg = Analysis|Any CPU
		{CD60EFDF-B92D-48A2-BC1F-25441C9BECF3}.Analysis|Any CPU.Build.0 = Analysis|Any CPU
		{CD60EFDF-B92D-48A2-BC1F-25441C9BECF3}.Analysis|Mixed Platforms.ActiveCfg = Analysis|Any CPU
		{CD60EFDF-B92D-48A2-BC1F-25441C9BECF3}.Analysis|Mixed Platforms.Build.0 = Analysis|Any CPU
		{CD60EFDF-B92D-48A2-BC1F-25441C9BECF3}.Analysis|x86.ActiveCfg = Analysis|Any CPU
		{CD60EFDF-B92D-48A2-BC1F-25441C9BECF3}.Analysis|x86.Build.0 = Analysis|Any CPU
		{CD60EFDF-B92D-48A2-BC1F-25441C9BECF3}.Debug|Any CPU.ActiveCfg = Debug|Any CPU
		{CD60EFDF-B92D-48A2-BC1F-25441C9BECF3}.Debug|Any CPU.Build.0 = Debug|Any CPU
		{CD60EFDF-B92D-48A2-BC1F-25441C9BECF3}.Debug|Mixed Platforms.ActiveCfg = Debug|Any CPU
		{CD60EFDF-B92D-48A2-BC1F-25441C9BECF3}.Debug|Mixed Platforms.Build.0 = Debug|Any CPU
		{CD60EFDF-B92D-48A2-BC1F-25441C9BECF3}.Debug|x86.ActiveCfg = Debug|Any CPU
		{CD60EFDF-B92D-48A2-BC1F-25441C9BECF3}.Debug|x86.Build.0 = Debug|Any CPU
		{CD60EFDF-B92D-48A2-BC1F-25441C9BECF3}.Release|Any CPU.ActiveCfg = Release|Any CPU
		{CD60EFDF-B92D-48A2-BC1F-25441C9BECF3}.Release|Any CPU.Build.0 = Release|Any CPU
		{CD60EFDF-B92D-48A2-BC1F-25441C9BECF3}.Release|Mixed Platforms.ActiveCfg = Release|Any CPU
		{CD60EFDF-B92D-48A2-BC1F-25441C9BECF3}.Release|Mixed Platforms.Build.0 = Release|Any CPU
		{CD60EFDF-B92D-48A2-BC1F-25441C9BECF3}.Release|x86.ActiveCfg = Release|Any CPU
		{CD60EFDF-B92D-48A2-BC1F-25441C9BECF3}.Release|x86.Build.0 = Release|Any CPU
		{CD60EFDF-B92D-48A2-BC1F-25441C9BECF3}.Test|Any CPU.ActiveCfg = Debug|Any CPU
		{CD60EFDF-B92D-48A2-BC1F-25441C9BECF3}.Test|Any CPU.Build.0 = Debug|Any CPU
		{CD60EFDF-B92D-48A2-BC1F-25441C9BECF3}.Test|Mixed Platforms.ActiveCfg = Debug|Any CPU
		{CD60EFDF-B92D-48A2-BC1F-25441C9BECF3}.Test|Mixed Platforms.Build.0 = Debug|Any CPU
		{CD60EFDF-B92D-48A2-BC1F-25441C9BECF3}.Test|x86.ActiveCfg = Debug|Any CPU
		{CD60EFDF-B92D-48A2-BC1F-25441C9BECF3}.Test|x86.Build.0 = Debug|Any CPU
		{B0D0C0A4-D37D-4E5B-A357-758E1AFB76BA}.Analysis|Any CPU.ActiveCfg = Analysis|Any CPU
		{B0D0C0A4-D37D-4E5B-A357-758E1AFB76BA}.Analysis|Any CPU.Build.0 = Analysis|Any CPU
		{B0D0C0A4-D37D-4E5B-A357-758E1AFB76BA}.Analysis|Mixed Platforms.ActiveCfg = Analysis|Any CPU
		{B0D0C0A4-D37D-4E5B-A357-758E1AFB76BA}.Analysis|Mixed Platforms.Build.0 = Analysis|Any CPU
		{B0D0C0A4-D37D-4E5B-A357-758E1AFB76BA}.Analysis|x86.ActiveCfg = Analysis|Any CPU
		{B0D0C0A4-D37D-4E5B-A357-758E1AFB76BA}.Analysis|x86.Build.0 = Analysis|Any CPU
		{B0D0C0A4-D37D-4E5B-A357-758E1AFB76BA}.Debug|Any CPU.ActiveCfg = Debug|Any CPU
		{B0D0C0A4-D37D-4E5B-A357-758E1AFB76BA}.Debug|Any CPU.Build.0 = Debug|Any CPU
		{B0D0C0A4-D37D-4E5B-A357-758E1AFB76BA}.Debug|Mixed Platforms.ActiveCfg = Debug|Any CPU
		{B0D0C0A4-D37D-4E5B-A357-758E1AFB76BA}.Debug|Mixed Platforms.Build.0 = Debug|Any CPU
		{B0D0C0A4-D37D-4E5B-A357-758E1AFB76BA}.Debug|x86.ActiveCfg = Debug|Any CPU
		{B0D0C0A4-D37D-4E5B-A357-758E1AFB76BA}.Debug|x86.Build.0 = Debug|Any CPU
		{B0D0C0A4-D37D-4E5B-A357-758E1AFB76BA}.Release|Any CPU.ActiveCfg = Release|Any CPU
		{B0D0C0A4-D37D-4E5B-A357-758E1AFB76BA}.Release|Any CPU.Build.0 = Release|Any CPU
		{B0D0C0A4-D37D-4E5B-A357-758E1AFB76BA}.Release|Mixed Platforms.ActiveCfg = Release|Any CPU
		{B0D0C0A4-D37D-4E5B-A357-758E1AFB76BA}.Release|Mixed Platforms.Build.0 = Release|Any CPU
		{B0D0C0A4-D37D-4E5B-A357-758E1AFB76BA}.Release|x86.ActiveCfg = Release|Any CPU
		{B0D0C0A4-D37D-4E5B-A357-758E1AFB76BA}.Release|x86.Build.0 = Release|Any CPU
		{B0D0C0A4-D37D-4E5B-A357-758E1AFB76BA}.Test|Any CPU.ActiveCfg = Debug|Any CPU
		{B0D0C0A4-D37D-4E5B-A357-758E1AFB76BA}.Test|Any CPU.Build.0 = Debug|Any CPU
		{B0D0C0A4-D37D-4E5B-A357-758E1AFB76BA}.Test|Mixed Platforms.ActiveCfg = Debug|Any CPU
		{B0D0C0A4-D37D-4E5B-A357-758E1AFB76BA}.Test|Mixed Platforms.Build.0 = Debug|Any CPU
		{B0D0C0A4-D37D-4E5B-A357-758E1AFB76BA}.Test|x86.ActiveCfg = Debug|Any CPU
		{B0D0C0A4-D37D-4E5B-A357-758E1AFB76BA}.Test|x86.Build.0 = Debug|Any CPU
		{FCE634B4-5A87-4519-98D4-240B4A42F8D5}.Analysis|Any CPU.ActiveCfg = Analysis|Any CPU
		{FCE634B4-5A87-4519-98D4-240B4A42F8D5}.Analysis|Any CPU.Build.0 = Analysis|Any CPU
		{FCE634B4-5A87-4519-98D4-240B4A42F8D5}.Analysis|Mixed Platforms.ActiveCfg = Analysis|Any CPU
		{FCE634B4-5A87-4519-98D4-240B4A42F8D5}.Analysis|Mixed Platforms.Build.0 = Analysis|Any CPU
		{FCE634B4-5A87-4519-98D4-240B4A42F8D5}.Analysis|x86.ActiveCfg = Analysis|Any CPU
		{FCE634B4-5A87-4519-98D4-240B4A42F8D5}.Analysis|x86.Build.0 = Analysis|Any CPU
		{FCE634B4-5A87-4519-98D4-240B4A42F8D5}.Debug|Any CPU.ActiveCfg = Debug|Any CPU
		{FCE634B4-5A87-4519-98D4-240B4A42F8D5}.Debug|Any CPU.Build.0 = Debug|Any CPU
		{FCE634B4-5A87-4519-98D4-240B4A42F8D5}.Debug|Mixed Platforms.ActiveCfg = Debug|Any CPU
		{FCE634B4-5A87-4519-98D4-240B4A42F8D5}.Debug|Mixed Platforms.Build.0 = Debug|Any CPU
		{FCE634B4-5A87-4519-98D4-240B4A42F8D5}.Debug|x86.ActiveCfg = Debug|Any CPU
		{FCE634B4-5A87-4519-98D4-240B4A42F8D5}.Debug|x86.Build.0 = Debug|Any CPU
		{FCE634B4-5A87-4519-98D4-240B4A42F8D5}.Release|Any CPU.ActiveCfg = Release|Any CPU
		{FCE634B4-5A87-4519-98D4-240B4A42F8D5}.Release|Any CPU.Build.0 = Release|Any CPU
		{FCE634B4-5A87-4519-98D4-240B4A42F8D5}.Release|Mixed Platforms.ActiveCfg = Release|Any CPU
		{FCE634B4-5A87-4519-98D4-240B4A42F8D5}.Release|Mixed Platforms.Build.0 = Release|Any CPU
		{FCE634B4-5A87-4519-98D4-240B4A42F8D5}.Release|x86.ActiveCfg = Release|Any CPU
		{FCE634B4-5A87-4519-98D4-240B4A42F8D5}.Release|x86.Build.0 = Release|Any CPU
		{FCE634B4-5A87-4519-98D4-240B4A42F8D5}.Test|Any CPU.ActiveCfg = Debug|Any CPU
		{FCE634B4-5A87-4519-98D4-240B4A42F8D5}.Test|Any CPU.Build.0 = Debug|Any CPU
		{FCE634B4-5A87-4519-98D4-240B4A42F8D5}.Test|Mixed Platforms.ActiveCfg = Debug|Any CPU
		{FCE634B4-5A87-4519-98D4-240B4A42F8D5}.Test|Mixed Platforms.Build.0 = Debug|Any CPU
		{FCE634B4-5A87-4519-98D4-240B4A42F8D5}.Test|x86.ActiveCfg = Debug|Any CPU
		{FCE634B4-5A87-4519-98D4-240B4A42F8D5}.Test|x86.Build.0 = Debug|Any CPU
		{503B5858-4665-47B9-8BD3-2BBE917291C2}.Analysis|Any CPU.ActiveCfg = Analysis|Any CPU
		{503B5858-4665-47B9-8BD3-2BBE917291C2}.Analysis|Any CPU.Build.0 = Analysis|Any CPU
		{503B5858-4665-47B9-8BD3-2BBE917291C2}.Analysis|Mixed Platforms.ActiveCfg = Analysis|Any CPU
		{503B5858-4665-47B9-8BD3-2BBE917291C2}.Analysis|Mixed Platforms.Build.0 = Analysis|Any CPU
		{503B5858-4665-47B9-8BD3-2BBE917291C2}.Analysis|x86.ActiveCfg = Analysis|Any CPU
		{503B5858-4665-47B9-8BD3-2BBE917291C2}.Analysis|x86.Build.0 = Analysis|Any CPU
		{503B5858-4665-47B9-8BD3-2BBE917291C2}.Debug|Any CPU.ActiveCfg = Debug|Any CPU
		{503B5858-4665-47B9-8BD3-2BBE917291C2}.Debug|Any CPU.Build.0 = Debug|Any CPU
		{503B5858-4665-47B9-8BD3-2BBE917291C2}.Debug|Mixed Platforms.ActiveCfg = Debug|Any CPU
		{503B5858-4665-47B9-8BD3-2BBE917291C2}.Debug|Mixed Platforms.Build.0 = Debug|Any CPU
		{503B5858-4665-47B9-8BD3-2BBE917291C2}.Debug|x86.ActiveCfg = Debug|Any CPU
		{503B5858-4665-47B9-8BD3-2BBE917291C2}.Debug|x86.Build.0 = Debug|Any CPU
		{503B5858-4665-47B9-8BD3-2BBE917291C2}.Release|Any CPU.ActiveCfg = Release|Any CPU
		{503B5858-4665-47B9-8BD3-2BBE917291C2}.Release|Any CPU.Build.0 = Release|Any CPU
		{503B5858-4665-47B9-8BD3-2BBE917291C2}.Release|Mixed Platforms.ActiveCfg = Release|Any CPU
		{503B5858-4665-47B9-8BD3-2BBE917291C2}.Release|Mixed Platforms.Build.0 = Release|Any CPU
		{503B5858-4665-47B9-8BD3-2BBE917291C2}.Release|x86.ActiveCfg = Release|Any CPU
		{503B5858-4665-47B9-8BD3-2BBE917291C2}.Release|x86.Build.0 = Release|Any CPU
		{503B5858-4665-47B9-8BD3-2BBE917291C2}.Test|Any CPU.ActiveCfg = Debug|Any CPU
		{503B5858-4665-47B9-8BD3-2BBE917291C2}.Test|Any CPU.Build.0 = Debug|Any CPU
		{503B5858-4665-47B9-8BD3-2BBE917291C2}.Test|Mixed Platforms.ActiveCfg = Debug|Any CPU
		{503B5858-4665-47B9-8BD3-2BBE917291C2}.Test|x86.ActiveCfg = Debug|Any CPU
		{503B5858-4665-47B9-8BD3-2BBE917291C2}.Test|x86.Build.0 = Debug|Any CPU
		{5055DB80-AAC2-4D67-B8D6-3511EDB093A1}.Analysis|Any CPU.ActiveCfg = Release|Any CPU
		{5055DB80-AAC2-4D67-B8D6-3511EDB093A1}.Analysis|Any CPU.Build.0 = Release|Any CPU
		{5055DB80-AAC2-4D67-B8D6-3511EDB093A1}.Analysis|Mixed Platforms.ActiveCfg = Release|Any CPU
		{5055DB80-AAC2-4D67-B8D6-3511EDB093A1}.Analysis|x86.ActiveCfg = Release|Any CPU
		{5055DB80-AAC2-4D67-B8D6-3511EDB093A1}.Analysis|x86.Build.0 = Release|Any CPU
		{5055DB80-AAC2-4D67-B8D6-3511EDB093A1}.Debug|Any CPU.ActiveCfg = Debug|Any CPU
		{5055DB80-AAC2-4D67-B8D6-3511EDB093A1}.Debug|Any CPU.Build.0 = Debug|Any CPU
		{5055DB80-AAC2-4D67-B8D6-3511EDB093A1}.Debug|Mixed Platforms.ActiveCfg = Debug|Any CPU
		{5055DB80-AAC2-4D67-B8D6-3511EDB093A1}.Debug|x86.ActiveCfg = Debug|Any CPU
		{5055DB80-AAC2-4D67-B8D6-3511EDB093A1}.Debug|x86.Build.0 = Debug|Any CPU
		{5055DB80-AAC2-4D67-B8D6-3511EDB093A1}.Release|Any CPU.ActiveCfg = Release|Any CPU
		{5055DB80-AAC2-4D67-B8D6-3511EDB093A1}.Release|Any CPU.Build.0 = Release|Any CPU
		{5055DB80-AAC2-4D67-B8D6-3511EDB093A1}.Release|Mixed Platforms.ActiveCfg = Release|Any CPU
		{5055DB80-AAC2-4D67-B8D6-3511EDB093A1}.Release|Mixed Platforms.Build.0 = Release|Any CPU
		{5055DB80-AAC2-4D67-B8D6-3511EDB093A1}.Release|x86.ActiveCfg = Release|Any CPU
		{5055DB80-AAC2-4D67-B8D6-3511EDB093A1}.Release|x86.Build.0 = Release|Any CPU
		{5055DB80-AAC2-4D67-B8D6-3511EDB093A1}.Test|Any CPU.ActiveCfg = Debug|Any CPU
		{5055DB80-AAC2-4D67-B8D6-3511EDB093A1}.Test|Any CPU.Build.0 = Debug|Any CPU
		{5055DB80-AAC2-4D67-B8D6-3511EDB093A1}.Test|Mixed Platforms.ActiveCfg = Debug|Any CPU
		{5055DB80-AAC2-4D67-B8D6-3511EDB093A1}.Test|x86.ActiveCfg = Debug|Any CPU
		{5055DB80-AAC2-4D67-B8D6-3511EDB093A1}.Test|x86.Build.0 = Debug|Any CPU
		{996A232B-3949-49F9-A1C0-6F69EDBBAAAC}.Analysis|Any CPU.ActiveCfg = Release|Any CPU
		{996A232B-3949-49F9-A1C0-6F69EDBBAAAC}.Analysis|Any CPU.Build.0 = Release|Any CPU
		{996A232B-3949-49F9-A1C0-6F69EDBBAAAC}.Analysis|Mixed Platforms.ActiveCfg = Release|Any CPU
		{996A232B-3949-49F9-A1C0-6F69EDBBAAAC}.Analysis|x86.ActiveCfg = Release|Any CPU
		{996A232B-3949-49F9-A1C0-6F69EDBBAAAC}.Analysis|x86.Build.0 = Release|Any CPU
		{996A232B-3949-49F9-A1C0-6F69EDBBAAAC}.Debug|Any CPU.ActiveCfg = Debug|Any CPU
		{996A232B-3949-49F9-A1C0-6F69EDBBAAAC}.Debug|Any CPU.Build.0 = Debug|Any CPU
		{996A232B-3949-49F9-A1C0-6F69EDBBAAAC}.Debug|Mixed Platforms.ActiveCfg = Debug|Any CPU
		{996A232B-3949-49F9-A1C0-6F69EDBBAAAC}.Debug|x86.ActiveCfg = Debug|Any CPU
		{996A232B-3949-49F9-A1C0-6F69EDBBAAAC}.Debug|x86.Build.0 = Debug|Any CPU
		{996A232B-3949-49F9-A1C0-6F69EDBBAAAC}.Release|Any CPU.ActiveCfg = Release|Any CPU
		{996A232B-3949-49F9-A1C0-6F69EDBBAAAC}.Release|Any CPU.Build.0 = Release|Any CPU
		{996A232B-3949-49F9-A1C0-6F69EDBBAAAC}.Release|Mixed Platforms.ActiveCfg = Release|Any CPU
		{996A232B-3949-49F9-A1C0-6F69EDBBAAAC}.Release|Mixed Platforms.Build.0 = Release|Any CPU
		{996A232B-3949-49F9-A1C0-6F69EDBBAAAC}.Release|x86.ActiveCfg = Release|Any CPU
		{996A232B-3949-49F9-A1C0-6F69EDBBAAAC}.Release|x86.Build.0 = Release|Any CPU
		{996A232B-3949-49F9-A1C0-6F69EDBBAAAC}.Test|Any CPU.ActiveCfg = Debug|Any CPU
		{996A232B-3949-49F9-A1C0-6F69EDBBAAAC}.Test|Any CPU.Build.0 = Debug|Any CPU
		{996A232B-3949-49F9-A1C0-6F69EDBBAAAC}.Test|Mixed Platforms.ActiveCfg = Debug|Any CPU
		{996A232B-3949-49F9-A1C0-6F69EDBBAAAC}.Test|x86.ActiveCfg = Debug|Any CPU
		{996A232B-3949-49F9-A1C0-6F69EDBBAAAC}.Test|x86.Build.0 = Debug|Any CPU
		{5D8691AB-BECA-44A7-865F-41274AF20950}.Analysis|Any CPU.ActiveCfg = Analysis|Any CPU
		{5D8691AB-BECA-44A7-865F-41274AF20950}.Analysis|Any CPU.Build.0 = Analysis|Any CPU
		{5D8691AB-BECA-44A7-865F-41274AF20950}.Analysis|Mixed Platforms.ActiveCfg = Analysis|Any CPU
		{5D8691AB-BECA-44A7-865F-41274AF20950}.Analysis|Mixed Platforms.Build.0 = Analysis|Any CPU
		{5D8691AB-BECA-44A7-865F-41274AF20950}.Analysis|x86.ActiveCfg = Analysis|Any CPU
		{5D8691AB-BECA-44A7-865F-41274AF20950}.Analysis|x86.Build.0 = Analysis|Any CPU
		{5D8691AB-BECA-44A7-865F-41274AF20950}.Debug|Any CPU.ActiveCfg = Debug|Any CPU
		{5D8691AB-BECA-44A7-865F-41274AF20950}.Debug|Any CPU.Build.0 = Debug|Any CPU
		{5D8691AB-BECA-44A7-865F-41274AF20950}.Debug|Mixed Platforms.ActiveCfg = Debug|Any CPU
		{5D8691AB-BECA-44A7-865F-41274AF20950}.Debug|Mixed Platforms.Build.0 = Debug|Any CPU
		{5D8691AB-BECA-44A7-865F-41274AF20950}.Debug|x86.ActiveCfg = Debug|Any CPU
		{5D8691AB-BECA-44A7-865F-41274AF20950}.Debug|x86.Build.0 = Debug|Any CPU
		{5D8691AB-BECA-44A7-865F-41274AF20950}.Release|Any CPU.ActiveCfg = Release|Any CPU
		{5D8691AB-BECA-44A7-865F-41274AF20950}.Release|Any CPU.Build.0 = Release|Any CPU
		{5D8691AB-BECA-44A7-865F-41274AF20950}.Release|Mixed Platforms.ActiveCfg = Release|Any CPU
		{5D8691AB-BECA-44A7-865F-41274AF20950}.Release|Mixed Platforms.Build.0 = Release|Any CPU
		{5D8691AB-BECA-44A7-865F-41274AF20950}.Release|x86.ActiveCfg = Release|Any CPU
		{5D8691AB-BECA-44A7-865F-41274AF20950}.Release|x86.Build.0 = Release|Any CPU
		{5D8691AB-BECA-44A7-865F-41274AF20950}.Test|Any CPU.ActiveCfg = Debug|Any CPU
		{5D8691AB-BECA-44A7-865F-41274AF20950}.Test|Any CPU.Build.0 = Debug|Any CPU
		{5D8691AB-BECA-44A7-865F-41274AF20950}.Test|Mixed Platforms.ActiveCfg = Debug|Any CPU
		{5D8691AB-BECA-44A7-865F-41274AF20950}.Test|Mixed Platforms.Build.0 = Debug|Any CPU
		{5D8691AB-BECA-44A7-865F-41274AF20950}.Test|x86.ActiveCfg = Debug|Any CPU
		{5D8691AB-BECA-44A7-865F-41274AF20950}.Test|x86.Build.0 = Debug|Any CPU
		{CB45393D-18C7-47B3-A16B-2B62C1C66A77}.Analysis|Any CPU.ActiveCfg = Analysis|Any CPU
		{CB45393D-18C7-47B3-A16B-2B62C1C66A77}.Analysis|Any CPU.Build.0 = Analysis|Any CPU
		{CB45393D-18C7-47B3-A16B-2B62C1C66A77}.Analysis|Mixed Platforms.ActiveCfg = Analysis|Any CPU
		{CB45393D-18C7-47B3-A16B-2B62C1C66A77}.Analysis|Mixed Platforms.Build.0 = Analysis|Any CPU
		{CB45393D-18C7-47B3-A16B-2B62C1C66A77}.Analysis|x86.ActiveCfg = Analysis|Any CPU
		{CB45393D-18C7-47B3-A16B-2B62C1C66A77}.Analysis|x86.Build.0 = Analysis|Any CPU
		{CB45393D-18C7-47B3-A16B-2B62C1C66A77}.Debug|Any CPU.ActiveCfg = Debug|Any CPU
		{CB45393D-18C7-47B3-A16B-2B62C1C66A77}.Debug|Any CPU.Build.0 = Debug|Any CPU
		{CB45393D-18C7-47B3-A16B-2B62C1C66A77}.Debug|Mixed Platforms.ActiveCfg = Debug|Any CPU
		{CB45393D-18C7-47B3-A16B-2B62C1C66A77}.Debug|Mixed Platforms.Build.0 = Debug|Any CPU
		{CB45393D-18C7-47B3-A16B-2B62C1C66A77}.Debug|x86.ActiveCfg = Debug|Any CPU
		{CB45393D-18C7-47B3-A16B-2B62C1C66A77}.Debug|x86.Build.0 = Debug|Any CPU
		{CB45393D-18C7-47B3-A16B-2B62C1C66A77}.Release|Any CPU.ActiveCfg = Release|Any CPU
		{CB45393D-18C7-47B3-A16B-2B62C1C66A77}.Release|Any CPU.Build.0 = Release|Any CPU
		{CB45393D-18C7-47B3-A16B-2B62C1C66A77}.Release|Mixed Platforms.ActiveCfg = Release|Any CPU
		{CB45393D-18C7-47B3-A16B-2B62C1C66A77}.Release|Mixed Platforms.Build.0 = Release|Any CPU
		{CB45393D-18C7-47B3-A16B-2B62C1C66A77}.Release|x86.ActiveCfg = Release|Any CPU
		{CB45393D-18C7-47B3-A16B-2B62C1C66A77}.Release|x86.Build.0 = Release|Any CPU
		{CB45393D-18C7-47B3-A16B-2B62C1C66A77}.Test|Any CPU.ActiveCfg = Debug|Any CPU
		{CB45393D-18C7-47B3-A16B-2B62C1C66A77}.Test|Any CPU.Build.0 = Debug|Any CPU
		{CB45393D-18C7-47B3-A16B-2B62C1C66A77}.Test|Mixed Platforms.ActiveCfg = Debug|Any CPU
		{CB45393D-18C7-47B3-A16B-2B62C1C66A77}.Test|Mixed Platforms.Build.0 = Debug|Any CPU
		{CB45393D-18C7-47B3-A16B-2B62C1C66A77}.Test|x86.ActiveCfg = Debug|Any CPU
		{CB45393D-18C7-47B3-A16B-2B62C1C66A77}.Test|x86.Build.0 = Debug|Any CPU
		{E36AF529-F151-4B39-92F1-115C31BCB746}.Analysis|Any CPU.ActiveCfg = Analysis|Any CPU
		{E36AF529-F151-4B39-92F1-115C31BCB746}.Analysis|Any CPU.Build.0 = Analysis|Any CPU
		{E36AF529-F151-4B39-92F1-115C31BCB746}.Analysis|Mixed Platforms.ActiveCfg = Analysis|Any CPU
		{E36AF529-F151-4B39-92F1-115C31BCB746}.Analysis|Mixed Platforms.Build.0 = Analysis|Any CPU
		{E36AF529-F151-4B39-92F1-115C31BCB746}.Analysis|x86.ActiveCfg = Analysis|Any CPU
		{E36AF529-F151-4B39-92F1-115C31BCB746}.Analysis|x86.Build.0 = Analysis|Any CPU
		{E36AF529-F151-4B39-92F1-115C31BCB746}.Debug|Any CPU.ActiveCfg = Debug|Any CPU
		{E36AF529-F151-4B39-92F1-115C31BCB746}.Debug|Any CPU.Build.0 = Debug|Any CPU
		{E36AF529-F151-4B39-92F1-115C31BCB746}.Debug|Mixed Platforms.ActiveCfg = Debug|Any CPU
		{E36AF529-F151-4B39-92F1-115C31BCB746}.Debug|Mixed Platforms.Build.0 = Debug|Any CPU
		{E36AF529-F151-4B39-92F1-115C31BCB746}.Debug|x86.ActiveCfg = Debug|Any CPU
		{E36AF529-F151-4B39-92F1-115C31BCB746}.Debug|x86.Build.0 = Debug|Any CPU
		{E36AF529-F151-4B39-92F1-115C31BCB746}.Release|Any CPU.ActiveCfg = Release|Any CPU
		{E36AF529-F151-4B39-92F1-115C31BCB746}.Release|Any CPU.Build.0 = Release|Any CPU
		{E36AF529-F151-4B39-92F1-115C31BCB746}.Release|Mixed Platforms.ActiveCfg = Release|Any CPU
		{E36AF529-F151-4B39-92F1-115C31BCB746}.Release|Mixed Platforms.Build.0 = Release|Any CPU
		{E36AF529-F151-4B39-92F1-115C31BCB746}.Release|x86.ActiveCfg = Release|Any CPU
		{E36AF529-F151-4B39-92F1-115C31BCB746}.Release|x86.Build.0 = Release|Any CPU
		{E36AF529-F151-4B39-92F1-115C31BCB746}.Test|Any CPU.ActiveCfg = Debug|Any CPU
		{E36AF529-F151-4B39-92F1-115C31BCB746}.Test|Any CPU.Build.0 = Debug|Any CPU
		{E36AF529-F151-4B39-92F1-115C31BCB746}.Test|Mixed Platforms.ActiveCfg = Debug|Any CPU
		{E36AF529-F151-4B39-92F1-115C31BCB746}.Test|Mixed Platforms.Build.0 = Debug|Any CPU
		{E36AF529-F151-4B39-92F1-115C31BCB746}.Test|x86.ActiveCfg = Debug|Any CPU
		{E36AF529-F151-4B39-92F1-115C31BCB746}.Test|x86.Build.0 = Debug|Any CPU
		{ACD64769-D795-4230-AC94-59ACC5E52DE5}.Analysis|Any CPU.ActiveCfg = Analysis|Any CPU
		{ACD64769-D795-4230-AC94-59ACC5E52DE5}.Analysis|Any CPU.Build.0 = Analysis|Any CPU
		{ACD64769-D795-4230-AC94-59ACC5E52DE5}.Analysis|Mixed Platforms.ActiveCfg = Analysis|Any CPU
		{ACD64769-D795-4230-AC94-59ACC5E52DE5}.Analysis|Mixed Platforms.Build.0 = Analysis|Any CPU
		{ACD64769-D795-4230-AC94-59ACC5E52DE5}.Analysis|x86.ActiveCfg = Analysis|Any CPU
		{ACD64769-D795-4230-AC94-59ACC5E52DE5}.Analysis|x86.Build.0 = Analysis|Any CPU
		{ACD64769-D795-4230-AC94-59ACC5E52DE5}.Debug|Any CPU.ActiveCfg = Debug|Any CPU
		{ACD64769-D795-4230-AC94-59ACC5E52DE5}.Debug|Any CPU.Build.0 = Debug|Any CPU
		{ACD64769-D795-4230-AC94-59ACC5E52DE5}.Debug|Mixed Platforms.ActiveCfg = Debug|Any CPU
		{ACD64769-D795-4230-AC94-59ACC5E52DE5}.Debug|Mixed Platforms.Build.0 = Debug|Any CPU
		{ACD64769-D795-4230-AC94-59ACC5E52DE5}.Debug|x86.ActiveCfg = Debug|Any CPU
		{ACD64769-D795-4230-AC94-59ACC5E52DE5}.Debug|x86.Build.0 = Debug|Any CPU
		{ACD64769-D795-4230-AC94-59ACC5E52DE5}.Release|Any CPU.ActiveCfg = Release|Any CPU
		{ACD64769-D795-4230-AC94-59ACC5E52DE5}.Release|Any CPU.Build.0 = Release|Any CPU
		{ACD64769-D795-4230-AC94-59ACC5E52DE5}.Release|Mixed Platforms.ActiveCfg = Release|Any CPU
		{ACD64769-D795-4230-AC94-59ACC5E52DE5}.Release|Mixed Platforms.Build.0 = Release|Any CPU
		{ACD64769-D795-4230-AC94-59ACC5E52DE5}.Release|x86.ActiveCfg = Release|Any CPU
		{ACD64769-D795-4230-AC94-59ACC5E52DE5}.Release|x86.Build.0 = Release|Any CPU
		{ACD64769-D795-4230-AC94-59ACC5E52DE5}.Test|Any CPU.ActiveCfg = Debug|Any CPU
		{ACD64769-D795-4230-AC94-59ACC5E52DE5}.Test|Any CPU.Build.0 = Debug|Any CPU
		{ACD64769-D795-4230-AC94-59ACC5E52DE5}.Test|Mixed Platforms.ActiveCfg = Debug|Any CPU
		{ACD64769-D795-4230-AC94-59ACC5E52DE5}.Test|Mixed Platforms.Build.0 = Debug|Any CPU
		{ACD64769-D795-4230-AC94-59ACC5E52DE5}.Test|x86.ActiveCfg = Debug|Any CPU
		{ACD64769-D795-4230-AC94-59ACC5E52DE5}.Test|x86.Build.0 = Debug|Any CPU
		{BBB026F9-43EA-4AA8-BDBF-CB934C390E45}.Analysis|Any CPU.ActiveCfg = Release|Any CPU
		{BBB026F9-43EA-4AA8-BDBF-CB934C390E45}.Analysis|Any CPU.Build.0 = Release|Any CPU
		{BBB026F9-43EA-4AA8-BDBF-CB934C390E45}.Analysis|Mixed Platforms.ActiveCfg = Debug|Any CPU
		{BBB026F9-43EA-4AA8-BDBF-CB934C390E45}.Analysis|x86.ActiveCfg = Release|x86
		{BBB026F9-43EA-4AA8-BDBF-CB934C390E45}.Analysis|x86.Build.0 = Release|x86
		{BBB026F9-43EA-4AA8-BDBF-CB934C390E45}.Debug|Any CPU.ActiveCfg = Debug|Any CPU
		{BBB026F9-43EA-4AA8-BDBF-CB934C390E45}.Debug|Any CPU.Build.0 = Debug|Any CPU
		{BBB026F9-43EA-4AA8-BDBF-CB934C390E45}.Debug|Mixed Platforms.ActiveCfg = Debug|Any CPU
		{BBB026F9-43EA-4AA8-BDBF-CB934C390E45}.Debug|Mixed Platforms.Build.0 = Debug|Any CPU
		{BBB026F9-43EA-4AA8-BDBF-CB934C390E45}.Debug|x86.ActiveCfg = Debug|x86
		{BBB026F9-43EA-4AA8-BDBF-CB934C390E45}.Debug|x86.Build.0 = Debug|x86
		{BBB026F9-43EA-4AA8-BDBF-CB934C390E45}.Release|Any CPU.ActiveCfg = Release|Any CPU
		{BBB026F9-43EA-4AA8-BDBF-CB934C390E45}.Release|Any CPU.Build.0 = Release|Any CPU
		{BBB026F9-43EA-4AA8-BDBF-CB934C390E45}.Release|Mixed Platforms.ActiveCfg = Release|Any CPU
		{BBB026F9-43EA-4AA8-BDBF-CB934C390E45}.Release|Mixed Platforms.Build.0 = Release|Any CPU
		{BBB026F9-43EA-4AA8-BDBF-CB934C390E45}.Release|x86.ActiveCfg = Release|x86
		{BBB026F9-43EA-4AA8-BDBF-CB934C390E45}.Release|x86.Build.0 = Release|x86
		{BBB026F9-43EA-4AA8-BDBF-CB934C390E45}.Test|Any CPU.ActiveCfg = Debug|Any CPU
		{BBB026F9-43EA-4AA8-BDBF-CB934C390E45}.Test|Any CPU.Build.0 = Debug|Any CPU
		{BBB026F9-43EA-4AA8-BDBF-CB934C390E45}.Test|Mixed Platforms.ActiveCfg = Debug|Any CPU
		{BBB026F9-43EA-4AA8-BDBF-CB934C390E45}.Test|x86.ActiveCfg = Debug|x86
		{BBB026F9-43EA-4AA8-BDBF-CB934C390E45}.Test|x86.Build.0 = Debug|x86
		{9C87D82C-0E27-4995-A2CB-72BCB84EF2E2}.Analysis|Any CPU.ActiveCfg = Release|Any CPU
		{9C87D82C-0E27-4995-A2CB-72BCB84EF2E2}.Analysis|Any CPU.Build.0 = Release|Any CPU
		{9C87D82C-0E27-4995-A2CB-72BCB84EF2E2}.Analysis|Mixed Platforms.ActiveCfg = Release|Any CPU
		{9C87D82C-0E27-4995-A2CB-72BCB84EF2E2}.Analysis|x86.ActiveCfg = Release|Any CPU
		{9C87D82C-0E27-4995-A2CB-72BCB84EF2E2}.Analysis|x86.Build.0 = Release|Any CPU
		{9C87D82C-0E27-4995-A2CB-72BCB84EF2E2}.Debug|Any CPU.ActiveCfg = Debug|Any CPU
		{9C87D82C-0E27-4995-A2CB-72BCB84EF2E2}.Debug|Any CPU.Build.0 = Debug|Any CPU
		{9C87D82C-0E27-4995-A2CB-72BCB84EF2E2}.Debug|Mixed Platforms.ActiveCfg = Release|Any CPU
		{9C87D82C-0E27-4995-A2CB-72BCB84EF2E2}.Debug|x86.ActiveCfg = Debug|Any CPU
		{9C87D82C-0E27-4995-A2CB-72BCB84EF2E2}.Debug|x86.Build.0 = Debug|Any CPU
		{9C87D82C-0E27-4995-A2CB-72BCB84EF2E2}.Release|Any CPU.ActiveCfg = Release|Any CPU
		{9C87D82C-0E27-4995-A2CB-72BCB84EF2E2}.Release|Any CPU.Build.0 = Release|Any CPU
		{9C87D82C-0E27-4995-A2CB-72BCB84EF2E2}.Release|Mixed Platforms.ActiveCfg = Release|Any CPU
		{9C87D82C-0E27-4995-A2CB-72BCB84EF2E2}.Release|Mixed Platforms.Build.0 = Release|Any CPU
		{9C87D82C-0E27-4995-A2CB-72BCB84EF2E2}.Release|x86.ActiveCfg = Release|Any CPU
		{9C87D82C-0E27-4995-A2CB-72BCB84EF2E2}.Release|x86.Build.0 = Release|Any CPU
		{9C87D82C-0E27-4995-A2CB-72BCB84EF2E2}.Test|Any CPU.ActiveCfg = Debug|Any CPU
		{9C87D82C-0E27-4995-A2CB-72BCB84EF2E2}.Test|Any CPU.Build.0 = Debug|Any CPU
		{9C87D82C-0E27-4995-A2CB-72BCB84EF2E2}.Test|Mixed Platforms.ActiveCfg = Release|Any CPU
		{9C87D82C-0E27-4995-A2CB-72BCB84EF2E2}.Test|x86.ActiveCfg = Debug|Any CPU
		{9C87D82C-0E27-4995-A2CB-72BCB84EF2E2}.Test|x86.Build.0 = Debug|Any CPU
		{67264662-CA03-4ED0-8924-5843307E4B53}.Analysis|Any CPU.ActiveCfg = Release|Any CPU
		{67264662-CA03-4ED0-8924-5843307E4B53}.Analysis|Any CPU.Build.0 = Release|Any CPU
		{67264662-CA03-4ED0-8924-5843307E4B53}.Analysis|Mixed Platforms.ActiveCfg = Release|Any CPU
		{67264662-CA03-4ED0-8924-5843307E4B53}.Analysis|x86.ActiveCfg = Release|Any CPU
		{67264662-CA03-4ED0-8924-5843307E4B53}.Analysis|x86.Build.0 = Release|Any CPU
		{67264662-CA03-4ED0-8924-5843307E4B53}.Debug|Any CPU.ActiveCfg = Debug|Any CPU
		{67264662-CA03-4ED0-8924-5843307E4B53}.Debug|Any CPU.Build.0 = Debug|Any CPU
		{67264662-CA03-4ED0-8924-5843307E4B53}.Debug|Mixed Platforms.ActiveCfg = Release|Any CPU
		{67264662-CA03-4ED0-8924-5843307E4B53}.Debug|x86.ActiveCfg = Debug|Any CPU
		{67264662-CA03-4ED0-8924-5843307E4B53}.Debug|x86.Build.0 = Debug|Any CPU
		{67264662-CA03-4ED0-8924-5843307E4B53}.Release|Any CPU.ActiveCfg = Release|Any CPU
		{67264662-CA03-4ED0-8924-5843307E4B53}.Release|Any CPU.Build.0 = Release|Any CPU
		{67264662-CA03-4ED0-8924-5843307E4B53}.Release|Mixed Platforms.ActiveCfg = Release|Any CPU
		{67264662-CA03-4ED0-8924-5843307E4B53}.Release|Mixed Platforms.Build.0 = Release|Any CPU
		{67264662-CA03-4ED0-8924-5843307E4B53}.Release|x86.ActiveCfg = Release|Any CPU
		{67264662-CA03-4ED0-8924-5843307E4B53}.Release|x86.Build.0 = Release|Any CPU
		{67264662-CA03-4ED0-8924-5843307E4B53}.Test|Any CPU.ActiveCfg = Debug|Any CPU
		{67264662-CA03-4ED0-8924-5843307E4B53}.Test|Any CPU.Build.0 = Debug|Any CPU
		{67264662-CA03-4ED0-8924-5843307E4B53}.Test|Mixed Platforms.ActiveCfg = Release|Any CPU
		{67264662-CA03-4ED0-8924-5843307E4B53}.Test|x86.ActiveCfg = Debug|Any CPU
		{67264662-CA03-4ED0-8924-5843307E4B53}.Test|x86.Build.0 = Debug|Any CPU
		{F4799C73-DEE9-48F2-B626-32149CC30976}.Analysis|Any CPU.ActiveCfg = Release|Any CPU
		{F4799C73-DEE9-48F2-B626-32149CC30976}.Analysis|Any CPU.Build.0 = Release|Any CPU
		{F4799C73-DEE9-48F2-B626-32149CC30976}.Analysis|Mixed Platforms.ActiveCfg = Release|Any CPU
		{F4799C73-DEE9-48F2-B626-32149CC30976}.Analysis|x86.ActiveCfg = Release|Any CPU
		{F4799C73-DEE9-48F2-B626-32149CC30976}.Analysis|x86.Build.0 = Release|Any CPU
		{F4799C73-DEE9-48F2-B626-32149CC30976}.Debug|Any CPU.ActiveCfg = Debug|Any CPU
		{F4799C73-DEE9-48F2-B626-32149CC30976}.Debug|Any CPU.Build.0 = Debug|Any CPU
		{F4799C73-DEE9-48F2-B626-32149CC30976}.Debug|Mixed Platforms.ActiveCfg = Release|Any CPU
		{F4799C73-DEE9-48F2-B626-32149CC30976}.Debug|x86.ActiveCfg = Debug|Any CPU
		{F4799C73-DEE9-48F2-B626-32149CC30976}.Debug|x86.Build.0 = Debug|Any CPU
		{F4799C73-DEE9-48F2-B626-32149CC30976}.Release|Any CPU.ActiveCfg = Release|Any CPU
		{F4799C73-DEE9-48F2-B626-32149CC30976}.Release|Any CPU.Build.0 = Release|Any CPU
		{F4799C73-DEE9-48F2-B626-32149CC30976}.Release|Mixed Platforms.ActiveCfg = Release|Any CPU
		{F4799C73-DEE9-48F2-B626-32149CC30976}.Release|Mixed Platforms.Build.0 = Release|Any CPU
		{F4799C73-DEE9-48F2-B626-32149CC30976}.Release|x86.ActiveCfg = Release|Any CPU
		{F4799C73-DEE9-48F2-B626-32149CC30976}.Release|x86.Build.0 = Release|Any CPU
		{F4799C73-DEE9-48F2-B626-32149CC30976}.Test|Any CPU.ActiveCfg = Debug|Any CPU
		{F4799C73-DEE9-48F2-B626-32149CC30976}.Test|Any CPU.Build.0 = Debug|Any CPU
		{F4799C73-DEE9-48F2-B626-32149CC30976}.Test|Mixed Platforms.ActiveCfg = Release|Any CPU
		{F4799C73-DEE9-48F2-B626-32149CC30976}.Test|x86.ActiveCfg = Debug|Any CPU
		{F4799C73-DEE9-48F2-B626-32149CC30976}.Test|x86.Build.0 = Debug|Any CPU
		{ECAA3D55-19AB-440B-B82E-221AE06C4A5B}.Analysis|Any CPU.ActiveCfg = Release|Any CPU
		{ECAA3D55-19AB-440B-B82E-221AE06C4A5B}.Analysis|Any CPU.Build.0 = Release|Any CPU
		{ECAA3D55-19AB-440B-B82E-221AE06C4A5B}.Analysis|Mixed Platforms.ActiveCfg = Release|Any CPU
		{ECAA3D55-19AB-440B-B82E-221AE06C4A5B}.Analysis|x86.ActiveCfg = Release|Any CPU
		{ECAA3D55-19AB-440B-B82E-221AE06C4A5B}.Analysis|x86.Build.0 = Release|Any CPU
		{ECAA3D55-19AB-440B-B82E-221AE06C4A5B}.Debug|Any CPU.ActiveCfg = Debug|Any CPU
		{ECAA3D55-19AB-440B-B82E-221AE06C4A5B}.Debug|Any CPU.Build.0 = Debug|Any CPU
		{ECAA3D55-19AB-440B-B82E-221AE06C4A5B}.Debug|Mixed Platforms.ActiveCfg = Release|Any CPU
		{ECAA3D55-19AB-440B-B82E-221AE06C4A5B}.Debug|x86.ActiveCfg = Debug|Any CPU
		{ECAA3D55-19AB-440B-B82E-221AE06C4A5B}.Debug|x86.Build.0 = Debug|Any CPU
		{ECAA3D55-19AB-440B-B82E-221AE06C4A5B}.Release|Any CPU.ActiveCfg = Release|Any CPU
		{ECAA3D55-19AB-440B-B82E-221AE06C4A5B}.Release|Any CPU.Build.0 = Release|Any CPU
		{ECAA3D55-19AB-440B-B82E-221AE06C4A5B}.Release|Mixed Platforms.ActiveCfg = Release|Any CPU
		{ECAA3D55-19AB-440B-B82E-221AE06C4A5B}.Release|Mixed Platforms.Build.0 = Release|Any CPU
		{ECAA3D55-19AB-440B-B82E-221AE06C4A5B}.Release|x86.ActiveCfg = Release|Any CPU
		{ECAA3D55-19AB-440B-B82E-221AE06C4A5B}.Release|x86.Build.0 = Release|Any CPU
		{ECAA3D55-19AB-440B-B82E-221AE06C4A5B}.Test|Any CPU.ActiveCfg = Debug|Any CPU
		{ECAA3D55-19AB-440B-B82E-221AE06C4A5B}.Test|Any CPU.Build.0 = Debug|Any CPU
		{ECAA3D55-19AB-440B-B82E-221AE06C4A5B}.Test|Mixed Platforms.ActiveCfg = Release|Any CPU
		{ECAA3D55-19AB-440B-B82E-221AE06C4A5B}.Test|x86.ActiveCfg = Debug|Any CPU
		{ECAA3D55-19AB-440B-B82E-221AE06C4A5B}.Test|x86.Build.0 = Debug|Any CPU
		{0E6DFEB9-E4C4-46DB-BB5F-424F7275D114}.Analysis|Any CPU.ActiveCfg = Release|Any CPU
		{0E6DFEB9-E4C4-46DB-BB5F-424F7275D114}.Analysis|Any CPU.Build.0 = Release|Any CPU
		{0E6DFEB9-E4C4-46DB-BB5F-424F7275D114}.Analysis|Mixed Platforms.ActiveCfg = Release|Any CPU
		{0E6DFEB9-E4C4-46DB-BB5F-424F7275D114}.Analysis|x86.ActiveCfg = Release|Any CPU
		{0E6DFEB9-E4C4-46DB-BB5F-424F7275D114}.Analysis|x86.Build.0 = Release|Any CPU
		{0E6DFEB9-E4C4-46DB-BB5F-424F7275D114}.Debug|Any CPU.ActiveCfg = Debug|Any CPU
		{0E6DFEB9-E4C4-46DB-BB5F-424F7275D114}.Debug|Any CPU.Build.0 = Debug|Any CPU
		{0E6DFEB9-E4C4-46DB-BB5F-424F7275D114}.Debug|Mixed Platforms.ActiveCfg = Release|Any CPU
		{0E6DFEB9-E4C4-46DB-BB5F-424F7275D114}.Debug|x86.ActiveCfg = Debug|Any CPU
		{0E6DFEB9-E4C4-46DB-BB5F-424F7275D114}.Debug|x86.Build.0 = Debug|Any CPU
		{0E6DFEB9-E4C4-46DB-BB5F-424F7275D114}.Release|Any CPU.ActiveCfg = Release|Any CPU
		{0E6DFEB9-E4C4-46DB-BB5F-424F7275D114}.Release|Any CPU.Build.0 = Release|Any CPU
		{0E6DFEB9-E4C4-46DB-BB5F-424F7275D114}.Release|Mixed Platforms.ActiveCfg = Release|Any CPU
		{0E6DFEB9-E4C4-46DB-BB5F-424F7275D114}.Release|Mixed Platforms.Build.0 = Release|Any CPU
		{0E6DFEB9-E4C4-46DB-BB5F-424F7275D114}.Release|x86.ActiveCfg = Release|Any CPU
		{0E6DFEB9-E4C4-46DB-BB5F-424F7275D114}.Release|x86.Build.0 = Release|Any CPU
		{0E6DFEB9-E4C4-46DB-BB5F-424F7275D114}.Test|Any CPU.ActiveCfg = Debug|Any CPU
		{0E6DFEB9-E4C4-46DB-BB5F-424F7275D114}.Test|Any CPU.Build.0 = Debug|Any CPU
		{0E6DFEB9-E4C4-46DB-BB5F-424F7275D114}.Test|Mixed Platforms.ActiveCfg = Release|Any CPU
		{0E6DFEB9-E4C4-46DB-BB5F-424F7275D114}.Test|x86.ActiveCfg = Debug|Any CPU
		{0E6DFEB9-E4C4-46DB-BB5F-424F7275D114}.Test|x86.Build.0 = Debug|Any CPU
		{37B08AFD-F4BC-4E13-9119-537BA6A12CCB}.Analysis|Any CPU.ActiveCfg = Release|Any CPU
		{37B08AFD-F4BC-4E13-9119-537BA6A12CCB}.Analysis|Any CPU.Build.0 = Release|Any CPU
		{37B08AFD-F4BC-4E13-9119-537BA6A12CCB}.Analysis|Mixed Platforms.ActiveCfg = Release|Any CPU
		{37B08AFD-F4BC-4E13-9119-537BA6A12CCB}.Analysis|x86.ActiveCfg = Release|Any CPU
		{37B08AFD-F4BC-4E13-9119-537BA6A12CCB}.Analysis|x86.Build.0 = Release|Any CPU
		{37B08AFD-F4BC-4E13-9119-537BA6A12CCB}.Debug|Any CPU.ActiveCfg = Debug|Any CPU
		{37B08AFD-F4BC-4E13-9119-537BA6A12CCB}.Debug|Any CPU.Build.0 = Debug|Any CPU
		{37B08AFD-F4BC-4E13-9119-537BA6A12CCB}.Debug|Mixed Platforms.ActiveCfg = Release|Any CPU
		{37B08AFD-F4BC-4E13-9119-537BA6A12CCB}.Debug|x86.ActiveCfg = Debug|Any CPU
		{37B08AFD-F4BC-4E13-9119-537BA6A12CCB}.Debug|x86.Build.0 = Debug|Any CPU
		{37B08AFD-F4BC-4E13-9119-537BA6A12CCB}.Release|Any CPU.ActiveCfg = Release|Any CPU
		{37B08AFD-F4BC-4E13-9119-537BA6A12CCB}.Release|Any CPU.Build.0 = Release|Any CPU
		{37B08AFD-F4BC-4E13-9119-537BA6A12CCB}.Release|Mixed Platforms.ActiveCfg = Release|Any CPU
		{37B08AFD-F4BC-4E13-9119-537BA6A12CCB}.Release|Mixed Platforms.Build.0 = Release|Any CPU
		{37B08AFD-F4BC-4E13-9119-537BA6A12CCB}.Release|x86.ActiveCfg = Release|Any CPU
		{37B08AFD-F4BC-4E13-9119-537BA6A12CCB}.Release|x86.Build.0 = Release|Any CPU
		{37B08AFD-F4BC-4E13-9119-537BA6A12CCB}.Test|Any CPU.ActiveCfg = Debug|Any CPU
		{37B08AFD-F4BC-4E13-9119-537BA6A12CCB}.Test|Any CPU.Build.0 = Debug|Any CPU
		{37B08AFD-F4BC-4E13-9119-537BA6A12CCB}.Test|Mixed Platforms.ActiveCfg = Release|Any CPU
		{37B08AFD-F4BC-4E13-9119-537BA6A12CCB}.Test|x86.ActiveCfg = Debug|Any CPU
		{37B08AFD-F4BC-4E13-9119-537BA6A12CCB}.Test|x86.Build.0 = Debug|Any CPU
		{1E7E3A00-57A6-48C4-A19E-926BADC501B6}.Analysis|Any CPU.ActiveCfg = Release|Any CPU
		{1E7E3A00-57A6-48C4-A19E-926BADC501B6}.Analysis|Any CPU.Build.0 = Release|Any CPU
		{1E7E3A00-57A6-48C4-A19E-926BADC501B6}.Analysis|Mixed Platforms.ActiveCfg = Release|Any CPU
		{1E7E3A00-57A6-48C4-A19E-926BADC501B6}.Analysis|x86.ActiveCfg = Release|Any CPU
		{1E7E3A00-57A6-48C4-A19E-926BADC501B6}.Analysis|x86.Build.0 = Release|Any CPU
		{1E7E3A00-57A6-48C4-A19E-926BADC501B6}.Debug|Any CPU.ActiveCfg = Debug|Any CPU
		{1E7E3A00-57A6-48C4-A19E-926BADC501B6}.Debug|Any CPU.Build.0 = Debug|Any CPU
		{1E7E3A00-57A6-48C4-A19E-926BADC501B6}.Debug|Mixed Platforms.ActiveCfg = Release|Any CPU
		{1E7E3A00-57A6-48C4-A19E-926BADC501B6}.Debug|x86.ActiveCfg = Debug|Any CPU
		{1E7E3A00-57A6-48C4-A19E-926BADC501B6}.Debug|x86.Build.0 = Debug|Any CPU
		{1E7E3A00-57A6-48C4-A19E-926BADC501B6}.Release|Any CPU.ActiveCfg = Release|Any CPU
		{1E7E3A00-57A6-48C4-A19E-926BADC501B6}.Release|Any CPU.Build.0 = Release|Any CPU
		{1E7E3A00-57A6-48C4-A19E-926BADC501B6}.Release|Mixed Platforms.ActiveCfg = Release|Any CPU
		{1E7E3A00-57A6-48C4-A19E-926BADC501B6}.Release|Mixed Platforms.Build.0 = Release|Any CPU
		{1E7E3A00-57A6-48C4-A19E-926BADC501B6}.Release|x86.ActiveCfg = Release|Any CPU
		{1E7E3A00-57A6-48C4-A19E-926BADC501B6}.Release|x86.Build.0 = Release|Any CPU
		{1E7E3A00-57A6-48C4-A19E-926BADC501B6}.Test|Any CPU.ActiveCfg = Debug|Any CPU
		{1E7E3A00-57A6-48C4-A19E-926BADC501B6}.Test|Any CPU.Build.0 = Debug|Any CPU
		{1E7E3A00-57A6-48C4-A19E-926BADC501B6}.Test|Mixed Platforms.ActiveCfg = Release|Any CPU
		{1E7E3A00-57A6-48C4-A19E-926BADC501B6}.Test|x86.ActiveCfg = Debug|Any CPU
		{1E7E3A00-57A6-48C4-A19E-926BADC501B6}.Test|x86.Build.0 = Debug|Any CPU
		{C288D9C9-FCEF-4DD4-86C3-60DDFA0F2A9D}.Analysis|Any CPU.ActiveCfg = Release|Any CPU
		{C288D9C9-FCEF-4DD4-86C3-60DDFA0F2A9D}.Analysis|Any CPU.Build.0 = Release|Any CPU
		{C288D9C9-FCEF-4DD4-86C3-60DDFA0F2A9D}.Analysis|Mixed Platforms.ActiveCfg = Release|Any CPU
		{C288D9C9-FCEF-4DD4-86C3-60DDFA0F2A9D}.Analysis|x86.ActiveCfg = Release|Any CPU
		{C288D9C9-FCEF-4DD4-86C3-60DDFA0F2A9D}.Analysis|x86.Build.0 = Release|Any CPU
		{C288D9C9-FCEF-4DD4-86C3-60DDFA0F2A9D}.Debug|Any CPU.ActiveCfg = Debug|Any CPU
		{C288D9C9-FCEF-4DD4-86C3-60DDFA0F2A9D}.Debug|Any CPU.Build.0 = Debug|Any CPU
		{C288D9C9-FCEF-4DD4-86C3-60DDFA0F2A9D}.Debug|Mixed Platforms.ActiveCfg = Release|Any CPU
		{C288D9C9-FCEF-4DD4-86C3-60DDFA0F2A9D}.Debug|x86.ActiveCfg = Debug|Any CPU
		{C288D9C9-FCEF-4DD4-86C3-60DDFA0F2A9D}.Debug|x86.Build.0 = Debug|Any CPU
		{C288D9C9-FCEF-4DD4-86C3-60DDFA0F2A9D}.Release|Any CPU.ActiveCfg = Release|Any CPU
		{C288D9C9-FCEF-4DD4-86C3-60DDFA0F2A9D}.Release|Any CPU.Build.0 = Release|Any CPU
		{C288D9C9-FCEF-4DD4-86C3-60DDFA0F2A9D}.Release|Mixed Platforms.ActiveCfg = Release|Any CPU
		{C288D9C9-FCEF-4DD4-86C3-60DDFA0F2A9D}.Release|Mixed Platforms.Build.0 = Release|Any CPU
		{C288D9C9-FCEF-4DD4-86C3-60DDFA0F2A9D}.Release|x86.ActiveCfg = Release|Any CPU
		{C288D9C9-FCEF-4DD4-86C3-60DDFA0F2A9D}.Release|x86.Build.0 = Release|Any CPU
		{C288D9C9-FCEF-4DD4-86C3-60DDFA0F2A9D}.Test|Any CPU.ActiveCfg = Debug|Any CPU
		{C288D9C9-FCEF-4DD4-86C3-60DDFA0F2A9D}.Test|Any CPU.Build.0 = Debug|Any CPU
		{C288D9C9-FCEF-4DD4-86C3-60DDFA0F2A9D}.Test|Mixed Platforms.ActiveCfg = Release|Any CPU
		{C288D9C9-FCEF-4DD4-86C3-60DDFA0F2A9D}.Test|x86.ActiveCfg = Debug|Any CPU
		{C288D9C9-FCEF-4DD4-86C3-60DDFA0F2A9D}.Test|x86.Build.0 = Debug|Any CPU
		{7BF91116-088D-4398-A330-7EF2554F41A3}.Analysis|Any CPU.ActiveCfg = Release|Any CPU
		{7BF91116-088D-4398-A330-7EF2554F41A3}.Analysis|Any CPU.Build.0 = Release|Any CPU
		{7BF91116-088D-4398-A330-7EF2554F41A3}.Analysis|Mixed Platforms.ActiveCfg = Release|Any CPU
		{7BF91116-088D-4398-A330-7EF2554F41A3}.Analysis|x86.ActiveCfg = Release|Any CPU
		{7BF91116-088D-4398-A330-7EF2554F41A3}.Analysis|x86.Build.0 = Release|Any CPU
		{7BF91116-088D-4398-A330-7EF2554F41A3}.Debug|Any CPU.ActiveCfg = Debug|Any CPU
		{7BF91116-088D-4398-A330-7EF2554F41A3}.Debug|Any CPU.Build.0 = Debug|Any CPU
		{7BF91116-088D-4398-A330-7EF2554F41A3}.Debug|Mixed Platforms.ActiveCfg = Debug|Any CPU
		{7BF91116-088D-4398-A330-7EF2554F41A3}.Debug|x86.ActiveCfg = Debug|Any CPU
		{7BF91116-088D-4398-A330-7EF2554F41A3}.Debug|x86.Build.0 = Debug|Any CPU
		{7BF91116-088D-4398-A330-7EF2554F41A3}.Release|Any CPU.ActiveCfg = Release|Any CPU
		{7BF91116-088D-4398-A330-7EF2554F41A3}.Release|Any CPU.Build.0 = Release|Any CPU
		{7BF91116-088D-4398-A330-7EF2554F41A3}.Release|Mixed Platforms.ActiveCfg = Release|Any CPU
		{7BF91116-088D-4398-A330-7EF2554F41A3}.Release|Mixed Platforms.Build.0 = Release|Any CPU
		{7BF91116-088D-4398-A330-7EF2554F41A3}.Release|x86.ActiveCfg = Release|Any CPU
		{7BF91116-088D-4398-A330-7EF2554F41A3}.Release|x86.Build.0 = Release|Any CPU
		{7BF91116-088D-4398-A330-7EF2554F41A3}.Test|Any CPU.ActiveCfg = Debug|Any CPU
		{7BF91116-088D-4398-A330-7EF2554F41A3}.Test|Any CPU.Build.0 = Debug|Any CPU
		{7BF91116-088D-4398-A330-7EF2554F41A3}.Test|Mixed Platforms.ActiveCfg = Debug|Any CPU
		{7BF91116-088D-4398-A330-7EF2554F41A3}.Test|x86.ActiveCfg = Debug|Any CPU
		{7BF91116-088D-4398-A330-7EF2554F41A3}.Test|x86.Build.0 = Debug|Any CPU
		{1A7C152B-A01A-4E15-AB49-7685FE5C76A0}.Analysis|Any CPU.ActiveCfg = Release|Any CPU
		{1A7C152B-A01A-4E15-AB49-7685FE5C76A0}.Analysis|Any CPU.Build.0 = Release|Any CPU
		{1A7C152B-A01A-4E15-AB49-7685FE5C76A0}.Analysis|Mixed Platforms.ActiveCfg = Release|Any CPU
		{1A7C152B-A01A-4E15-AB49-7685FE5C76A0}.Analysis|x86.ActiveCfg = Release|Any CPU
		{1A7C152B-A01A-4E15-AB49-7685FE5C76A0}.Analysis|x86.Build.0 = Release|Any CPU
		{1A7C152B-A01A-4E15-AB49-7685FE5C76A0}.Debug|Any CPU.ActiveCfg = Debug|Any CPU
		{1A7C152B-A01A-4E15-AB49-7685FE5C76A0}.Debug|Any CPU.Build.0 = Debug|Any CPU
		{1A7C152B-A01A-4E15-AB49-7685FE5C76A0}.Debug|Mixed Platforms.ActiveCfg = Debug|Any CPU
		{1A7C152B-A01A-4E15-AB49-7685FE5C76A0}.Debug|x86.ActiveCfg = Debug|Any CPU
		{1A7C152B-A01A-4E15-AB49-7685FE5C76A0}.Debug|x86.Build.0 = Debug|Any CPU
		{1A7C152B-A01A-4E15-AB49-7685FE5C76A0}.Release|Any CPU.ActiveCfg = Release|Any CPU
		{1A7C152B-A01A-4E15-AB49-7685FE5C76A0}.Release|Any CPU.Build.0 = Release|Any CPU
		{1A7C152B-A01A-4E15-AB49-7685FE5C76A0}.Release|Mixed Platforms.ActiveCfg = Release|Any CPU
		{1A7C152B-A01A-4E15-AB49-7685FE5C76A0}.Release|Mixed Platforms.Build.0 = Release|Any CPU
		{1A7C152B-A01A-4E15-AB49-7685FE5C76A0}.Release|x86.ActiveCfg = Release|Any CPU
		{1A7C152B-A01A-4E15-AB49-7685FE5C76A0}.Release|x86.Build.0 = Release|Any CPU
		{1A7C152B-A01A-4E15-AB49-7685FE5C76A0}.Test|Any CPU.ActiveCfg = Debug|Any CPU
		{1A7C152B-A01A-4E15-AB49-7685FE5C76A0}.Test|Any CPU.Build.0 = Debug|Any CPU
		{1A7C152B-A01A-4E15-AB49-7685FE5C76A0}.Test|Mixed Platforms.ActiveCfg = Debug|Any CPU
		{1A7C152B-A01A-4E15-AB49-7685FE5C76A0}.Test|x86.ActiveCfg = Debug|Any CPU
		{1A7C152B-A01A-4E15-AB49-7685FE5C76A0}.Test|x86.Build.0 = Debug|Any CPU
		{88290A15-AA28-4AFA-B958-CAE5DFF11026}.Analysis|Any CPU.ActiveCfg = Release|Any CPU
		{88290A15-AA28-4AFA-B958-CAE5DFF11026}.Analysis|Any CPU.Build.0 = Release|Any CPU
		{88290A15-AA28-4AFA-B958-CAE5DFF11026}.Analysis|Mixed Platforms.ActiveCfg = Release|Any CPU
		{88290A15-AA28-4AFA-B958-CAE5DFF11026}.Analysis|x86.ActiveCfg = Release|Any CPU
		{88290A15-AA28-4AFA-B958-CAE5DFF11026}.Analysis|x86.Build.0 = Release|Any CPU
		{88290A15-AA28-4AFA-B958-CAE5DFF11026}.Debug|Any CPU.ActiveCfg = Debug|Any CPU
		{88290A15-AA28-4AFA-B958-CAE5DFF11026}.Debug|Any CPU.Build.0 = Debug|Any CPU
		{88290A15-AA28-4AFA-B958-CAE5DFF11026}.Debug|Mixed Platforms.ActiveCfg = Debug|Any CPU
		{88290A15-AA28-4AFA-B958-CAE5DFF11026}.Debug|x86.ActiveCfg = Debug|Any CPU
		{88290A15-AA28-4AFA-B958-CAE5DFF11026}.Debug|x86.Build.0 = Debug|Any CPU
		{88290A15-AA28-4AFA-B958-CAE5DFF11026}.Release|Any CPU.ActiveCfg = Release|Any CPU
		{88290A15-AA28-4AFA-B958-CAE5DFF11026}.Release|Any CPU.Build.0 = Release|Any CPU
		{88290A15-AA28-4AFA-B958-CAE5DFF11026}.Release|Mixed Platforms.ActiveCfg = Release|Any CPU
		{88290A15-AA28-4AFA-B958-CAE5DFF11026}.Release|Mixed Platforms.Build.0 = Release|Any CPU
		{88290A15-AA28-4AFA-B958-CAE5DFF11026}.Release|x86.ActiveCfg = Release|Any CPU
		{88290A15-AA28-4AFA-B958-CAE5DFF11026}.Release|x86.Build.0 = Release|Any CPU
		{88290A15-AA28-4AFA-B958-CAE5DFF11026}.Test|Any CPU.ActiveCfg = Debug|Any CPU
		{88290A15-AA28-4AFA-B958-CAE5DFF11026}.Test|Any CPU.Build.0 = Debug|Any CPU
		{88290A15-AA28-4AFA-B958-CAE5DFF11026}.Test|Mixed Platforms.ActiveCfg = Debug|Any CPU
		{88290A15-AA28-4AFA-B958-CAE5DFF11026}.Test|x86.ActiveCfg = Debug|Any CPU
		{88290A15-AA28-4AFA-B958-CAE5DFF11026}.Test|x86.Build.0 = Debug|Any CPU
		{2E7C02A0-2962-43AA-AF3A-C462F4D8D5F4}.Analysis|Any CPU.ActiveCfg = Release|Any CPU
		{2E7C02A0-2962-43AA-AF3A-C462F4D8D5F4}.Analysis|Any CPU.Build.0 = Release|Any CPU
		{2E7C02A0-2962-43AA-AF3A-C462F4D8D5F4}.Analysis|Mixed Platforms.ActiveCfg = Release|Any CPU
		{2E7C02A0-2962-43AA-AF3A-C462F4D8D5F4}.Analysis|x86.ActiveCfg = Release|Any CPU
		{2E7C02A0-2962-43AA-AF3A-C462F4D8D5F4}.Analysis|x86.Build.0 = Release|Any CPU
		{2E7C02A0-2962-43AA-AF3A-C462F4D8D5F4}.Debug|Any CPU.ActiveCfg = Debug|Any CPU
		{2E7C02A0-2962-43AA-AF3A-C462F4D8D5F4}.Debug|Any CPU.Build.0 = Debug|Any CPU
		{2E7C02A0-2962-43AA-AF3A-C462F4D8D5F4}.Debug|Mixed Platforms.ActiveCfg = Debug|Any CPU
		{2E7C02A0-2962-43AA-AF3A-C462F4D8D5F4}.Debug|x86.ActiveCfg = Debug|Any CPU
		{2E7C02A0-2962-43AA-AF3A-C462F4D8D5F4}.Debug|x86.Build.0 = Debug|Any CPU
		{2E7C02A0-2962-43AA-AF3A-C462F4D8D5F4}.Release|Any CPU.ActiveCfg = Release|Any CPU
		{2E7C02A0-2962-43AA-AF3A-C462F4D8D5F4}.Release|Any CPU.Build.0 = Release|Any CPU
		{2E7C02A0-2962-43AA-AF3A-C462F4D8D5F4}.Release|Mixed Platforms.ActiveCfg = Release|Any CPU
		{2E7C02A0-2962-43AA-AF3A-C462F4D8D5F4}.Release|Mixed Platforms.Build.0 = Release|Any CPU
		{2E7C02A0-2962-43AA-AF3A-C462F4D8D5F4}.Release|x86.ActiveCfg = Release|Any CPU
		{2E7C02A0-2962-43AA-AF3A-C462F4D8D5F4}.Release|x86.Build.0 = Release|Any CPU
		{2E7C02A0-2962-43AA-AF3A-C462F4D8D5F4}.Test|Any CPU.ActiveCfg = Debug|Any CPU
		{2E7C02A0-2962-43AA-AF3A-C462F4D8D5F4}.Test|Any CPU.Build.0 = Debug|Any CPU
		{2E7C02A0-2962-43AA-AF3A-C462F4D8D5F4}.Test|Mixed Platforms.ActiveCfg = Debug|Any CPU
		{2E7C02A0-2962-43AA-AF3A-C462F4D8D5F4}.Test|x86.ActiveCfg = Debug|Any CPU
		{2E7C02A0-2962-43AA-AF3A-C462F4D8D5F4}.Test|x86.Build.0 = Debug|Any CPU
		{FFBD463F-2C72-41DB-81D0-8D98E7C6E8A1}.Analysis|Any CPU.ActiveCfg = Release|Any CPU
		{FFBD463F-2C72-41DB-81D0-8D98E7C6E8A1}.Analysis|Any CPU.Build.0 = Release|Any CPU
		{FFBD463F-2C72-41DB-81D0-8D98E7C6E8A1}.Analysis|Mixed Platforms.ActiveCfg = Release|Any CPU
		{FFBD463F-2C72-41DB-81D0-8D98E7C6E8A1}.Analysis|x86.ActiveCfg = Release|Any CPU
		{FFBD463F-2C72-41DB-81D0-8D98E7C6E8A1}.Analysis|x86.Build.0 = Release|Any CPU
		{FFBD463F-2C72-41DB-81D0-8D98E7C6E8A1}.Debug|Any CPU.ActiveCfg = Debug|Any CPU
		{FFBD463F-2C72-41DB-81D0-8D98E7C6E8A1}.Debug|Any CPU.Build.0 = Debug|Any CPU
		{FFBD463F-2C72-41DB-81D0-8D98E7C6E8A1}.Debug|Mixed Platforms.ActiveCfg = Debug|Any CPU
		{FFBD463F-2C72-41DB-81D0-8D98E7C6E8A1}.Debug|x86.ActiveCfg = Debug|Any CPU
		{FFBD463F-2C72-41DB-81D0-8D98E7C6E8A1}.Debug|x86.Build.0 = Debug|Any CPU
		{FFBD463F-2C72-41DB-81D0-8D98E7C6E8A1}.Release|Any CPU.ActiveCfg = Release|Any CPU
		{FFBD463F-2C72-41DB-81D0-8D98E7C6E8A1}.Release|Any CPU.Build.0 = Release|Any CPU
		{FFBD463F-2C72-41DB-81D0-8D98E7C6E8A1}.Release|Mixed Platforms.ActiveCfg = Release|Any CPU
		{FFBD463F-2C72-41DB-81D0-8D98E7C6E8A1}.Release|Mixed Platforms.Build.0 = Release|Any CPU
		{FFBD463F-2C72-41DB-81D0-8D98E7C6E8A1}.Release|x86.ActiveCfg = Release|Any CPU
		{FFBD463F-2C72-41DB-81D0-8D98E7C6E8A1}.Release|x86.Build.0 = Release|Any CPU
		{FFBD463F-2C72-41DB-81D0-8D98E7C6E8A1}.Test|Any CPU.ActiveCfg = Debug|Any CPU
		{FFBD463F-2C72-41DB-81D0-8D98E7C6E8A1}.Test|Any CPU.Build.0 = Debug|Any CPU
		{FFBD463F-2C72-41DB-81D0-8D98E7C6E8A1}.Test|Mixed Platforms.ActiveCfg = Debug|Any CPU
		{FFBD463F-2C72-41DB-81D0-8D98E7C6E8A1}.Test|x86.ActiveCfg = Debug|Any CPU
		{FFBD463F-2C72-41DB-81D0-8D98E7C6E8A1}.Test|x86.Build.0 = Debug|Any CPU
		{270E9E4E-9F39-4A3A-A04D-FC0B40BA7B12}.Analysis|Any CPU.ActiveCfg = Analysis|Any CPU
		{270E9E4E-9F39-4A3A-A04D-FC0B40BA7B12}.Analysis|Any CPU.Build.0 = Analysis|Any CPU
		{270E9E4E-9F39-4A3A-A04D-FC0B40BA7B12}.Analysis|Mixed Platforms.ActiveCfg = Analysis|Any CPU
		{270E9E4E-9F39-4A3A-A04D-FC0B40BA7B12}.Analysis|Mixed Platforms.Build.0 = Analysis|Any CPU
		{270E9E4E-9F39-4A3A-A04D-FC0B40BA7B12}.Analysis|x86.ActiveCfg = Analysis|Any CPU
		{270E9E4E-9F39-4A3A-A04D-FC0B40BA7B12}.Analysis|x86.Build.0 = Analysis|Any CPU
		{270E9E4E-9F39-4A3A-A04D-FC0B40BA7B12}.Debug|Any CPU.ActiveCfg = Debug|Any CPU
		{270E9E4E-9F39-4A3A-A04D-FC0B40BA7B12}.Debug|Any CPU.Build.0 = Debug|Any CPU
		{270E9E4E-9F39-4A3A-A04D-FC0B40BA7B12}.Debug|Mixed Platforms.ActiveCfg = Debug|Any CPU
		{270E9E4E-9F39-4A3A-A04D-FC0B40BA7B12}.Debug|Mixed Platforms.Build.0 = Debug|Any CPU
		{270E9E4E-9F39-4A3A-A04D-FC0B40BA7B12}.Debug|x86.ActiveCfg = Debug|Any CPU
		{270E9E4E-9F39-4A3A-A04D-FC0B40BA7B12}.Debug|x86.Build.0 = Debug|Any CPU
		{270E9E4E-9F39-4A3A-A04D-FC0B40BA7B12}.Release|Any CPU.ActiveCfg = Release|Any CPU
		{270E9E4E-9F39-4A3A-A04D-FC0B40BA7B12}.Release|Any CPU.Build.0 = Release|Any CPU
		{270E9E4E-9F39-4A3A-A04D-FC0B40BA7B12}.Release|Mixed Platforms.ActiveCfg = Release|Any CPU
		{270E9E4E-9F39-4A3A-A04D-FC0B40BA7B12}.Release|Mixed Platforms.Build.0 = Release|Any CPU
		{270E9E4E-9F39-4A3A-A04D-FC0B40BA7B12}.Release|x86.ActiveCfg = Release|Any CPU
		{270E9E4E-9F39-4A3A-A04D-FC0B40BA7B12}.Release|x86.Build.0 = Release|Any CPU
		{270E9E4E-9F39-4A3A-A04D-FC0B40BA7B12}.Test|Any CPU.ActiveCfg = Debug|Any CPU
		{270E9E4E-9F39-4A3A-A04D-FC0B40BA7B12}.Test|Any CPU.Build.0 = Debug|Any CPU
		{270E9E4E-9F39-4A3A-A04D-FC0B40BA7B12}.Test|Mixed Platforms.ActiveCfg = Debug|Any CPU
		{270E9E4E-9F39-4A3A-A04D-FC0B40BA7B12}.Test|x86.ActiveCfg = Debug|Any CPU
		{270E9E4E-9F39-4A3A-A04D-FC0B40BA7B12}.Test|x86.Build.0 = Debug|Any CPU
		{8378C9BA-915F-4018-9944-8578F2855FF1}.Analysis|Any CPU.ActiveCfg = Analysis|Any CPU
		{8378C9BA-915F-4018-9944-8578F2855FF1}.Analysis|Any CPU.Build.0 = Analysis|Any CPU
		{8378C9BA-915F-4018-9944-8578F2855FF1}.Analysis|Mixed Platforms.ActiveCfg = Analysis|Any CPU
		{8378C9BA-915F-4018-9944-8578F2855FF1}.Analysis|Mixed Platforms.Build.0 = Analysis|Any CPU
		{8378C9BA-915F-4018-9944-8578F2855FF1}.Analysis|x86.ActiveCfg = Analysis|Any CPU
		{8378C9BA-915F-4018-9944-8578F2855FF1}.Analysis|x86.Build.0 = Analysis|Any CPU
		{8378C9BA-915F-4018-9944-8578F2855FF1}.Debug|Any CPU.ActiveCfg = Debug|Any CPU
		{8378C9BA-915F-4018-9944-8578F2855FF1}.Debug|Any CPU.Build.0 = Debug|Any CPU
		{8378C9BA-915F-4018-9944-8578F2855FF1}.Debug|Mixed Platforms.ActiveCfg = Debug|Any CPU
		{8378C9BA-915F-4018-9944-8578F2855FF1}.Debug|Mixed Platforms.Build.0 = Debug|Any CPU
		{8378C9BA-915F-4018-9944-8578F2855FF1}.Debug|x86.ActiveCfg = Debug|Any CPU
		{8378C9BA-915F-4018-9944-8578F2855FF1}.Debug|x86.Build.0 = Debug|Any CPU
		{8378C9BA-915F-4018-9944-8578F2855FF1}.Release|Any CPU.ActiveCfg = Release|Any CPU
		{8378C9BA-915F-4018-9944-8578F2855FF1}.Release|Any CPU.Build.0 = Release|Any CPU
		{8378C9BA-915F-4018-9944-8578F2855FF1}.Release|Mixed Platforms.ActiveCfg = Release|Any CPU
		{8378C9BA-915F-4018-9944-8578F2855FF1}.Release|Mixed Platforms.Build.0 = Release|Any CPU
		{8378C9BA-915F-4018-9944-8578F2855FF1}.Release|x86.ActiveCfg = Release|Any CPU
		{8378C9BA-915F-4018-9944-8578F2855FF1}.Release|x86.Build.0 = Release|Any CPU
		{8378C9BA-915F-4018-9944-8578F2855FF1}.Test|Any CPU.ActiveCfg = Debug|Any CPU
		{8378C9BA-915F-4018-9944-8578F2855FF1}.Test|Any CPU.Build.0 = Debug|Any CPU
		{8378C9BA-915F-4018-9944-8578F2855FF1}.Test|Mixed Platforms.ActiveCfg = Debug|Any CPU
		{8378C9BA-915F-4018-9944-8578F2855FF1}.Test|x86.ActiveCfg = Debug|Any CPU
		{8378C9BA-915F-4018-9944-8578F2855FF1}.Test|x86.Build.0 = Debug|Any CPU
		{9C2F32EC-E713-46A8-8F19-3377EDF9CC65}.Analysis|Any CPU.ActiveCfg = Release|Any CPU
		{9C2F32EC-E713-46A8-8F19-3377EDF9CC65}.Analysis|Any CPU.Build.0 = Release|Any CPU
		{9C2F32EC-E713-46A8-8F19-3377EDF9CC65}.Analysis|Mixed Platforms.ActiveCfg = Debug|Any CPU
		{9C2F32EC-E713-46A8-8F19-3377EDF9CC65}.Analysis|Mixed Platforms.Build.0 = Debug|Any CPU
		{9C2F32EC-E713-46A8-8F19-3377EDF9CC65}.Analysis|x86.ActiveCfg = Release|Any CPU
		{9C2F32EC-E713-46A8-8F19-3377EDF9CC65}.Analysis|x86.Build.0 = Release|Any CPU
		{9C2F32EC-E713-46A8-8F19-3377EDF9CC65}.Debug|Any CPU.ActiveCfg = Debug|Any CPU
		{9C2F32EC-E713-46A8-8F19-3377EDF9CC65}.Debug|Any CPU.Build.0 = Debug|Any CPU
		{9C2F32EC-E713-46A8-8F19-3377EDF9CC65}.Debug|Mixed Platforms.ActiveCfg = Debug|Any CPU
		{9C2F32EC-E713-46A8-8F19-3377EDF9CC65}.Debug|Mixed Platforms.Build.0 = Debug|Any CPU
		{9C2F32EC-E713-46A8-8F19-3377EDF9CC65}.Debug|x86.ActiveCfg = Debug|Any CPU
		{9C2F32EC-E713-46A8-8F19-3377EDF9CC65}.Debug|x86.Build.0 = Debug|Any CPU
		{9C2F32EC-E713-46A8-8F19-3377EDF9CC65}.Release|Any CPU.ActiveCfg = Release|Any CPU
		{9C2F32EC-E713-46A8-8F19-3377EDF9CC65}.Release|Any CPU.Build.0 = Release|Any CPU
		{9C2F32EC-E713-46A8-8F19-3377EDF9CC65}.Release|Mixed Platforms.ActiveCfg = Release|Any CPU
		{9C2F32EC-E713-46A8-8F19-3377EDF9CC65}.Release|x86.ActiveCfg = Release|Any CPU
		{9C2F32EC-E713-46A8-8F19-3377EDF9CC65}.Release|x86.Build.0 = Release|Any CPU
		{9C2F32EC-E713-46A8-8F19-3377EDF9CC65}.Test|Any CPU.ActiveCfg = Debug|Any CPU
		{9C2F32EC-E713-46A8-8F19-3377EDF9CC65}.Test|Any CPU.Build.0 = Debug|Any CPU
		{9C2F32EC-E713-46A8-8F19-3377EDF9CC65}.Test|Mixed Platforms.ActiveCfg = Debug|Any CPU
		{9C2F32EC-E713-46A8-8F19-3377EDF9CC65}.Test|Mixed Platforms.Build.0 = Debug|Any CPU
		{9C2F32EC-E713-46A8-8F19-3377EDF9CC65}.Test|x86.ActiveCfg = Debug|Any CPU
		{9C2F32EC-E713-46A8-8F19-3377EDF9CC65}.Test|x86.Build.0 = Debug|Any CPU
		{C055A544-ADC2-4B60-B58E-CDA890C81762}.Analysis|Any CPU.ActiveCfg = Release|Any CPU
		{C055A544-ADC2-4B60-B58E-CDA890C81762}.Analysis|Any CPU.Build.0 = Release|Any CPU
		{C055A544-ADC2-4B60-B58E-CDA890C81762}.Analysis|Mixed Platforms.ActiveCfg = Debug|Any CPU
		{C055A544-ADC2-4B60-B58E-CDA890C81762}.Analysis|Mixed Platforms.Build.0 = Debug|Any CPU
		{C055A544-ADC2-4B60-B58E-CDA890C81762}.Analysis|x86.ActiveCfg = Release|Any CPU
		{C055A544-ADC2-4B60-B58E-CDA890C81762}.Analysis|x86.Build.0 = Release|Any CPU
		{C055A544-ADC2-4B60-B58E-CDA890C81762}.Debug|Any CPU.ActiveCfg = Debug|Any CPU
		{C055A544-ADC2-4B60-B58E-CDA890C81762}.Debug|Any CPU.Build.0 = Debug|Any CPU
		{C055A544-ADC2-4B60-B58E-CDA890C81762}.Debug|Mixed Platforms.ActiveCfg = Debug|Any CPU
		{C055A544-ADC2-4B60-B58E-CDA890C81762}.Debug|Mixed Platforms.Build.0 = Debug|Any CPU
		{C055A544-ADC2-4B60-B58E-CDA890C81762}.Debug|x86.ActiveCfg = Debug|Any CPU
		{C055A544-ADC2-4B60-B58E-CDA890C81762}.Debug|x86.Build.0 = Debug|Any CPU
		{C055A544-ADC2-4B60-B58E-CDA890C81762}.Release|Any CPU.ActiveCfg = Release|Any CPU
		{C055A544-ADC2-4B60-B58E-CDA890C81762}.Release|Any CPU.Build.0 = Release|Any CPU
		{C055A544-ADC2-4B60-B58E-CDA890C81762}.Release|Mixed Platforms.ActiveCfg = Release|Any CPU
		{C055A544-ADC2-4B60-B58E-CDA890C81762}.Release|x86.ActiveCfg = Release|Any CPU
		{C055A544-ADC2-4B60-B58E-CDA890C81762}.Release|x86.Build.0 = Release|Any CPU
		{C055A544-ADC2-4B60-B58E-CDA890C81762}.Test|Any CPU.ActiveCfg = Debug|Any CPU
		{C055A544-ADC2-4B60-B58E-CDA890C81762}.Test|Any CPU.Build.0 = Debug|Any CPU
		{C055A544-ADC2-4B60-B58E-CDA890C81762}.Test|Mixed Platforms.ActiveCfg = Debug|Any CPU
		{C055A544-ADC2-4B60-B58E-CDA890C81762}.Test|Mixed Platforms.Build.0 = Debug|Any CPU
		{C055A544-ADC2-4B60-B58E-CDA890C81762}.Test|x86.ActiveCfg = Debug|Any CPU
		{C055A544-ADC2-4B60-B58E-CDA890C81762}.Test|x86.Build.0 = Debug|Any CPU
	EndGlobalSection
	GlobalSection(SolutionProperties) = preSolution
		HideSolutionNode = FALSE
	EndGlobalSection
	GlobalSection(NestedProjects) = preSolution
		{65EBDA41-4C15-4538-BA65-6FE8B42C157A} = {7ADE712E-9954-4BA4-BB02-23A72E3BEC64}
		{199D4CE7-F4C3-4773-87DB-7C105335A767} = {7ADE712E-9954-4BA4-BB02-23A72E3BEC64}
		{F0D42607-BEA9-4F6E-854D-40809AD378D8} = {DFD6E224-2F8E-40A6-8D8C-8055C3238704}
		{503B5858-4665-47B9-8BD3-2BBE917291C2} = {DFD6E224-2F8E-40A6-8D8C-8055C3238704}
		{5055DB80-AAC2-4D67-B8D6-3511EDB093A1} = {061E75C5-74F7-4369-9C26-F08F1B6A2186}
		{996A232B-3949-49F9-A1C0-6F69EDBBAAAC} = {061E75C5-74F7-4369-9C26-F08F1B6A2186}
		{BBB026F9-43EA-4AA8-BDBF-CB934C390E45} = {DFD6E224-2F8E-40A6-8D8C-8055C3238704}
		{7461A5B3-CDE5-466A-9872-E7F8498FCD3A} = {7ADE712E-9954-4BA4-BB02-23A72E3BEC64}
		{9C87D82C-0E27-4995-A2CB-72BCB84EF2E2} = {199D4CE7-F4C3-4773-87DB-7C105335A767}
		{67264662-CA03-4ED0-8924-5843307E4B53} = {199D4CE7-F4C3-4773-87DB-7C105335A767}
		{F4799C73-DEE9-48F2-B626-32149CC30976} = {7461A5B3-CDE5-466A-9872-E7F8498FCD3A}
		{ECAA3D55-19AB-440B-B82E-221AE06C4A5B} = {7461A5B3-CDE5-466A-9872-E7F8498FCD3A}
		{0E6DFEB9-E4C4-46DB-BB5F-424F7275D114} = {65EBDA41-4C15-4538-BA65-6FE8B42C157A}
		{37B08AFD-F4BC-4E13-9119-537BA6A12CCB} = {7461A5B3-CDE5-466A-9872-E7F8498FCD3A}
		{1E7E3A00-57A6-48C4-A19E-926BADC501B6} = {65EBDA41-4C15-4538-BA65-6FE8B42C157A}
		{C288D9C9-FCEF-4DD4-86C3-60DDFA0F2A9D} = {65EBDA41-4C15-4538-BA65-6FE8B42C157A}
		{7BF91116-088D-4398-A330-7EF2554F41A3} = {B1E913A1-66A7-4500-AB5F-AA488E7F233A}
		{1A7C152B-A01A-4E15-AB49-7685FE5C76A0} = {B1E913A1-66A7-4500-AB5F-AA488E7F233A}
		{88290A15-AA28-4AFA-B958-CAE5DFF11026} = {B1E913A1-66A7-4500-AB5F-AA488E7F233A}
		{2E7C02A0-2962-43AA-AF3A-C462F4D8D5F4} = {B1E913A1-66A7-4500-AB5F-AA488E7F233A}
		{FFBD463F-2C72-41DB-81D0-8D98E7C6E8A1} = {B1E913A1-66A7-4500-AB5F-AA488E7F233A}
		{B1E913A1-66A7-4500-AB5F-AA488E7F233A} = {061E75C5-74F7-4369-9C26-F08F1B6A2186}
		{270E9E4E-9F39-4A3A-A04D-FC0B40BA7B12} = {DFD6E224-2F8E-40A6-8D8C-8055C3238704}
		{8378C9BA-915F-4018-9944-8578F2855FF1} = {DFD6E224-2F8E-40A6-8D8C-8055C3238704}
		{9C2F32EC-E713-46A8-8F19-3377EDF9CC65} = {5F310ED6-BDB4-4A37-AD6B-A2724E076E5F}
		{C055A544-ADC2-4B60-B58E-CDA890C81762} = {5F310ED6-BDB4-4A37-AD6B-A2724E076E5F}
	EndGlobalSection
EndGlobal
