
Microsoft Visual Studio Solution File, Format Version 12.00
# Visual Studio 15
VisualStudioVersion = 15.0.26730.15
MinimumVisualStudioVersion = 10.0.40219.1
Project("{FAE04EC0-301F-11D3-BF4B-00C04F79EFBC}") = "Gala.Data", "Gala.Data\_UWP\Gala.Data.csproj", "{07CE2A22-D0C9-472A-AEDB-A80762CEF39E}"
EndProject
Project("{FAE04EC0-301F-11D3-BF4B-00C04F79EFBC}") = "Gala.Dolly.Test", "Gala.Dolly.Test\_UWP\Gala.Dolly.Test.csproj", "{534EC140-C46E-4680-9461-E33E1924E83C}"
EndProject
Project("{FAE04EC0-301F-11D3-BF4B-00C04F79EFBC}") = "Gala.Dolly.Command", "Gala.Dolly.Command\_UWP\Gala.Dolly.Command.csproj", "{695296B1-5F00-40E4-90F4-8D0DE80B6A9F}"
EndProject
Project("{FAE04EC0-301F-11D3-BF4B-00C04F79EFBC}") = "Gala.Data.Config", "Gala.Data.Config\Gala.Data.Config.csproj", "{D89D2D82-4FF1-42E6-87F8-D7D353204150}"
EndProject
Project("{2150E333-8FDC-42A3-9474-1A3956D46DE8}") = "_Test", "_Test", "{A7C2AA4B-6222-4C0D-AFCC-723DFD369BFC}"
EndProject
Project("{2150E333-8FDC-42A3-9474-1A3956D46DE8}") = "Accord", "Accord", "{20B6C01B-ECE5-41C9-BB80-C3855476CBA7}"
EndProject
Project("{2150E333-8FDC-42A3-9474-1A3956D46DE8}") = ".nuget", ".nuget", "{0CBCB7D3-6554-4CA2-A109-BDE87E51006B}"
	ProjectSection(SolutionItems) = preProject
		.nuget\NuGet.Config = .nuget\NuGet.Config
		.nuget\NuGet.exe = .nuget\NuGet.exe
		.nuget\NuGet.targets = .nuget\NuGet.targets
	EndProjectSection
EndProject
Project("{FAE04EC0-301F-11D3-BF4B-00C04F79EFBC}") = "Galahad.Robotics", "Galahad.Robotics\Galahad.Robotics.csproj", "{B8A04893-2AA4-4387-BEE1-80F2BF5DDEC3}"
EndProject
Project("{2150E333-8FDC-42A3-9474-1A3956D46DE8}") = "Galatea", "Galatea", "{7D499A56-AA6C-4C36-AB6A-61FFAC167A08}"
	ProjectSection(SolutionItems) = preProject
		Galatea.UWP.ruleset = Galatea.UWP.ruleset
	EndProjectSection
EndProject
Project("{FAE04EC0-301F-11D3-BF4B-00C04F79EFBC}") = "Galahad", "Galahad\Galahad.csproj", "{B66E29B7-CFB6-4628-9EF5-C17F58FD7628}"
EndProject
Project("{FAE04EC0-301F-11D3-BF4B-00C04F79EFBC}") = "Gala.Dolly.Chatbots", "Gala.Dolly.Chatbots\_UWP\Gala.Dolly.Chatbots.csproj", "{00E90AB7-0392-4332-826C-A0C65209E3E2}"
EndProject
Project("{2150E333-8FDC-42A3-9474-1A3956D46DE8}") = "_Library", "_Library", "{211FDF67-A839-4127-9FB8-D18A1764C950}"
EndProject
Project("{FAE04EC0-301F-11D3-BF4B-00C04F79EFBC}") = "AIMLBot", "..\Library\ChatBots\AIMLBot\_UWP\AIMLBot.csproj", "{80E74917-5C0D-489D-94AE-CA671863AF73}"
EndProject
Project("{FAE04EC0-301F-11D3-BF4B-00C04F79EFBC}") = "Gala.Dolly.Test.Resources", "Gala.Dolly.Test.Resources\Gala.Dolly.Test.Resources.csproj", "{FC84CBF8-C753-4416-AF5A-7B3C217C239B}"
EndProject
Project("{D954291E-2A0B-460D-934E-DC6B0785DB48}") = "Shim.Shared", "..\Library\Accord\Shim\Shim.Shared.shproj", "{CB573E57-FEF7-4FB0-8922-560A85D80F20}"
EndProject
Project("{FAE04EC0-301F-11D3-BF4B-00C04F79EFBC}") = "Shim", "..\Library\Accord\Shim\_NETStandard1.3\Shim.csproj", "{56A94CF2-5B95-459A-B623-716EEDAA18FC}"
EndProject
Project("{FAE04EC0-301F-11D3-BF4B-00C04F79EFBC}") = "Shim.Drawing", "..\Library\Accord\Shim.Drawing\_NETStandard1.3\Shim.Drawing.csproj", "{74E94795-F4B7-4B8B-ABAE-695FEBC5B753}"
EndProject
Project("{FAE04EC0-301F-11D3-BF4B-00C04F79EFBC}") = "Accord.Core", "..\Library\Accord\Accord.Core\_NETStandard1.3\Accord.Core.csproj", "{7FC1A925-CB31-4518-9952-F2F1F3DFA0B9}"
EndProject
Project("{FAE04EC0-301F-11D3-BF4B-00C04F79EFBC}") = "Accord.Math", "..\Library\Accord\Accord.Math\_NETStandard1.3\Accord.Math.csproj", "{E5A5430F-60E8-44DE-9706-5CFFDD8B63E8}"
EndProject
Project("{9A19103F-16F7-4668-BE54-9A1E7A4F7556}") = "Galatea.Globalization", "Galatea.Globalization\_NETStandard\Galatea.Globalization.csproj", "{BEFA8A69-280B-4216-BA4D-412711C3EB9A}"
EndProject
Project("{9A19103F-16F7-4668-BE54-9A1E7A4F7556}") = "Galatea.Core", "Galatea\_NETStandard\Galatea.Core.csproj", "{EA2B3B64-EF42-4E8F-B47A-1BB76969A415}"
EndProject
Project("{9A19103F-16F7-4668-BE54-9A1E7A4F7556}") = "Galatea.Runtime", "Galatea.Runtime\_NETStandard\Galatea.Runtime.csproj", "{3F4664F6-4E0E-4C2A-9B22-AE31E468D378}"
EndProject
Project("{9A19103F-16F7-4668-BE54-9A1E7A4F7556}") = "Galatea.AI.Imaging", "Galatea.AI.Imaging\_NETStandard\Galatea.AI.Imaging.csproj", "{C63C99AD-93BF-4A15-BA4E-511D5DCF559B}"
EndProject
Project("{9A19103F-16F7-4668-BE54-9A1E7A4F7556}") = "Galatea.AI.Abstract", "Galatea.AI.Abstract\_NETStandard\Galatea.AI.Abstract.csproj", "{356F1914-4F7F-44D8-8825-63BA82196446}"
EndProject
Project("{FAE04EC0-301F-11D3-BF4B-00C04F79EFBC}") = "Galatea.AI", "Galatea.AI\_NETStandard\Galatea.AI.csproj", "{337F9DCC-28A2-4594-B3A5-5D2AC759CCD2}"
EndProject
Project("{FAE04EC0-301F-11D3-BF4B-00C04F79EFBC}") = "Accord.Imaging", "..\Library\Accord\Accord.Imaging\_NETStandard1.3\Accord.Imaging.csproj", "{05E1D2F5-F28B-4689-B607-33EA288125FF}"
EndProject
Project("{E24C65DC-7377-472B-9ABA-BC803B73C61A}") = "GALA 2016 CORE IOT(1)", "..\GALA 2016 CORE IOT\", "{FE90CEFF-9A38-4D76-8386-75EE282D61C1}"
	ProjectSection(WebsiteProperties) = preProject
		TargetFrameworkMoniker = ".NETFramework,Version%3Dv4.0"
		Debug.AspNetCompiler.VirtualPath = "/localhost_41255"
		Debug.AspNetCompiler.PhysicalPath = "..\GALA 2016 CORE IOT\"
		Debug.AspNetCompiler.TargetPath = "PrecompiledWeb\localhost_41255\"
		Debug.AspNetCompiler.Updateable = "true"
		Debug.AspNetCompiler.ForceOverwrite = "true"
		Debug.AspNetCompiler.FixedNames = "false"
		Debug.AspNetCompiler.Debug = "True"
		Release.AspNetCompiler.VirtualPath = "/localhost_41255"
		Release.AspNetCompiler.PhysicalPath = "..\GALA 2016 CORE IOT\"
		Release.AspNetCompiler.TargetPath = "PrecompiledWeb\localhost_41255\"
		Release.AspNetCompiler.Updateable = "true"
		Release.AspNetCompiler.ForceOverwrite = "true"
		Release.AspNetCompiler.FixedNames = "false"
		Release.AspNetCompiler.Debug = "False"
		VWDPort = "41255"
	EndProjectSection
EndProject
Project("{2150E333-8FDC-42A3-9474-1A3956D46DE8}") = ".Solution Items", ".Solution Items", "{123D7E8F-1CCF-4C0C-A8C5-3984B5EBD6A1}"
EndProject
Project("{FAE04EC0-301F-11D3-BF4B-00C04F79EFBC}") = "Galahad.Base", "Galahad.Base\Galahad.Base.csproj", "{1A7D25F4-715B-472B-9C12-A0FCB2E51550}"
EndProject
Project("{FAE04EC0-301F-11D3-BF4B-00C04F79EFBC}") = "Galahad.Client", "Galahad.Client\Galahad.Client.csproj", "{DCD72E78-42C4-4E06-AFB1-3E4C956975B9}"
EndProject
Project("{FAE04EC0-301F-11D3-BF4B-00C04F79EFBC}") = "ProjXPorter", "..\ProjXPorter\ProjXPorter.csproj", "{68E19AF6-9631-4509-B846-E494B5852226}"
EndProject
Global
	GlobalSection(SharedMSBuildProjectFiles) = preSolution
		..\Library\Accord\Shim\Shim.Shared.projitems*{56a94cf2-5b95-459a-b623-716eedaa18fc}*SharedItemsImports = 4
		..\Library\Accord\Shim\Shim.Shared.projitems*{cb573e57-fef7-4fb0-8922-560a85d80f20}*SharedItemsImports = 13
	EndGlobalSection
	GlobalSection(SolutionConfigurationPlatforms) = preSolution
		Analysis|ARM = Analysis|ARM
		Analysis|x86 = Analysis|x86
		Debug Client|ARM = Debug Client|ARM
		Debug Client|x86 = Debug Client|x86
		Debug|ARM = Debug|ARM
		Debug|x86 = Debug|x86
		Release|ARM = Release|ARM
		Release|x86 = Release|x86
		Test|ARM = Test|ARM
		Test|x86 = Test|x86
	EndGlobalSection
	GlobalSection(ProjectConfigurationPlatforms) = postSolution
		{07CE2A22-D0C9-472A-AEDB-A80762CEF39E}.Analysis|ARM.ActiveCfg = Release|ARM
		{07CE2A22-D0C9-472A-AEDB-A80762CEF39E}.Analysis|ARM.Build.0 = Release|ARM
		{07CE2A22-D0C9-472A-AEDB-A80762CEF39E}.Analysis|x86.ActiveCfg = Analysis|Any CPU
		{07CE2A22-D0C9-472A-AEDB-A80762CEF39E}.Analysis|x86.Build.0 = Analysis|Any CPU
		{07CE2A22-D0C9-472A-AEDB-A80762CEF39E}.Debug Client|ARM.ActiveCfg = Debug|ARM
		{07CE2A22-D0C9-472A-AEDB-A80762CEF39E}.Debug Client|ARM.Build.0 = Debug|ARM
		{07CE2A22-D0C9-472A-AEDB-A80762CEF39E}.Debug Client|x86.ActiveCfg = Debug|x86
		{07CE2A22-D0C9-472A-AEDB-A80762CEF39E}.Debug|ARM.ActiveCfg = Debug|ARM
		{07CE2A22-D0C9-472A-AEDB-A80762CEF39E}.Debug|ARM.Build.0 = Debug|ARM
		{07CE2A22-D0C9-472A-AEDB-A80762CEF39E}.Debug|x86.ActiveCfg = Debug|Any CPU
		{07CE2A22-D0C9-472A-AEDB-A80762CEF39E}.Debug|x86.Build.0 = Debug|Any CPU
		{07CE2A22-D0C9-472A-AEDB-A80762CEF39E}.Release|ARM.ActiveCfg = Release|Any CPU
		{07CE2A22-D0C9-472A-AEDB-A80762CEF39E}.Release|ARM.Build.0 = Release|Any CPU
		{07CE2A22-D0C9-472A-AEDB-A80762CEF39E}.Release|x86.ActiveCfg = Release|x86
		{07CE2A22-D0C9-472A-AEDB-A80762CEF39E}.Release|x86.Build.0 = Release|x86
		{07CE2A22-D0C9-472A-AEDB-A80762CEF39E}.Test|ARM.ActiveCfg = Analysis|ARM
		{07CE2A22-D0C9-472A-AEDB-A80762CEF39E}.Test|ARM.Build.0 = Analysis|ARM
		{07CE2A22-D0C9-472A-AEDB-A80762CEF39E}.Test|x86.ActiveCfg = Debug|x86
		{07CE2A22-D0C9-472A-AEDB-A80762CEF39E}.Test|x86.Build.0 = Debug|x86
		{534EC140-C46E-4680-9461-E33E1924E83C}.Analysis|ARM.ActiveCfg = Test|x86
		{534EC140-C46E-4680-9461-E33E1924E83C}.Analysis|x86.ActiveCfg = Debug|x86
		{534EC140-C46E-4680-9461-E33E1924E83C}.Analysis|x86.Build.0 = Debug|x86
		{534EC140-C46E-4680-9461-E33E1924E83C}.Analysis|x86.Deploy.0 = Debug|x86
		{534EC140-C46E-4680-9461-E33E1924E83C}.Debug Client|ARM.ActiveCfg = Test|x86
		{534EC140-C46E-4680-9461-E33E1924E83C}.Debug Client|x86.ActiveCfg = Test|x86
		{534EC140-C46E-4680-9461-E33E1924E83C}.Debug|ARM.ActiveCfg = Test|x86
		{534EC140-C46E-4680-9461-E33E1924E83C}.Debug|x86.ActiveCfg = Test|x86
		{534EC140-C46E-4680-9461-E33E1924E83C}.Release|ARM.ActiveCfg = Test|x86
		{534EC140-C46E-4680-9461-E33E1924E83C}.Release|x86.ActiveCfg = Test|x86
		{534EC140-C46E-4680-9461-E33E1924E83C}.Release|x86.Build.0 = Test|x86
		{534EC140-C46E-4680-9461-E33E1924E83C}.Release|x86.Deploy.0 = Test|x86
		{534EC140-C46E-4680-9461-E33E1924E83C}.Test|ARM.ActiveCfg = Test|x86
		{534EC140-C46E-4680-9461-E33E1924E83C}.Test|x86.ActiveCfg = Test|x86
		{534EC140-C46E-4680-9461-E33E1924E83C}.Test|x86.Build.0 = Test|x86
		{534EC140-C46E-4680-9461-E33E1924E83C}.Test|x86.Deploy.0 = Test|x86
		{695296B1-5F00-40E4-90F4-8D0DE80B6A9F}.Analysis|ARM.ActiveCfg = Test|ARM
		{695296B1-5F00-40E4-90F4-8D0DE80B6A9F}.Analysis|ARM.Build.0 = Test|ARM
		{695296B1-5F00-40E4-90F4-8D0DE80B6A9F}.Analysis|x86.ActiveCfg = Debug|x86
		{695296B1-5F00-40E4-90F4-8D0DE80B6A9F}.Analysis|x86.Build.0 = Debug|x86
		{695296B1-5F00-40E4-90F4-8D0DE80B6A9F}.Debug Client|ARM.ActiveCfg = Test|x86
		{695296B1-5F00-40E4-90F4-8D0DE80B6A9F}.Debug Client|x86.ActiveCfg = Test|x86
		{695296B1-5F00-40E4-90F4-8D0DE80B6A9F}.Debug|ARM.ActiveCfg = Test|x86
		{695296B1-5F00-40E4-90F4-8D0DE80B6A9F}.Debug|x86.ActiveCfg = Test|x86
		{695296B1-5F00-40E4-90F4-8D0DE80B6A9F}.Release|ARM.ActiveCfg = Test|x86
		{695296B1-5F00-40E4-90F4-8D0DE80B6A9F}.Release|x86.ActiveCfg = Test|x86
		{695296B1-5F00-40E4-90F4-8D0DE80B6A9F}.Release|x86.Build.0 = Test|x86
		{695296B1-5F00-40E4-90F4-8D0DE80B6A9F}.Test|ARM.ActiveCfg = Debug|ARM
		{695296B1-5F00-40E4-90F4-8D0DE80B6A9F}.Test|x86.ActiveCfg = Test|x86
		{695296B1-5F00-40E4-90F4-8D0DE80B6A9F}.Test|x86.Build.0 = Test|x86
		{D89D2D82-4FF1-42E6-87F8-D7D353204150}.Analysis|ARM.ActiveCfg = Release|ARM
		{D89D2D82-4FF1-42E6-87F8-D7D353204150}.Analysis|ARM.Build.0 = Release|ARM
		{D89D2D82-4FF1-42E6-87F8-D7D353204150}.Analysis|x86.ActiveCfg = Analysis|Any CPU
		{D89D2D82-4FF1-42E6-87F8-D7D353204150}.Analysis|x86.Build.0 = Analysis|Any CPU
		{D89D2D82-4FF1-42E6-87F8-D7D353204150}.Debug Client|ARM.ActiveCfg = Debug|Any CPU
		{D89D2D82-4FF1-42E6-87F8-D7D353204150}.Debug Client|ARM.Build.0 = Debug|Any CPU
		{D89D2D82-4FF1-42E6-87F8-D7D353204150}.Debug Client|x86.ActiveCfg = Debug|x86
		{D89D2D82-4FF1-42E6-87F8-D7D353204150}.Debug Client|x86.Build.0 = Debug|x86
		{D89D2D82-4FF1-42E6-87F8-D7D353204150}.Debug|ARM.ActiveCfg = Debug|Any CPU
		{D89D2D82-4FF1-42E6-87F8-D7D353204150}.Debug|ARM.Build.0 = Debug|Any CPU
		{D89D2D82-4FF1-42E6-87F8-D7D353204150}.Debug|x86.ActiveCfg = Debug|Any CPU
		{D89D2D82-4FF1-42E6-87F8-D7D353204150}.Debug|x86.Build.0 = Debug|Any CPU
		{D89D2D82-4FF1-42E6-87F8-D7D353204150}.Release|ARM.ActiveCfg = Release|Any CPU
		{D89D2D82-4FF1-42E6-87F8-D7D353204150}.Release|ARM.Build.0 = Release|Any CPU
		{D89D2D82-4FF1-42E6-87F8-D7D353204150}.Release|x86.ActiveCfg = Release|x86
		{D89D2D82-4FF1-42E6-87F8-D7D353204150}.Release|x86.Build.0 = Release|x86
		{D89D2D82-4FF1-42E6-87F8-D7D353204150}.Test|ARM.ActiveCfg = Debug|ARM
		{D89D2D82-4FF1-42E6-87F8-D7D353204150}.Test|ARM.Build.0 = Debug|ARM
		{D89D2D82-4FF1-42E6-87F8-D7D353204150}.Test|x86.ActiveCfg = Debug|x86
		{D89D2D82-4FF1-42E6-87F8-D7D353204150}.Test|x86.Build.0 = Debug|x86
		{B8A04893-2AA4-4387-BEE1-80F2BF5DDEC3}.Analysis|ARM.ActiveCfg = Release|ARM
		{B8A04893-2AA4-4387-BEE1-80F2BF5DDEC3}.Analysis|ARM.Build.0 = Release|ARM
		{B8A04893-2AA4-4387-BEE1-80F2BF5DDEC3}.Analysis|ARM.Deploy.0 = Release|ARM
		{B8A04893-2AA4-4387-BEE1-80F2BF5DDEC3}.Analysis|x86.ActiveCfg = Analysis|Any CPU
		{B8A04893-2AA4-4387-BEE1-80F2BF5DDEC3}.Analysis|x86.Build.0 = Analysis|Any CPU
		{B8A04893-2AA4-4387-BEE1-80F2BF5DDEC3}.Debug Client|ARM.ActiveCfg = Debug|ARM
		{B8A04893-2AA4-4387-BEE1-80F2BF5DDEC3}.Debug Client|ARM.Build.0 = Debug|ARM
		{B8A04893-2AA4-4387-BEE1-80F2BF5DDEC3}.Debug Client|x86.ActiveCfg = Debug|x86
		{B8A04893-2AA4-4387-BEE1-80F2BF5DDEC3}.Debug Client|x86.Build.0 = Debug|x86
		{B8A04893-2AA4-4387-BEE1-80F2BF5DDEC3}.Debug|ARM.ActiveCfg = Debug|ARM
		{B8A04893-2AA4-4387-BEE1-80F2BF5DDEC3}.Debug|ARM.Build.0 = Debug|ARM
		{B8A04893-2AA4-4387-BEE1-80F2BF5DDEC3}.Debug|x86.ActiveCfg = Debug|x86
		{B8A04893-2AA4-4387-BEE1-80F2BF5DDEC3}.Debug|x86.Build.0 = Debug|x86
		{B8A04893-2AA4-4387-BEE1-80F2BF5DDEC3}.Release|ARM.ActiveCfg = Release|ARM
		{B8A04893-2AA4-4387-BEE1-80F2BF5DDEC3}.Release|ARM.Build.0 = Release|ARM
		{B8A04893-2AA4-4387-BEE1-80F2BF5DDEC3}.Release|x86.ActiveCfg = Release|x86
		{B8A04893-2AA4-4387-BEE1-80F2BF5DDEC3}.Release|x86.Build.0 = Release|x86
		{B8A04893-2AA4-4387-BEE1-80F2BF5DDEC3}.Test|ARM.ActiveCfg = Release|ARM
		{B8A04893-2AA4-4387-BEE1-80F2BF5DDEC3}.Test|ARM.Build.0 = Release|ARM
		{B8A04893-2AA4-4387-BEE1-80F2BF5DDEC3}.Test|x86.ActiveCfg = Release|x86
		{B8A04893-2AA4-4387-BEE1-80F2BF5DDEC3}.Test|x86.Build.0 = Release|x86
		{B66E29B7-CFB6-4628-9EF5-C17F58FD7628}.Analysis|ARM.ActiveCfg = Release|ARM
		{B66E29B7-CFB6-4628-9EF5-C17F58FD7628}.Analysis|ARM.Build.0 = Release|ARM
		{B66E29B7-CFB6-4628-9EF5-C17F58FD7628}.Analysis|x86.ActiveCfg = Debug|x86
		{B66E29B7-CFB6-4628-9EF5-C17F58FD7628}.Debug Client|ARM.ActiveCfg = Debug|ARM
		{B66E29B7-CFB6-4628-9EF5-C17F58FD7628}.Debug Client|ARM.Build.0 = Debug|ARM
		{B66E29B7-CFB6-4628-9EF5-C17F58FD7628}.Debug Client|ARM.Deploy.0 = Debug|ARM
		{B66E29B7-CFB6-4628-9EF5-C17F58FD7628}.Debug Client|x86.ActiveCfg = Debug|x86
		{B66E29B7-CFB6-4628-9EF5-C17F58FD7628}.Debug|ARM.ActiveCfg = Debug|ARM
		{B66E29B7-CFB6-4628-9EF5-C17F58FD7628}.Debug|ARM.Build.0 = Debug|ARM
		{B66E29B7-CFB6-4628-9EF5-C17F58FD7628}.Debug|ARM.Deploy.0 = Debug|ARM
		{B66E29B7-CFB6-4628-9EF5-C17F58FD7628}.Debug|x86.ActiveCfg = Debug|x86
		{B66E29B7-CFB6-4628-9EF5-C17F58FD7628}.Debug|x86.Build.0 = Debug|x86
		{B66E29B7-CFB6-4628-9EF5-C17F58FD7628}.Debug|x86.Deploy.0 = Debug|x86
		{B66E29B7-CFB6-4628-9EF5-C17F58FD7628}.Release|ARM.ActiveCfg = Release|ARM
		{B66E29B7-CFB6-4628-9EF5-C17F58FD7628}.Release|ARM.Build.0 = Release|ARM
		{B66E29B7-CFB6-4628-9EF5-C17F58FD7628}.Release|ARM.Deploy.0 = Release|ARM
		{B66E29B7-CFB6-4628-9EF5-C17F58FD7628}.Release|x86.ActiveCfg = Release|x86
		{B66E29B7-CFB6-4628-9EF5-C17F58FD7628}.Release|x86.Build.0 = Release|x86
		{B66E29B7-CFB6-4628-9EF5-C17F58FD7628}.Release|x86.Deploy.0 = Release|x86
		{B66E29B7-CFB6-4628-9EF5-C17F58FD7628}.Test|ARM.ActiveCfg = Release|ARM
		{B66E29B7-CFB6-4628-9EF5-C17F58FD7628}.Test|ARM.Build.0 = Release|ARM
		{B66E29B7-CFB6-4628-9EF5-C17F58FD7628}.Test|ARM.Deploy.0 = Release|ARM
		{B66E29B7-CFB6-4628-9EF5-C17F58FD7628}.Test|x86.ActiveCfg = Release|x86
		{B66E29B7-CFB6-4628-9EF5-C17F58FD7628}.Test|x86.Build.0 = Release|x86
		{B66E29B7-CFB6-4628-9EF5-C17F58FD7628}.Test|x86.Deploy.0 = Release|x86
		{00E90AB7-0392-4332-826C-A0C65209E3E2}.Analysis|ARM.ActiveCfg = Release|ARM
		{00E90AB7-0392-4332-826C-A0C65209E3E2}.Analysis|ARM.Build.0 = Release|ARM
		{00E90AB7-0392-4332-826C-A0C65209E3E2}.Analysis|x86.ActiveCfg = Analysis|Any CPU
		{00E90AB7-0392-4332-826C-A0C65209E3E2}.Analysis|x86.Build.0 = Analysis|Any CPU
		{00E90AB7-0392-4332-826C-A0C65209E3E2}.Debug Client|ARM.ActiveCfg = Debug|ARM
		{00E90AB7-0392-4332-826C-A0C65209E3E2}.Debug Client|ARM.Build.0 = Debug|ARM
		{00E90AB7-0392-4332-826C-A0C65209E3E2}.Debug Client|x86.ActiveCfg = Debug|x86
		{00E90AB7-0392-4332-826C-A0C65209E3E2}.Debug|ARM.ActiveCfg = Debug|ARM
		{00E90AB7-0392-4332-826C-A0C65209E3E2}.Debug|ARM.Build.0 = Debug|ARM
		{00E90AB7-0392-4332-826C-A0C65209E3E2}.Debug|x86.ActiveCfg = Debug|Any CPU
		{00E90AB7-0392-4332-826C-A0C65209E3E2}.Debug|x86.Build.0 = Debug|Any CPU
		{00E90AB7-0392-4332-826C-A0C65209E3E2}.Release|ARM.ActiveCfg = Release|ARM
		{00E90AB7-0392-4332-826C-A0C65209E3E2}.Release|ARM.Build.0 = Release|ARM
		{00E90AB7-0392-4332-826C-A0C65209E3E2}.Release|x86.ActiveCfg = Release|x86
		{00E90AB7-0392-4332-826C-A0C65209E3E2}.Release|x86.Build.0 = Release|x86
		{00E90AB7-0392-4332-826C-A0C65209E3E2}.Test|ARM.ActiveCfg = Release|ARM
		{00E90AB7-0392-4332-826C-A0C65209E3E2}.Test|ARM.Build.0 = Release|ARM
		{00E90AB7-0392-4332-826C-A0C65209E3E2}.Test|x86.ActiveCfg = Debug|x86
		{80E74917-5C0D-489D-94AE-CA671863AF73}.Analysis|ARM.ActiveCfg = Release|ARM
		{80E74917-5C0D-489D-94AE-CA671863AF73}.Analysis|ARM.Build.0 = Release|ARM
		{80E74917-5C0D-489D-94AE-CA671863AF73}.Analysis|x86.ActiveCfg = Release|Any CPU
		{80E74917-5C0D-489D-94AE-CA671863AF73}.Debug Client|ARM.ActiveCfg = Debug|Any CPU
		{80E74917-5C0D-489D-94AE-CA671863AF73}.Debug Client|ARM.Build.0 = Debug|Any CPU
		{80E74917-5C0D-489D-94AE-CA671863AF73}.Debug Client|x86.ActiveCfg = Release|Any CPU
		{80E74917-5C0D-489D-94AE-CA671863AF73}.Debug|ARM.ActiveCfg = Release|Any CPU
		{80E74917-5C0D-489D-94AE-CA671863AF73}.Debug|x86.ActiveCfg = Release|Any CPU
		{80E74917-5C0D-489D-94AE-CA671863AF73}.Release|ARM.ActiveCfg = Release|Any CPU
		{80E74917-5C0D-489D-94AE-CA671863AF73}.Release|x86.ActiveCfg = Release|x86
		{80E74917-5C0D-489D-94AE-CA671863AF73}.Release|x86.Build.0 = Release|x86
		{80E74917-5C0D-489D-94AE-CA671863AF73}.Test|ARM.ActiveCfg = Release|ARM
		{80E74917-5C0D-489D-94AE-CA671863AF73}.Test|ARM.Build.0 = Release|ARM
		{80E74917-5C0D-489D-94AE-CA671863AF73}.Test|x86.ActiveCfg = Release|x86
		{80E74917-5C0D-489D-94AE-CA671863AF73}.Test|x86.Build.0 = Release|x86
		{FC84CBF8-C753-4416-AF5A-7B3C217C239B}.Analysis|ARM.ActiveCfg = Test|x86
		{FC84CBF8-C753-4416-AF5A-7B3C217C239B}.Analysis|x86.ActiveCfg = Test|x86
		{FC84CBF8-C753-4416-AF5A-7B3C217C239B}.Analysis|x86.Build.0 = Test|x86
		{FC84CBF8-C753-4416-AF5A-7B3C217C239B}.Debug Client|ARM.ActiveCfg = Test|x86
		{FC84CBF8-C753-4416-AF5A-7B3C217C239B}.Debug Client|x86.ActiveCfg = Test|x86
		{FC84CBF8-C753-4416-AF5A-7B3C217C239B}.Debug|ARM.ActiveCfg = Test|x86
		{FC84CBF8-C753-4416-AF5A-7B3C217C239B}.Debug|x86.ActiveCfg = Test|x86
		{FC84CBF8-C753-4416-AF5A-7B3C217C239B}.Release|ARM.ActiveCfg = Test|x86
		{FC84CBF8-C753-4416-AF5A-7B3C217C239B}.Release|x86.ActiveCfg = Test|x86
		{FC84CBF8-C753-4416-AF5A-7B3C217C239B}.Release|x86.Build.0 = Test|x86
		{FC84CBF8-C753-4416-AF5A-7B3C217C239B}.Test|ARM.ActiveCfg = Test|x86
		{FC84CBF8-C753-4416-AF5A-7B3C217C239B}.Test|x86.ActiveCfg = Test|x86
		{FC84CBF8-C753-4416-AF5A-7B3C217C239B}.Test|x86.Build.0 = Test|x86
		{56A94CF2-5B95-459A-B623-716EEDAA18FC}.Analysis|ARM.ActiveCfg = Release|Any CPU
		{56A94CF2-5B95-459A-B623-716EEDAA18FC}.Analysis|ARM.Build.0 = Release|Any CPU
		{56A94CF2-5B95-459A-B623-716EEDAA18FC}.Analysis|x86.ActiveCfg = Release|Any CPU
		{56A94CF2-5B95-459A-B623-716EEDAA18FC}.Debug Client|ARM.ActiveCfg = Debug|Any CPU
		{56A94CF2-5B95-459A-B623-716EEDAA18FC}.Debug Client|ARM.Build.0 = Debug|Any CPU
		{56A94CF2-5B95-459A-B623-716EEDAA18FC}.Debug Client|x86.ActiveCfg = Release|Any CPU
		{56A94CF2-5B95-459A-B623-716EEDAA18FC}.Debug|ARM.ActiveCfg = Release|Any CPU
		{56A94CF2-5B95-459A-B623-716EEDAA18FC}.Debug|x86.ActiveCfg = Release|Any CPU
		{56A94CF2-5B95-459A-B623-716EEDAA18FC}.Release|ARM.ActiveCfg = Release|Any CPU
		{56A94CF2-5B95-459A-B623-716EEDAA18FC}.Release|x86.ActiveCfg = Release|Any CPU
		{56A94CF2-5B95-459A-B623-716EEDAA18FC}.Release|x86.Build.0 = Release|Any CPU
		{56A94CF2-5B95-459A-B623-716EEDAA18FC}.Test|ARM.ActiveCfg = Release|Any CPU
		{56A94CF2-5B95-459A-B623-716EEDAA18FC}.Test|ARM.Build.0 = Release|Any CPU
		{56A94CF2-5B95-459A-B623-716EEDAA18FC}.Test|x86.ActiveCfg = Release|Any CPU
		{56A94CF2-5B95-459A-B623-716EEDAA18FC}.Test|x86.Build.0 = Release|Any CPU
		{74E94795-F4B7-4B8B-ABAE-695FEBC5B753}.Analysis|ARM.ActiveCfg = Release|Any CPU
		{74E94795-F4B7-4B8B-ABAE-695FEBC5B753}.Analysis|ARM.Build.0 = Release|Any CPU
		{74E94795-F4B7-4B8B-ABAE-695FEBC5B753}.Analysis|x86.ActiveCfg = Release|Any CPU
		{74E94795-F4B7-4B8B-ABAE-695FEBC5B753}.Debug Client|ARM.ActiveCfg = Debug|Any CPU
		{74E94795-F4B7-4B8B-ABAE-695FEBC5B753}.Debug Client|ARM.Build.0 = Debug|Any CPU
		{74E94795-F4B7-4B8B-ABAE-695FEBC5B753}.Debug Client|x86.ActiveCfg = Release|Any CPU
		{74E94795-F4B7-4B8B-ABAE-695FEBC5B753}.Debug|ARM.ActiveCfg = Release|Any CPU
		{74E94795-F4B7-4B8B-ABAE-695FEBC5B753}.Debug|x86.ActiveCfg = Release|Any CPU
		{74E94795-F4B7-4B8B-ABAE-695FEBC5B753}.Release|ARM.ActiveCfg = Release|Any CPU
		{74E94795-F4B7-4B8B-ABAE-695FEBC5B753}.Release|x86.ActiveCfg = Release|Any CPU
		{74E94795-F4B7-4B8B-ABAE-695FEBC5B753}.Release|x86.Build.0 = Release|Any CPU
		{74E94795-F4B7-4B8B-ABAE-695FEBC5B753}.Test|ARM.ActiveCfg = Release|Any CPU
		{74E94795-F4B7-4B8B-ABAE-695FEBC5B753}.Test|ARM.Build.0 = Release|Any CPU
		{74E94795-F4B7-4B8B-ABAE-695FEBC5B753}.Test|x86.ActiveCfg = Release|Any CPU
		{74E94795-F4B7-4B8B-ABAE-695FEBC5B753}.Test|x86.Build.0 = Release|Any CPU
		{7FC1A925-CB31-4518-9952-F2F1F3DFA0B9}.Analysis|ARM.ActiveCfg = Release|Any CPU
		{7FC1A925-CB31-4518-9952-F2F1F3DFA0B9}.Analysis|ARM.Build.0 = Release|Any CPU
		{7FC1A925-CB31-4518-9952-F2F1F3DFA0B9}.Analysis|x86.ActiveCfg = Release|Any CPU
		{7FC1A925-CB31-4518-9952-F2F1F3DFA0B9}.Debug Client|ARM.ActiveCfg = Release|Any CPU
		{7FC1A925-CB31-4518-9952-F2F1F3DFA0B9}.Debug Client|x86.ActiveCfg = Release|Any CPU
		{7FC1A925-CB31-4518-9952-F2F1F3DFA0B9}.Debug|ARM.ActiveCfg = Release|Any CPU
		{7FC1A925-CB31-4518-9952-F2F1F3DFA0B9}.Debug|x86.ActiveCfg = Release|Any CPU
		{7FC1A925-CB31-4518-9952-F2F1F3DFA0B9}.Release|ARM.ActiveCfg = Release|Any CPU
		{7FC1A925-CB31-4518-9952-F2F1F3DFA0B9}.Release|x86.ActiveCfg = Release|Any CPU
		{7FC1A925-CB31-4518-9952-F2F1F3DFA0B9}.Release|x86.Build.0 = Release|Any CPU
		{7FC1A925-CB31-4518-9952-F2F1F3DFA0B9}.Test|ARM.ActiveCfg = Release|Any CPU
		{7FC1A925-CB31-4518-9952-F2F1F3DFA0B9}.Test|ARM.Build.0 = Release|Any CPU
		{7FC1A925-CB31-4518-9952-F2F1F3DFA0B9}.Test|x86.ActiveCfg = Release|Any CPU
		{7FC1A925-CB31-4518-9952-F2F1F3DFA0B9}.Test|x86.Build.0 = Release|Any CPU
		{E5A5430F-60E8-44DE-9706-5CFFDD8B63E8}.Analysis|ARM.ActiveCfg = Release|Any CPU
		{E5A5430F-60E8-44DE-9706-5CFFDD8B63E8}.Analysis|ARM.Build.0 = Release|Any CPU
		{E5A5430F-60E8-44DE-9706-5CFFDD8B63E8}.Analysis|x86.ActiveCfg = Release|Any CPU
		{E5A5430F-60E8-44DE-9706-5CFFDD8B63E8}.Debug Client|ARM.ActiveCfg = Release|Any CPU
		{E5A5430F-60E8-44DE-9706-5CFFDD8B63E8}.Debug Client|x86.ActiveCfg = Release|Any CPU
		{E5A5430F-60E8-44DE-9706-5CFFDD8B63E8}.Debug|ARM.ActiveCfg = Release|Any CPU
		{E5A5430F-60E8-44DE-9706-5CFFDD8B63E8}.Debug|x86.ActiveCfg = Release|Any CPU
		{E5A5430F-60E8-44DE-9706-5CFFDD8B63E8}.Release|ARM.ActiveCfg = Release|Any CPU
		{E5A5430F-60E8-44DE-9706-5CFFDD8B63E8}.Release|x86.ActiveCfg = Release|Any CPU
		{E5A5430F-60E8-44DE-9706-5CFFDD8B63E8}.Release|x86.Build.0 = Release|Any CPU
		{E5A5430F-60E8-44DE-9706-5CFFDD8B63E8}.Test|ARM.ActiveCfg = Release|Any CPU
		{E5A5430F-60E8-44DE-9706-5CFFDD8B63E8}.Test|ARM.Build.0 = Release|Any CPU
		{E5A5430F-60E8-44DE-9706-5CFFDD8B63E8}.Test|x86.ActiveCfg = Release|Any CPU
		{E5A5430F-60E8-44DE-9706-5CFFDD8B63E8}.Test|x86.Build.0 = Release|Any CPU
		{BEFA8A69-280B-4216-BA4D-412711C3EB9A}.Analysis|ARM.ActiveCfg = Release|Any CPU
		{BEFA8A69-280B-4216-BA4D-412711C3EB9A}.Analysis|ARM.Build.0 = Release|Any CPU
		{BEFA8A69-280B-4216-BA4D-412711C3EB9A}.Analysis|x86.ActiveCfg = Release|Any CPU
		{BEFA8A69-280B-4216-BA4D-412711C3EB9A}.Analysis|x86.Build.0 = Release|Any CPU
		{BEFA8A69-280B-4216-BA4D-412711C3EB9A}.Debug Client|ARM.ActiveCfg = Debug|Any CPU
		{BEFA8A69-280B-4216-BA4D-412711C3EB9A}.Debug Client|ARM.Build.0 = Debug|Any CPU
		{BEFA8A69-280B-4216-BA4D-412711C3EB9A}.Debug Client|x86.ActiveCfg = Debug|Any CPU
		{BEFA8A69-280B-4216-BA4D-412711C3EB9A}.Debug|ARM.ActiveCfg = Debug|Any CPU
		{BEFA8A69-280B-4216-BA4D-412711C3EB9A}.Debug|ARM.Build.0 = Debug|Any CPU
		{BEFA8A69-280B-4216-BA4D-412711C3EB9A}.Debug|x86.ActiveCfg = Debug|Any CPU
		{BEFA8A69-280B-4216-BA4D-412711C3EB9A}.Debug|x86.Build.0 = Debug|Any CPU
		{BEFA8A69-280B-4216-BA4D-412711C3EB9A}.Release|ARM.ActiveCfg = Release|Any CPU
		{BEFA8A69-280B-4216-BA4D-412711C3EB9A}.Release|ARM.Build.0 = Release|Any CPU
		{BEFA8A69-280B-4216-BA4D-412711C3EB9A}.Release|x86.ActiveCfg = Release|Any CPU
		{BEFA8A69-280B-4216-BA4D-412711C3EB9A}.Release|x86.Build.0 = Release|Any CPU
		{BEFA8A69-280B-4216-BA4D-412711C3EB9A}.Test|ARM.ActiveCfg = Release|Any CPU
		{BEFA8A69-280B-4216-BA4D-412711C3EB9A}.Test|ARM.Build.0 = Release|Any CPU
		{BEFA8A69-280B-4216-BA4D-412711C3EB9A}.Test|x86.ActiveCfg = Release|Any CPU
		{BEFA8A69-280B-4216-BA4D-412711C3EB9A}.Test|x86.Build.0 = Release|Any CPU
		{EA2B3B64-EF42-4E8F-B47A-1BB76969A415}.Analysis|ARM.ActiveCfg = Release|Any CPU
		{EA2B3B64-EF42-4E8F-B47A-1BB76969A415}.Analysis|ARM.Build.0 = Release|Any CPU
		{EA2B3B64-EF42-4E8F-B47A-1BB76969A415}.Analysis|x86.ActiveCfg = Release|Any CPU
		{EA2B3B64-EF42-4E8F-B47A-1BB76969A415}.Analysis|x86.Build.0 = Release|Any CPU
		{EA2B3B64-EF42-4E8F-B47A-1BB76969A415}.Debug Client|ARM.ActiveCfg = Debug|Any CPU
		{EA2B3B64-EF42-4E8F-B47A-1BB76969A415}.Debug Client|ARM.Build.0 = Debug|Any CPU
		{EA2B3B64-EF42-4E8F-B47A-1BB76969A415}.Debug Client|x86.ActiveCfg = Debug|Any CPU
		{EA2B3B64-EF42-4E8F-B47A-1BB76969A415}.Debug|ARM.ActiveCfg = Debug|Any CPU
		{EA2B3B64-EF42-4E8F-B47A-1BB76969A415}.Debug|ARM.Build.0 = Debug|Any CPU
		{EA2B3B64-EF42-4E8F-B47A-1BB76969A415}.Debug|x86.ActiveCfg = Debug|Any CPU
		{EA2B3B64-EF42-4E8F-B47A-1BB76969A415}.Debug|x86.Build.0 = Debug|Any CPU
		{EA2B3B64-EF42-4E8F-B47A-1BB76969A415}.Release|ARM.ActiveCfg = Release|Any CPU
		{EA2B3B64-EF42-4E8F-B47A-1BB76969A415}.Release|ARM.Build.0 = Release|Any CPU
		{EA2B3B64-EF42-4E8F-B47A-1BB76969A415}.Release|x86.ActiveCfg = Release|Any CPU
		{EA2B3B64-EF42-4E8F-B47A-1BB76969A415}.Release|x86.Build.0 = Release|Any CPU
		{EA2B3B64-EF42-4E8F-B47A-1BB76969A415}.Test|ARM.ActiveCfg = Release|Any CPU
		{EA2B3B64-EF42-4E8F-B47A-1BB76969A415}.Test|ARM.Build.0 = Release|Any CPU
		{EA2B3B64-EF42-4E8F-B47A-1BB76969A415}.Test|x86.ActiveCfg = Release|Any CPU
		{EA2B3B64-EF42-4E8F-B47A-1BB76969A415}.Test|x86.Build.0 = Release|Any CPU
		{3F4664F6-4E0E-4C2A-9B22-AE31E468D378}.Analysis|ARM.ActiveCfg = Release|Any CPU
		{3F4664F6-4E0E-4C2A-9B22-AE31E468D378}.Analysis|ARM.Build.0 = Release|Any CPU
		{3F4664F6-4E0E-4C2A-9B22-AE31E468D378}.Analysis|x86.ActiveCfg = Release|Any CPU
		{3F4664F6-4E0E-4C2A-9B22-AE31E468D378}.Analysis|x86.Build.0 = Release|Any CPU
		{3F4664F6-4E0E-4C2A-9B22-AE31E468D378}.Debug Client|ARM.ActiveCfg = Debug|Any CPU
		{3F4664F6-4E0E-4C2A-9B22-AE31E468D378}.Debug Client|ARM.Build.0 = Debug|Any CPU
		{3F4664F6-4E0E-4C2A-9B22-AE31E468D378}.Debug Client|x86.ActiveCfg = Debug|Any CPU
		{3F4664F6-4E0E-4C2A-9B22-AE31E468D378}.Debug|ARM.ActiveCfg = Debug|Any CPU
		{3F4664F6-4E0E-4C2A-9B22-AE31E468D378}.Debug|ARM.Build.0 = Debug|Any CPU
		{3F4664F6-4E0E-4C2A-9B22-AE31E468D378}.Debug|x86.ActiveCfg = Debug|Any CPU
		{3F4664F6-4E0E-4C2A-9B22-AE31E468D378}.Debug|x86.Build.0 = Debug|Any CPU
		{3F4664F6-4E0E-4C2A-9B22-AE31E468D378}.Release|ARM.ActiveCfg = Release|Any CPU
		{3F4664F6-4E0E-4C2A-9B22-AE31E468D378}.Release|ARM.Build.0 = Release|Any CPU
		{3F4664F6-4E0E-4C2A-9B22-AE31E468D378}.Release|x86.ActiveCfg = Release|Any CPU
		{3F4664F6-4E0E-4C2A-9B22-AE31E468D378}.Release|x86.Build.0 = Release|Any CPU
		{3F4664F6-4E0E-4C2A-9B22-AE31E468D378}.Test|ARM.ActiveCfg = Release|Any CPU
		{3F4664F6-4E0E-4C2A-9B22-AE31E468D378}.Test|ARM.Build.0 = Release|Any CPU
		{3F4664F6-4E0E-4C2A-9B22-AE31E468D378}.Test|x86.ActiveCfg = Release|Any CPU
		{3F4664F6-4E0E-4C2A-9B22-AE31E468D378}.Test|x86.Build.0 = Release|Any CPU
		{C63C99AD-93BF-4A15-BA4E-511D5DCF559B}.Analysis|ARM.ActiveCfg = Release|Any CPU
		{C63C99AD-93BF-4A15-BA4E-511D5DCF559B}.Analysis|ARM.Build.0 = Release|Any CPU
		{C63C99AD-93BF-4A15-BA4E-511D5DCF559B}.Analysis|x86.ActiveCfg = Release|Any CPU
		{C63C99AD-93BF-4A15-BA4E-511D5DCF559B}.Analysis|x86.Build.0 = Release|Any CPU
		{C63C99AD-93BF-4A15-BA4E-511D5DCF559B}.Debug Client|ARM.ActiveCfg = Debug|Any CPU
		{C63C99AD-93BF-4A15-BA4E-511D5DCF559B}.Debug Client|ARM.Build.0 = Debug|Any CPU
		{C63C99AD-93BF-4A15-BA4E-511D5DCF559B}.Debug Client|x86.ActiveCfg = Debug|Any CPU
		{C63C99AD-93BF-4A15-BA4E-511D5DCF559B}.Debug|ARM.ActiveCfg = Debug|Any CPU
		{C63C99AD-93BF-4A15-BA4E-511D5DCF559B}.Debug|ARM.Build.0 = Debug|Any CPU
		{C63C99AD-93BF-4A15-BA4E-511D5DCF559B}.Debug|x86.ActiveCfg = Debug|Any CPU
		{C63C99AD-93BF-4A15-BA4E-511D5DCF559B}.Debug|x86.Build.0 = Debug|Any CPU
		{C63C99AD-93BF-4A15-BA4E-511D5DCF559B}.Release|ARM.ActiveCfg = Release|Any CPU
		{C63C99AD-93BF-4A15-BA4E-511D5DCF559B}.Release|ARM.Build.0 = Release|Any CPU
		{C63C99AD-93BF-4A15-BA4E-511D5DCF559B}.Release|x86.ActiveCfg = Release|Any CPU
		{C63C99AD-93BF-4A15-BA4E-511D5DCF559B}.Release|x86.Build.0 = Release|Any CPU
		{C63C99AD-93BF-4A15-BA4E-511D5DCF559B}.Test|ARM.ActiveCfg = Release|Any CPU
		{C63C99AD-93BF-4A15-BA4E-511D5DCF559B}.Test|ARM.Build.0 = Release|Any CPU
		{C63C99AD-93BF-4A15-BA4E-511D5DCF559B}.Test|x86.ActiveCfg = Release|Any CPU
		{C63C99AD-93BF-4A15-BA4E-511D5DCF559B}.Test|x86.Build.0 = Release|Any CPU
		{356F1914-4F7F-44D8-8825-63BA82196446}.Analysis|ARM.ActiveCfg = Release|Any CPU
		{356F1914-4F7F-44D8-8825-63BA82196446}.Analysis|ARM.Build.0 = Release|Any CPU
		{356F1914-4F7F-44D8-8825-63BA82196446}.Analysis|x86.ActiveCfg = Release|Any CPU
		{356F1914-4F7F-44D8-8825-63BA82196446}.Analysis|x86.Build.0 = Release|Any CPU
		{356F1914-4F7F-44D8-8825-63BA82196446}.Debug Client|ARM.ActiveCfg = Debug|Any CPU
		{356F1914-4F7F-44D8-8825-63BA82196446}.Debug Client|ARM.Build.0 = Debug|Any CPU
		{356F1914-4F7F-44D8-8825-63BA82196446}.Debug Client|x86.ActiveCfg = Debug|Any CPU
		{356F1914-4F7F-44D8-8825-63BA82196446}.Debug|ARM.ActiveCfg = Debug|Any CPU
		{356F1914-4F7F-44D8-8825-63BA82196446}.Debug|ARM.Build.0 = Debug|Any CPU
		{356F1914-4F7F-44D8-8825-63BA82196446}.Debug|x86.ActiveCfg = Debug|Any CPU
		{356F1914-4F7F-44D8-8825-63BA82196446}.Debug|x86.Build.0 = Debug|Any CPU
		{356F1914-4F7F-44D8-8825-63BA82196446}.Release|ARM.ActiveCfg = Release|Any CPU
		{356F1914-4F7F-44D8-8825-63BA82196446}.Release|ARM.Build.0 = Release|Any CPU
		{356F1914-4F7F-44D8-8825-63BA82196446}.Release|x86.ActiveCfg = Release|Any CPU
		{356F1914-4F7F-44D8-8825-63BA82196446}.Release|x86.Build.0 = Release|Any CPU
		{356F1914-4F7F-44D8-8825-63BA82196446}.Test|ARM.ActiveCfg = Release|Any CPU
		{356F1914-4F7F-44D8-8825-63BA82196446}.Test|ARM.Build.0 = Release|Any CPU
		{356F1914-4F7F-44D8-8825-63BA82196446}.Test|x86.ActiveCfg = Release|Any CPU
		{356F1914-4F7F-44D8-8825-63BA82196446}.Test|x86.Build.0 = Release|Any CPU
		{337F9DCC-28A2-4594-B3A5-5D2AC759CCD2}.Analysis|ARM.ActiveCfg = Release|Any CPU
		{337F9DCC-28A2-4594-B3A5-5D2AC759CCD2}.Analysis|ARM.Build.0 = Release|Any CPU
		{337F9DCC-28A2-4594-B3A5-5D2AC759CCD2}.Analysis|x86.ActiveCfg = Release|Any CPU
		{337F9DCC-28A2-4594-B3A5-5D2AC759CCD2}.Analysis|x86.Build.0 = Release|Any CPU
		{337F9DCC-28A2-4594-B3A5-5D2AC759CCD2}.Debug Client|ARM.ActiveCfg = Debug|Any CPU
		{337F9DCC-28A2-4594-B3A5-5D2AC759CCD2}.Debug Client|ARM.Build.0 = Debug|Any CPU
		{337F9DCC-28A2-4594-B3A5-5D2AC759CCD2}.Debug Client|x86.ActiveCfg = Debug|Any CPU
		{337F9DCC-28A2-4594-B3A5-5D2AC759CCD2}.Debug|ARM.ActiveCfg = Debug|Any CPU
		{337F9DCC-28A2-4594-B3A5-5D2AC759CCD2}.Debug|ARM.Build.0 = Debug|Any CPU
		{337F9DCC-28A2-4594-B3A5-5D2AC759CCD2}.Debug|x86.ActiveCfg = Debug|Any CPU
		{337F9DCC-28A2-4594-B3A5-5D2AC759CCD2}.Debug|x86.Build.0 = Debug|Any CPU
		{337F9DCC-28A2-4594-B3A5-5D2AC759CCD2}.Release|ARM.ActiveCfg = Release|Any CPU
		{337F9DCC-28A2-4594-B3A5-5D2AC759CCD2}.Release|ARM.Build.0 = Release|Any CPU
		{337F9DCC-28A2-4594-B3A5-5D2AC759CCD2}.Release|x86.ActiveCfg = Release|Any CPU
		{337F9DCC-28A2-4594-B3A5-5D2AC759CCD2}.Release|x86.Build.0 = Release|Any CPU
		{337F9DCC-28A2-4594-B3A5-5D2AC759CCD2}.Test|ARM.ActiveCfg = Release|Any CPU
		{337F9DCC-28A2-4594-B3A5-5D2AC759CCD2}.Test|ARM.Build.0 = Release|Any CPU
		{337F9DCC-28A2-4594-B3A5-5D2AC759CCD2}.Test|x86.ActiveCfg = Release|Any CPU
		{337F9DCC-28A2-4594-B3A5-5D2AC759CCD2}.Test|x86.Build.0 = Release|Any CPU
		{05E1D2F5-F28B-4689-B607-33EA288125FF}.Analysis|ARM.ActiveCfg = Release|Any CPU
		{05E1D2F5-F28B-4689-B607-33EA288125FF}.Analysis|ARM.Build.0 = Release|Any CPU
		{05E1D2F5-F28B-4689-B607-33EA288125FF}.Analysis|x86.ActiveCfg = Release|Any CPU
		{05E1D2F5-F28B-4689-B607-33EA288125FF}.Debug Client|ARM.ActiveCfg = Release|Any CPU
		{05E1D2F5-F28B-4689-B607-33EA288125FF}.Debug Client|x86.ActiveCfg = Release|Any CPU
		{05E1D2F5-F28B-4689-B607-33EA288125FF}.Debug|ARM.ActiveCfg = Release|Any CPU
		{05E1D2F5-F28B-4689-B607-33EA288125FF}.Debug|x86.ActiveCfg = Release|Any CPU
		{05E1D2F5-F28B-4689-B607-33EA288125FF}.Release|ARM.ActiveCfg = Release|Any CPU
		{05E1D2F5-F28B-4689-B607-33EA288125FF}.Release|x86.ActiveCfg = Release|Any CPU
		{05E1D2F5-F28B-4689-B607-33EA288125FF}.Release|x86.Build.0 = Release|Any CPU
		{05E1D2F5-F28B-4689-B607-33EA288125FF}.Test|ARM.ActiveCfg = Release|Any CPU
		{05E1D2F5-F28B-4689-B607-33EA288125FF}.Test|ARM.Build.0 = Release|Any CPU
		{05E1D2F5-F28B-4689-B607-33EA288125FF}.Test|x86.ActiveCfg = Release|Any CPU
		{05E1D2F5-F28B-4689-B607-33EA288125FF}.Test|x86.Build.0 = Release|Any CPU
		{FE90CEFF-9A38-4D76-8386-75EE282D61C1}.Analysis|ARM.ActiveCfg = Debug|Any CPU
		{FE90CEFF-9A38-4D76-8386-75EE282D61C1}.Analysis|ARM.Build.0 = Debug|Any CPU
		{FE90CEFF-9A38-4D76-8386-75EE282D61C1}.Analysis|x86.ActiveCfg = Debug|Any CPU
		{FE90CEFF-9A38-4D76-8386-75EE282D61C1}.Analysis|x86.Build.0 = Debug|Any CPU
		{FE90CEFF-9A38-4D76-8386-75EE282D61C1}.Debug Client|ARM.ActiveCfg = Debug|Any CPU
		{FE90CEFF-9A38-4D76-8386-75EE282D61C1}.Debug Client|ARM.Build.0 = Debug|Any CPU
		{FE90CEFF-9A38-4D76-8386-75EE282D61C1}.Debug Client|x86.ActiveCfg = Debug|Any CPU
		{FE90CEFF-9A38-4D76-8386-75EE282D61C1}.Debug Client|x86.Build.0 = Debug|Any CPU
		{FE90CEFF-9A38-4D76-8386-75EE282D61C1}.Debug|ARM.ActiveCfg = Debug|Any CPU
		{FE90CEFF-9A38-4D76-8386-75EE282D61C1}.Debug|ARM.Build.0 = Debug|Any CPU
		{FE90CEFF-9A38-4D76-8386-75EE282D61C1}.Debug|x86.ActiveCfg = Debug|Any CPU
		{FE90CEFF-9A38-4D76-8386-75EE282D61C1}.Debug|x86.Build.0 = Debug|Any CPU
		{FE90CEFF-9A38-4D76-8386-75EE282D61C1}.Release|ARM.ActiveCfg = Debug|Any CPU
		{FE90CEFF-9A38-4D76-8386-75EE282D61C1}.Release|ARM.Build.0 = Debug|Any CPU
		{FE90CEFF-9A38-4D76-8386-75EE282D61C1}.Release|x86.ActiveCfg = Debug|Any CPU
		{FE90CEFF-9A38-4D76-8386-75EE282D61C1}.Release|x86.Build.0 = Debug|Any CPU
		{FE90CEFF-9A38-4D76-8386-75EE282D61C1}.Test|ARM.ActiveCfg = Debug|Any CPU
		{FE90CEFF-9A38-4D76-8386-75EE282D61C1}.Test|ARM.Build.0 = Debug|Any CPU
		{FE90CEFF-9A38-4D76-8386-75EE282D61C1}.Test|x86.ActiveCfg = Debug|Any CPU
		{FE90CEFF-9A38-4D76-8386-75EE282D61C1}.Test|x86.Build.0 = Debug|Any CPU
		{1A7D25F4-715B-472B-9C12-A0FCB2E51550}.Analysis|ARM.ActiveCfg = Analysis|Any CPU
		{1A7D25F4-715B-472B-9C12-A0FCB2E51550}.Analysis|ARM.Build.0 = Analysis|Any CPU
		{1A7D25F4-715B-472B-9C12-A0FCB2E51550}.Analysis|x86.ActiveCfg = Analysis|Any CPU
		{1A7D25F4-715B-472B-9C12-A0FCB2E51550}.Analysis|x86.Build.0 = Analysis|Any CPU
		{1A7D25F4-715B-472B-9C12-A0FCB2E51550}.Debug Client|ARM.ActiveCfg = Debug|Any CPU
		{1A7D25F4-715B-472B-9C12-A0FCB2E51550}.Debug Client|ARM.Build.0 = Debug|Any CPU
		{1A7D25F4-715B-472B-9C12-A0FCB2E51550}.Debug Client|x86.ActiveCfg = Debug|Any CPU
		{1A7D25F4-715B-472B-9C12-A0FCB2E51550}.Debug Client|x86.Build.0 = Debug|Any CPU
		{1A7D25F4-715B-472B-9C12-A0FCB2E51550}.Debug|ARM.ActiveCfg = Debug|Any CPU
		{1A7D25F4-715B-472B-9C12-A0FCB2E51550}.Debug|ARM.Build.0 = Debug|Any CPU
		{1A7D25F4-715B-472B-9C12-A0FCB2E51550}.Debug|x86.ActiveCfg = Debug|Any CPU
		{1A7D25F4-715B-472B-9C12-A0FCB2E51550}.Debug|x86.Build.0 = Debug|Any CPU
		{1A7D25F4-715B-472B-9C12-A0FCB2E51550}.Release|ARM.ActiveCfg = Release|Any CPU
		{1A7D25F4-715B-472B-9C12-A0FCB2E51550}.Release|ARM.Build.0 = Release|Any CPU
		{1A7D25F4-715B-472B-9C12-A0FCB2E51550}.Release|x86.ActiveCfg = Release|Any CPU
		{1A7D25F4-715B-472B-9C12-A0FCB2E51550}.Release|x86.Build.0 = Release|Any CPU
		{1A7D25F4-715B-472B-9C12-A0FCB2E51550}.Test|ARM.ActiveCfg = Analysis|Any CPU
		{1A7D25F4-715B-472B-9C12-A0FCB2E51550}.Test|ARM.Build.0 = Analysis|Any CPU
		{1A7D25F4-715B-472B-9C12-A0FCB2E51550}.Test|x86.ActiveCfg = Analysis|Any CPU
		{1A7D25F4-715B-472B-9C12-A0FCB2E51550}.Test|x86.Build.0 = Analysis|Any CPU
		{DCD72E78-42C4-4E06-AFB1-3E4C956975B9}.Analysis|ARM.ActiveCfg = Release|ARM
		{DCD72E78-42C4-4E06-AFB1-3E4C956975B9}.Analysis|ARM.Build.0 = Release|ARM
		{DCD72E78-42C4-4E06-AFB1-3E4C956975B9}.Analysis|ARM.Deploy.0 = Release|ARM
		{DCD72E78-42C4-4E06-AFB1-3E4C956975B9}.Analysis|x86.ActiveCfg = Debug|x86
		{DCD72E78-42C4-4E06-AFB1-3E4C956975B9}.Debug Client|ARM.ActiveCfg = Debug|ARM
		{DCD72E78-42C4-4E06-AFB1-3E4C956975B9}.Debug Client|ARM.Build.0 = Debug|ARM
		{DCD72E78-42C4-4E06-AFB1-3E4C956975B9}.Debug Client|ARM.Deploy.0 = Debug|ARM
		{DCD72E78-42C4-4E06-AFB1-3E4C956975B9}.Debug Client|x86.ActiveCfg = Debug|x86
		{DCD72E78-42C4-4E06-AFB1-3E4C956975B9}.Debug Client|x86.Build.0 = Debug|x86
		{DCD72E78-42C4-4E06-AFB1-3E4C956975B9}.Debug Client|x86.Deploy.0 = Debug|x86
		{DCD72E78-42C4-4E06-AFB1-3E4C956975B9}.Debug|ARM.ActiveCfg = Debug|x86
		{DCD72E78-42C4-4E06-AFB1-3E4C956975B9}.Debug|ARM.Build.0 = Debug|x86
		{DCD72E78-42C4-4E06-AFB1-3E4C956975B9}.Debug|ARM.Deploy.0 = Debug|x86
		{DCD72E78-42C4-4E06-AFB1-3E4C956975B9}.Debug|x86.ActiveCfg = Debug|x86
		{DCD72E78-42C4-4E06-AFB1-3E4C956975B9}.Debug|x86.Build.0 = Debug|x86
		{DCD72E78-42C4-4E06-AFB1-3E4C956975B9}.Release|ARM.ActiveCfg = Debug|x86
		{DCD72E78-42C4-4E06-AFB1-3E4C956975B9}.Release|ARM.Build.0 = Debug|x86
		{DCD72E78-42C4-4E06-AFB1-3E4C956975B9}.Release|ARM.Deploy.0 = Debug|x86
		{DCD72E78-42C4-4E06-AFB1-3E4C956975B9}.Release|x86.ActiveCfg = Release|x86
		{DCD72E78-42C4-4E06-AFB1-3E4C956975B9}.Release|x86.Build.0 = Release|x86
		{DCD72E78-42C4-4E06-AFB1-3E4C956975B9}.Release|x86.Deploy.0 = Release|x86
		{DCD72E78-42C4-4E06-AFB1-3E4C956975B9}.Test|ARM.ActiveCfg = Release|ARM
		{DCD72E78-42C4-4E06-AFB1-3E4C956975B9}.Test|ARM.Build.0 = Release|ARM
		{DCD72E78-42C4-4E06-AFB1-3E4C956975B9}.Test|ARM.Deploy.0 = Release|ARM
		{DCD72E78-42C4-4E06-AFB1-3E4C956975B9}.Test|x86.ActiveCfg = Release|x86
		{DCD72E78-42C4-4E06-AFB1-3E4C956975B9}.Test|x86.Build.0 = Release|x86
		{DCD72E78-42C4-4E06-AFB1-3E4C956975B9}.Test|x86.Deploy.0 = Release|x86
		{68E19AF6-9631-4509-B846-E494B5852226}.Analysis|ARM.ActiveCfg = Release|Any CPU
		{68E19AF6-9631-4509-B846-E494B5852226}.Analysis|ARM.Build.0 = Release|Any CPU
		{68E19AF6-9631-4509-B846-E494B5852226}.Analysis|x86.ActiveCfg = Release|Any CPU
		{68E19AF6-9631-4509-B846-E494B5852226}.Analysis|x86.Build.0 = Release|Any CPU
		{68E19AF6-9631-4509-B846-E494B5852226}.Debug Client|ARM.ActiveCfg = Debug|Any CPU
		{68E19AF6-9631-4509-B846-E494B5852226}.Debug Client|ARM.Build.0 = Debug|Any CPU
		{68E19AF6-9631-4509-B846-E494B5852226}.Debug Client|x86.ActiveCfg = Release|Any CPU
		{68E19AF6-9631-4509-B846-E494B5852226}.Debug|ARM.ActiveCfg = Release|Any CPU
		{68E19AF6-9631-4509-B846-E494B5852226}.Debug|x86.ActiveCfg = Release|Any CPU
		{68E19AF6-9631-4509-B846-E494B5852226}.Release|ARM.ActiveCfg = Release|Any CPU
		{68E19AF6-9631-4509-B846-E494B5852226}.Release|ARM.Build.0 = Release|Any CPU
		{68E19AF6-9631-4509-B846-E494B5852226}.Release|x86.ActiveCfg = Release|Any CPU
		{68E19AF6-9631-4509-B846-E494B5852226}.Release|x86.Build.0 = Release|Any CPU
		{68E19AF6-9631-4509-B846-E494B5852226}.Test|ARM.ActiveCfg = Release|Any CPU
		{68E19AF6-9631-4509-B846-E494B5852226}.Test|ARM.Build.0 = Release|Any CPU
		{68E19AF6-9631-4509-B846-E494B5852226}.Test|x86.ActiveCfg = Release|Any CPU
		{68E19AF6-9631-4509-B846-E494B5852226}.Test|x86.Build.0 = Release|Any CPU
	EndGlobalSection
	GlobalSection(SolutionProperties) = preSolution
		HideSolutionNode = FALSE
	EndGlobalSection
	GlobalSection(NestedProjects) = preSolution
		{534EC140-C46E-4680-9461-E33E1924E83C} = {A7C2AA4B-6222-4C0D-AFCC-723DFD369BFC}
		{695296B1-5F00-40E4-90F4-8D0DE80B6A9F} = {A7C2AA4B-6222-4C0D-AFCC-723DFD369BFC}
		{20B6C01B-ECE5-41C9-BB80-C3855476CBA7} = {211FDF67-A839-4127-9FB8-D18A1764C950}
		{80E74917-5C0D-489D-94AE-CA671863AF73} = {211FDF67-A839-4127-9FB8-D18A1764C950}
		{FC84CBF8-C753-4416-AF5A-7B3C217C239B} = {A7C2AA4B-6222-4C0D-AFCC-723DFD369BFC}
		{CB573E57-FEF7-4FB0-8922-560A85D80F20} = {20B6C01B-ECE5-41C9-BB80-C3855476CBA7}
		{56A94CF2-5B95-459A-B623-716EEDAA18FC} = {20B6C01B-ECE5-41C9-BB80-C3855476CBA7}
		{74E94795-F4B7-4B8B-ABAE-695FEBC5B753} = {20B6C01B-ECE5-41C9-BB80-C3855476CBA7}
		{7FC1A925-CB31-4518-9952-F2F1F3DFA0B9} = {20B6C01B-ECE5-41C9-BB80-C3855476CBA7}
		{E5A5430F-60E8-44DE-9706-5CFFDD8B63E8} = {20B6C01B-ECE5-41C9-BB80-C3855476CBA7}
		{BEFA8A69-280B-4216-BA4D-412711C3EB9A} = {7D499A56-AA6C-4C36-AB6A-61FFAC167A08}
		{EA2B3B64-EF42-4E8F-B47A-1BB76969A415} = {7D499A56-AA6C-4C36-AB6A-61FFAC167A08}
		{3F4664F6-4E0E-4C2A-9B22-AE31E468D378} = {7D499A56-AA6C-4C36-AB6A-61FFAC167A08}
		{C63C99AD-93BF-4A15-BA4E-511D5DCF559B} = {7D499A56-AA6C-4C36-AB6A-61FFAC167A08}
		{356F1914-4F7F-44D8-8825-63BA82196446} = {7D499A56-AA6C-4C36-AB6A-61FFAC167A08}
		{337F9DCC-28A2-4594-B3A5-5D2AC759CCD2} = {7D499A56-AA6C-4C36-AB6A-61FFAC167A08}
		{05E1D2F5-F28B-4689-B607-33EA288125FF} = {20B6C01B-ECE5-41C9-BB80-C3855476CBA7}
		{FE90CEFF-9A38-4D76-8386-75EE282D61C1} = {123D7E8F-1CCF-4C0C-A8C5-3984B5EBD6A1}
		{68E19AF6-9631-4509-B846-E494B5852226} = {123D7E8F-1CCF-4C0C-A8C5-3984B5EBD6A1}
	EndGlobalSection
	GlobalSection(ExtensibilityGlobals) = postSolution
		SolutionGuid = {AE9959E3-F70E-4A8F-A865-CBCF8146EFC5}
	EndGlobalSection
EndGlobal
